<?xml version="1.0" encoding="utf-8"?>
<Project ToolsVersion="4.0" xmlns="http://schemas.microsoft.com/developer/msbuild/2003">
  <ItemGroup>
    <ClCompile Include="GraspScreenshots.cpp" />
  </ItemGroup>
  <ItemGroup>
    <Filter Include="Library Files">
      <UniqueIdentifier>{e7a81571-96f2-48f0-b3b6-7eb975596e4b}</UniqueIdentifier>
    </Filter>
  </ItemGroup>
  <ItemGroup>
    <Library Include="..\Lib\GLAUX.LIB">
      <Filter>Library Files</Filter>
    </Library>
    <Library Include="..\Lib\GLU32.LIB">
      <Filter>Library Files</Filter>
    </Library>
    <Library Include="..\Lib\glut32.lib">
      <Filter>Library Files</Filter>
    </Library>
    <Library Include="..\Lib\OPENGL32.LIB">
      <Filter>Library Files</Filter>
    </Library>
  </ItemGroup>
  <ItemGroup>
    <None Include="MakeCommScreenshots.bat.src" />
  </ItemGroup>
</Project>