<?xml version="1.0" encoding="utf-8"?>
<Project ToolsVersion="4.0" xmlns="http://schemas.microsoft.com/developer/msbuild/2003">
  <ItemGroup>
    <ClCompile Include="PsyPhyOculusDemo.cpp" />
    <ClCompile Include="PsyPhyRendering.cpp" />
  </ItemGroup>
  <ItemGroup>
    <ClInclude Include="TinyRoomSceneRenderer.h" />
  </ItemGroup>
  <ItemGroup>
    <Filter Include="Library Files">
      <UniqueIdentifier>{70802c64-6ca9-4aa4-854f-d3ef4139f460}</UniqueIdentifier>
    </Filter>
  </ItemGroup>
  <ItemGroup>
    <Library Include="..\Lib\GLAUX.LIB">
      <Filter>Library Files</Filter>
    </Library>
    <Library Include="..\Lib\GLU32.LIB">
      <Filter>Library Files</Filter>
    </Library>
    <Library Include="..\Lib\glut32.lib">
      <Filter>Library Files</Filter>
    </Library>
    <Library Include="..\Lib\OPENGL32.LIB">
      <Filter>Library Files</Filter>
    </Library>
    <Library Include="..\Lib\codaRTNetProtocol.lib">
      <Filter>Library Files</Filter>
    </Library>
  </ItemGroup>
  <ItemGroup>
    <None Include="..\..\PsyPhyOculusDemo.mrk" />
  </ItemGroup>
</Project>