<?xml version="1.0" encoding="utf-8"?>
<Project ToolsVersion="4.0" xmlns="http://schemas.microsoft.com/developer/msbuild/2003">
  <ItemGroup>
    <None Include="GraspDocumentation.mak" />
    <None Include="GraspGUIScreens.md" />
    <None Include="GraspDocumentation.release.mak" />
    <None Include="GraspDocumentation.debug.mak" />
    <None Include="GraspIntro.md" />
    <None Include="ManualManualInstructions.pdf">
      <Filter>PDF Output</Filter>
    </None>
    <None Include="VisualVisualScenes.pdf">
      <Filter>PDF Output</Filter>
    </None>
    <None Include="ManualManualScenes.pdf">
      <Filter>PDF Output</Filter>
    </None>
    <None Include="VisualManualInstructions.pdf">
      <Filter>PDF Output</Filter>
    </None>
    <None Include="VisualManualScenes.pdf">
      <Filter>PDF Output</Filter>
    </None>
    <None Include="VisualVisualInstructions.pdf">
      <Filter>PDF Output</Filter>
    </None>
    <None Include="AllGraspScreensForReview.pdf">
      <Filter>PDF Output</Filter>
    </None>
    <None Include="GraspGUIScreens.pdf">
      <Filter>PDF Output</Filter>
    </None>
    <None Include="GraspIntro.pdf">
      <Filter>PDF Output</Filter>
    </None>
    <None Include="GraspVRMessages.pdf">
      <Filter>PDF Output</Filter>
    </None>
    <None Include="InstallFloating.pdf">
      <Filter>PDF Output</Filter>
    </None>
    <None Include="InstallSeated.pdf">
      <Filter>PDF Output</Filter>
    </None>
    <None Include="ManualManualScenes.md" />
    <None Include="VisualManualScenes.md" />
    <None Include="VisualVisualScenes.md" />
    <None Include="GeneralInstructions.pdf">
      <Filter>PDF Output</Filter>
    </None>
    <None Include="GUIScreenshots\Alert.png">
      <Filter>GUIScreenshots</Filter>
    </None>
    <None Include="GUIScreenshots\BackNext.png">
      <Filter>GUIScreenshots</Filter>
    </None>
    <None Include="GUIScreenshots\BackSkipExecute.png">
      <Filter>GUIScreenshots</Filter>
    </None>
    <None Include="GUIScreenshots\ErrorCodeRestartIgnoreRetry.png">
      <Filter>GUIScreenshots</Filter>
    </None>
    <None Include="GUIScreenshots\Execute.png">
      <Filter>GUIScreenshots</Filter>
    </None>
    <None Include="GUIScreenshots\GraspTrackerDaemon.png">
      <Filter>GUIScreenshots</Filter>
    </None>
    <None Include="GUIScreenshots\HistoryDisplay.png">
      <Filter>GUIScreenshots</Filter>
    </None>
    <None Include="GUIScreenshots\Instruction.png">
      <Filter>GUIScreenshots</Filter>
    </None>
    <None Include="GUIScreenshots\Login.PNG">
      <Filter>GUIScreenshots</Filter>
    </None>
    <None Include="GUIScreenshots\OculusStartupCheck1.png">
      <Filter>GUIScreenshots</Filter>
    </None>
    <None Include="GUIScreenshots\OculusStartupCheck2.png">
      <Filter>GUIScreenshots</Filter>
    </None>
    <None Include="GUIScreenshots\SelectSubsession.png">
      <Filter>GUIScreenshots</Filter>
    </None>
    <None Include="GUIScreenshots\StartTask.png">
      <Filter>GUIScreenshots</Filter>
    </None>
    <None Include="GUIScreenshots\StatusDisplay.png">
      <Filter>GUIScreenshots</Filter>
    </None>
    <None Include="GUIScreenshots\Success.png">
      <Filter>GUIScreenshots</Filter>
    </None>
    <None Include="GUIScreenshots\TrackerAlignment.png">
      <Filter>GUIScreenshots</Filter>
    </None>
  </ItemGroup>
  <ItemGroup>
    <ClInclude Include="macros.h" />
  </ItemGroup>
  <ItemGroup>
    <Filter Include="PDF Output">
      <UniqueIdentifier>{a2d8b9e3-120b-4c43-a85c-42c1df635933}</UniqueIdentifier>
    </Filter>
    <Filter Include="GUIScreenshots">
      <UniqueIdentifier>{fa7b184a-05ed-482d-9bae-0ecf3beda071}</UniqueIdentifier>
    </Filter>
  </ItemGroup>
</Project>