<?xml version="1.0" encoding="utf-8"?>
<Project ToolsVersion="4.0" xmlns="http://schemas.microsoft.com/developer/msbuild/2003">
  <ItemGroup>
    <None Include="ReleaseGrasp.bat" />
    <None Include="..\..\GraspReleases.log" />
    <None Include="ReleaseGrasp.draft.mak" />
    <None Include="ReleaseGrasp.debug.mak" />
    <None Include="ReleaseGrasp.test.mak" />
    <None Include="ReleaseGrasp.training.mak" />
    <None Include="ReleaseGrasp.flight.mak" />
  </ItemGroup>
</Project>