
Microsoft Visual Studio Solution File, Format Version 11.00
# Visual C++ Express 2010
Project("{8BC9CEB8-8B4A-11D0-8D11-00A0C91BC942}") = "Useful", "Useful\Useful.vcxproj", "{9DCDABB9-8979-4EF4-9D74-10ED8C1D7A56}"
EndProject
Project("{8BC9CEB8-8B4A-11D0-8D11-00A0C91BC942}") = "VectorsMixin", "VectorsMixin\VectorsMixin.vcxproj", "{6565A1CE-B49E-4E86-A49E-C5080DF46B31}"
	ProjectSection(ProjectDependencies) = postProject
		{9DCDABB9-8979-4EF4-9D74-10ED8C1D7A56} = {9DCDABB9-8979-4EF4-9D74-10ED8C1D7A56}
	EndProjectSection
EndProject
Project("{8BC9CEB8-8B4A-11D0-8D11-00A0C91BC942}") = "OpenGLObjects", "OpenGLObjects\OpenGLObjects.vcxproj", "{8AFF76E8-B71A-4241-8142-ED248F243A5A}"
	ProjectSection(ProjectDependencies) = postProject
		{9DCDABB9-8979-4EF4-9D74-10ED8C1D7A56} = {9DCDABB9-8979-4EF4-9D74-10ED8C1D7A56}
		{6565A1CE-B49E-4E86-A49E-C5080DF46B31} = {6565A1CE-B49E-4E86-A49E-C5080DF46B31}
	EndProjectSection
EndProject
Project("{8BC9CEB8-8B4A-11D0-8D11-00A0C91BC942}") = "zTestOpenGLWindow", "TestOpenGLWindow\TestOpenGL.vcxproj", "{1E440AE3-5AAC-4A68-B0E2-37F4CB2BBA4A}"
EndProject
Project("{8BC9CEB8-8B4A-11D0-8D11-00A0C91BC942}") = "zTestOpenGLObjects", "TestOpenGLObjects\TestOpenGLObjects.vcxproj", "{4D956433-930D-4331-A512-93C7BD865CE5}"
EndProject
Project("{8BC9CEB8-8B4A-11D0-8D11-00A0C91BC942}") = "zOculusRoomTiny (GRASP)", "OculusRoomTiny (GRASP)\OculusRoomTiny (GL)\Projects\Windows\VS2010\OculusRoomTiny (GL).vcxproj", "{396D645E-3224-433C-AFBA-6EF6919A2214}"
EndProject
Project("{8BC9CEB8-8B4A-11D0-8D11-00A0C91BC942}") = "OculusInterface", "OculusInterface\OculusInterface.vcxproj", "{44EC28D5-22D2-414A-9F40-1BF29EF832D9}"
EndProject
Project("{8BC9CEB8-8B4A-11D0-8D11-00A0C91BC942}") = "Trackers", "Trackers\Trackers.vcxproj", "{964BBD65-C198-4A02-8255-349803BDB59D}"
EndProject
Project("{8BC9CEB8-8B4A-11D0-8D11-00A0C91BC942}") = "CreateRigidBodyModelFile", "CreateRigidBodyModelFile\CreateRigidBodyModelFile.vcxproj", "{A80917F9-EF9D-4B0A-AA31-ACAEE6BD26E2}"
EndProject
Project("{8BC9CEB8-8B4A-11D0-8D11-00A0C91BC942}") = "GraspGUI", "GraspGUI\GraspGUI.vcxproj", "{41BBF00C-DF99-4192-A876-D57C22ECFD53}"
EndProject
Project("{8BC9CEB8-8B4A-11D0-8D11-00A0C91BC942}") = "CharnwoodAlignment", "CharnwoodAlignment\CharnwoodAlignment.vcxproj", "{BA718EC0-44BD-4821-871B-0A35A77E3251}"
EndProject
Project("{8BC9CEB8-8B4A-11D0-8D11-00A0C91BC942}") = "CodaVisibility", "CodaVisibility\CodaVisibility.vcxproj", "{C5CC589F-3534-4691-8772-BB74742F58B5}"
EndProject
Project("{8BC9CEB8-8B4A-11D0-8D11-00A0C91BC942}") = "HTMLExperiment", "HTMLExperiment\HTMLExperiment.vcxproj", "{DF6858A7-4A03-440A-AB41-11CC74EFC396}"
EndProject
Project("{8BC9CEB8-8B4A-11D0-8D11-00A0C91BC942}") = "PsyPhyOculusDemo", "PsyPhyOculusDemo\PsyPhyOculusDemo.vcxproj", "{92626B0E-65F3-4CAA-927C-3246D766C7BE}"
EndProject
Project("{8BC9CEB8-8B4A-11D0-8D11-00A0C91BC942}") = "CodalessOculusDemo", "CodalessOculusDemo\CodalessOculusDemo.vcxproj", "{B568B9C8-5E8F-4A05-AB45-79CE7F8271D8}"
EndProject
Project("{8BC9CEB8-8B4A-11D0-8D11-00A0C91BC942}") = "SimpleChild", "SimpleChild\SimpleChild.vcxproj", "{8B7A559E-2C00-4DE9-9B5D-975075883526}"
EndProject
Project("{8BC9CEB8-8B4A-11D0-8D11-00A0C91BC942}") = "GraspVR", "GraspVR\GraspVR.vcxproj", "{266170C2-0878-422F-A262-D1023C084B26}"
EndProject
Project("{8BC9CEB8-8B4A-11D0-8D11-00A0C91BC942}") = "Grasp", "Grasp\Grasp.vcxproj", "{423DBCDB-EB88-4CFF-9B04-D863F2BDE835}"
EndProject
Project("{8BC9CEB8-8B4A-11D0-8D11-00A0C91BC942}") = "xTestGraspGLObjects", "TestGraspGLObjects\TestGraspGLObjects.vcxproj", "{6F8E2FE1-CEC7-4DF5-A189-B0E812A4B399}"
EndProject
Project("{8BC9CEB8-8B4A-11D0-8D11-00A0C91BC942}") = "GraspInstructionTypesetting", "GraspInstructionTypesetting\GraspInstructionTypesetting.vcxproj", "{F238FC55-FF73-4094-8BDE-F14A39B1DB0A}"
EndProject
Project("{8BC9CEB8-8B4A-11D0-8D11-00A0C91BC942}") = "zzGraspGUIBnW", "GraspGUIBellsAndWhistles\GraspGUIBnW.vcxproj", "{B487A9CA-0F57-426C-B2C5-A4FE3DC49C2C}"
EndProject
Project("{8BC9CEB8-8B4A-11D0-8D11-00A0C91BC942}") = "GraspScripts", "GraspScripts\GraspScripts.vcxproj", "{06FB1C1D-0FE6-4FB8-91B1-7DDDA4165782}"
EndProject
Project("{8BC9CEB8-8B4A-11D0-8D11-00A0C91BC942}") = "TaskProcessUnitTester", "TaskProcessUnitTester\TaskProcessUnitTester.vcxproj", "{13F2B16B-AE29-4CB4-9D50-0B6B9CE94738}"
EndProject
Project("{8BC9CEB8-8B4A-11D0-8D11-00A0C91BC942}") = "AlignToRigidBody", "AlignToRigidBody\AlignToRigidBody.vcxproj", "{2229366E-D549-4CB7-B0CD-483FEB80276E}"
EndProject
Project("{8BC9CEB8-8B4A-11D0-8D11-00A0C91BC942}") = "AlignToRigidBodyGUI", "AlignToRigidBodyGUI\AlignToRigidBodyGUI.vcxproj", "{A924A357-A3F0-4A47-A8B7-CBCF3FE6E3B0}"
EndProject
Global
	GlobalSection(SolutionConfigurationPlatforms) = preSolution
		Debug|Win32 = Debug|Win32
		DebugStatic|Win32 = DebugStatic|Win32
		Release|Win32 = Release|Win32
		ReleaseStatic|Win32 = ReleaseStatic|Win32
	EndGlobalSection
	GlobalSection(ProjectConfigurationPlatforms) = postSolution
		{9DCDABB9-8979-4EF4-9D74-10ED8C1D7A56}.Debug|Win32.ActiveCfg = Debug|Win32
		{9DCDABB9-8979-4EF4-9D74-10ED8C1D7A56}.Debug|Win32.Build.0 = Debug|Win32
		{9DCDABB9-8979-4EF4-9D74-10ED8C1D7A56}.DebugStatic|Win32.ActiveCfg = Debug|Win32
		{9DCDABB9-8979-4EF4-9D74-10ED8C1D7A56}.DebugStatic|Win32.Build.0 = Debug|Win32
		{9DCDABB9-8979-4EF4-9D74-10ED8C1D7A56}.Release|Win32.ActiveCfg = Release|Win32
		{9DCDABB9-8979-4EF4-9D74-10ED8C1D7A56}.Release|Win32.Build.0 = Release|Win32
		{9DCDABB9-8979-4EF4-9D74-10ED8C1D7A56}.ReleaseStatic|Win32.ActiveCfg = Release|Win32
		{9DCDABB9-8979-4EF4-9D74-10ED8C1D7A56}.ReleaseStatic|Win32.Build.0 = Release|Win32
		{6565A1CE-B49E-4E86-A49E-C5080DF46B31}.Debug|Win32.ActiveCfg = Debug|Win32
		{6565A1CE-B49E-4E86-A49E-C5080DF46B31}.Debug|Win32.Build.0 = Debug|Win32
		{6565A1CE-B49E-4E86-A49E-C5080DF46B31}.DebugStatic|Win32.ActiveCfg = Debug|Win32
		{6565A1CE-B49E-4E86-A49E-C5080DF46B31}.DebugStatic|Win32.Build.0 = Debug|Win32
		{6565A1CE-B49E-4E86-A49E-C5080DF46B31}.Release|Win32.ActiveCfg = Release|Win32
		{6565A1CE-B49E-4E86-A49E-C5080DF46B31}.Release|Win32.Build.0 = Release|Win32
		{6565A1CE-B49E-4E86-A49E-C5080DF46B31}.ReleaseStatic|Win32.ActiveCfg = Release|Win32
		{6565A1CE-B49E-4E86-A49E-C5080DF46B31}.ReleaseStatic|Win32.Build.0 = Release|Win32
		{8AFF76E8-B71A-4241-8142-ED248F243A5A}.Debug|Win32.ActiveCfg = Debug|Win32
		{8AFF76E8-B71A-4241-8142-ED248F243A5A}.Debug|Win32.Build.0 = Debug|Win32
		{8AFF76E8-B71A-4241-8142-ED248F243A5A}.DebugStatic|Win32.ActiveCfg = Debug|Win32
		{8AFF76E8-B71A-4241-8142-ED248F243A5A}.DebugStatic|Win32.Build.0 = Debug|Win32
		{8AFF76E8-B71A-4241-8142-ED248F243A5A}.Release|Win32.ActiveCfg = Release|Win32
		{8AFF76E8-B71A-4241-8142-ED248F243A5A}.Release|Win32.Build.0 = Release|Win32
		{8AFF76E8-B71A-4241-8142-ED248F243A5A}.ReleaseStatic|Win32.ActiveCfg = Release|Win32
		{8AFF76E8-B71A-4241-8142-ED248F243A5A}.ReleaseStatic|Win32.Build.0 = Release|Win32
		{1E440AE3-5AAC-4A68-B0E2-37F4CB2BBA4A}.Debug|Win32.ActiveCfg = Debug|Win32
		{1E440AE3-5AAC-4A68-B0E2-37F4CB2BBA4A}.Debug|Win32.Build.0 = Debug|Win32
		{1E440AE3-5AAC-4A68-B0E2-37F4CB2BBA4A}.DebugStatic|Win32.ActiveCfg = Debug|Win32
		{1E440AE3-5AAC-4A68-B0E2-37F4CB2BBA4A}.DebugStatic|Win32.Build.0 = Debug|Win32
		{1E440AE3-5AAC-4A68-B0E2-37F4CB2BBA4A}.Release|Win32.ActiveCfg = Release|Win32
		{1E440AE3-5AAC-4A68-B0E2-37F4CB2BBA4A}.Release|Win32.Build.0 = Release|Win32
		{1E440AE3-5AAC-4A68-B0E2-37F4CB2BBA4A}.ReleaseStatic|Win32.ActiveCfg = Release|Win32
		{1E440AE3-5AAC-4A68-B0E2-37F4CB2BBA4A}.ReleaseStatic|Win32.Build.0 = Release|Win32
		{4D956433-930D-4331-A512-93C7BD865CE5}.Debug|Win32.ActiveCfg = Debug|Win32
		{4D956433-930D-4331-A512-93C7BD865CE5}.Debug|Win32.Build.0 = Debug|Win32
		{4D956433-930D-4331-A512-93C7BD865CE5}.DebugStatic|Win32.ActiveCfg = Debug|Win32
		{4D956433-930D-4331-A512-93C7BD865CE5}.DebugStatic|Win32.Build.0 = Debug|Win32
		{4D956433-930D-4331-A512-93C7BD865CE5}.Release|Win32.ActiveCfg = Release|Win32
		{4D956433-930D-4331-A512-93C7BD865CE5}.Release|Win32.Build.0 = Release|Win32
		{4D956433-930D-4331-A512-93C7BD865CE5}.ReleaseStatic|Win32.ActiveCfg = Release|Win32
		{4D956433-930D-4331-A512-93C7BD865CE5}.ReleaseStatic|Win32.Build.0 = Release|Win32
		{396D645E-3224-433C-AFBA-6EF6919A2214}.Debug|Win32.ActiveCfg = Debug|Win32
		{396D645E-3224-433C-AFBA-6EF6919A2214}.Debug|Win32.Build.0 = Debug|Win32
		{396D645E-3224-433C-AFBA-6EF6919A2214}.DebugStatic|Win32.ActiveCfg = Debug|Win32
		{396D645E-3224-433C-AFBA-6EF6919A2214}.DebugStatic|Win32.Build.0 = Debug|Win32
		{396D645E-3224-433C-AFBA-6EF6919A2214}.Release|Win32.ActiveCfg = Release|Win32
		{396D645E-3224-433C-AFBA-6EF6919A2214}.Release|Win32.Build.0 = Release|Win32
		{396D645E-3224-433C-AFBA-6EF6919A2214}.ReleaseStatic|Win32.ActiveCfg = Release|Win32
		{396D645E-3224-433C-AFBA-6EF6919A2214}.ReleaseStatic|Win32.Build.0 = Release|Win32
		{44EC28D5-22D2-414A-9F40-1BF29EF832D9}.Debug|Win32.ActiveCfg = Debug|Win32
		{44EC28D5-22D2-414A-9F40-1BF29EF832D9}.Debug|Win32.Build.0 = Debug|Win32
		{44EC28D5-22D2-414A-9F40-1BF29EF832D9}.DebugStatic|Win32.ActiveCfg = Debug|Win32
		{44EC28D5-22D2-414A-9F40-1BF29EF832D9}.DebugStatic|Win32.Build.0 = Debug|Win32
		{44EC28D5-22D2-414A-9F40-1BF29EF832D9}.Release|Win32.ActiveCfg = Release|Win32
		{44EC28D5-22D2-414A-9F40-1BF29EF832D9}.Release|Win32.Build.0 = Release|Win32
		{44EC28D5-22D2-414A-9F40-1BF29EF832D9}.ReleaseStatic|Win32.ActiveCfg = Release|Win32
		{44EC28D5-22D2-414A-9F40-1BF29EF832D9}.ReleaseStatic|Win32.Build.0 = Release|Win32
		{964BBD65-C198-4A02-8255-349803BDB59D}.Debug|Win32.ActiveCfg = Debug|Win32
		{964BBD65-C198-4A02-8255-349803BDB59D}.Debug|Win32.Build.0 = Debug|Win32
		{964BBD65-C198-4A02-8255-349803BDB59D}.DebugStatic|Win32.ActiveCfg = Debug|Win32
		{964BBD65-C198-4A02-8255-349803BDB59D}.DebugStatic|Win32.Build.0 = Debug|Win32
		{964BBD65-C198-4A02-8255-349803BDB59D}.Release|Win32.ActiveCfg = Release|Win32
		{964BBD65-C198-4A02-8255-349803BDB59D}.Release|Win32.Build.0 = Release|Win32
		{964BBD65-C198-4A02-8255-349803BDB59D}.ReleaseStatic|Win32.ActiveCfg = Release|Win32
		{964BBD65-C198-4A02-8255-349803BDB59D}.ReleaseStatic|Win32.Build.0 = Release|Win32
		{A80917F9-EF9D-4B0A-AA31-ACAEE6BD26E2}.Debug|Win32.ActiveCfg = Debug|Win32
		{A80917F9-EF9D-4B0A-AA31-ACAEE6BD26E2}.Debug|Win32.Build.0 = Debug|Win32
		{A80917F9-EF9D-4B0A-AA31-ACAEE6BD26E2}.DebugStatic|Win32.ActiveCfg = Debug|Win32
		{A80917F9-EF9D-4B0A-AA31-ACAEE6BD26E2}.DebugStatic|Win32.Build.0 = Debug|Win32
		{A80917F9-EF9D-4B0A-AA31-ACAEE6BD26E2}.Release|Win32.ActiveCfg = Release|Win32
		{A80917F9-EF9D-4B0A-AA31-ACAEE6BD26E2}.Release|Win32.Build.0 = Release|Win32
		{A80917F9-EF9D-4B0A-AA31-ACAEE6BD26E2}.ReleaseStatic|Win32.ActiveCfg = Release|Win32
		{A80917F9-EF9D-4B0A-AA31-ACAEE6BD26E2}.ReleaseStatic|Win32.Build.0 = Release|Win32
		{41BBF00C-DF99-4192-A876-D57C22ECFD53}.Debug|Win32.ActiveCfg = Debug|Win32
		{41BBF00C-DF99-4192-A876-D57C22ECFD53}.Debug|Win32.Build.0 = Debug|Win32
		{41BBF00C-DF99-4192-A876-D57C22ECFD53}.DebugStatic|Win32.ActiveCfg = Debug|Win32
		{41BBF00C-DF99-4192-A876-D57C22ECFD53}.DebugStatic|Win32.Build.0 = Debug|Win32
		{41BBF00C-DF99-4192-A876-D57C22ECFD53}.Release|Win32.ActiveCfg = Release|Win32
		{41BBF00C-DF99-4192-A876-D57C22ECFD53}.Release|Win32.Build.0 = Release|Win32
		{41BBF00C-DF99-4192-A876-D57C22ECFD53}.ReleaseStatic|Win32.ActiveCfg = Release|Win32
		{41BBF00C-DF99-4192-A876-D57C22ECFD53}.ReleaseStatic|Win32.Build.0 = Release|Win32
		{BA718EC0-44BD-4821-871B-0A35A77E3251}.Debug|Win32.ActiveCfg = Debug|Win32
		{BA718EC0-44BD-4821-871B-0A35A77E3251}.Debug|Win32.Build.0 = Debug|Win32
		{BA718EC0-44BD-4821-871B-0A35A77E3251}.DebugStatic|Win32.ActiveCfg = Debug|Win32
		{BA718EC0-44BD-4821-871B-0A35A77E3251}.DebugStatic|Win32.Build.0 = Debug|Win32
		{BA718EC0-44BD-4821-871B-0A35A77E3251}.Release|Win32.ActiveCfg = Release|Win32
		{BA718EC0-44BD-4821-871B-0A35A77E3251}.Release|Win32.Build.0 = Release|Win32
		{BA718EC0-44BD-4821-871B-0A35A77E3251}.ReleaseStatic|Win32.ActiveCfg = Release|Win32
		{BA718EC0-44BD-4821-871B-0A35A77E3251}.ReleaseStatic|Win32.Build.0 = Release|Win32
		{C5CC589F-3534-4691-8772-BB74742F58B5}.Debug|Win32.ActiveCfg = Debug|Win32
		{C5CC589F-3534-4691-8772-BB74742F58B5}.Debug|Win32.Build.0 = Debug|Win32
		{C5CC589F-3534-4691-8772-BB74742F58B5}.DebugStatic|Win32.ActiveCfg = Debug|Win32
		{C5CC589F-3534-4691-8772-BB74742F58B5}.DebugStatic|Win32.Build.0 = Debug|Win32
		{C5CC589F-3534-4691-8772-BB74742F58B5}.Release|Win32.ActiveCfg = Release|Win32
		{C5CC589F-3534-4691-8772-BB74742F58B5}.Release|Win32.Build.0 = Release|Win32
		{C5CC589F-3534-4691-8772-BB74742F58B5}.ReleaseStatic|Win32.ActiveCfg = Release|Win32
		{C5CC589F-3534-4691-8772-BB74742F58B5}.ReleaseStatic|Win32.Build.0 = Release|Win32
		{DF6858A7-4A03-440A-AB41-11CC74EFC396}.Debug|Win32.ActiveCfg = Debug|Win32
		{DF6858A7-4A03-440A-AB41-11CC74EFC396}.Debug|Win32.Build.0 = Debug|Win32
		{DF6858A7-4A03-440A-AB41-11CC74EFC396}.DebugStatic|Win32.ActiveCfg = Debug|Win32
		{DF6858A7-4A03-440A-AB41-11CC74EFC396}.DebugStatic|Win32.Build.0 = Debug|Win32
		{DF6858A7-4A03-440A-AB41-11CC74EFC396}.Release|Win32.ActiveCfg = Release|Win32
		{DF6858A7-4A03-440A-AB41-11CC74EFC396}.Release|Win32.Build.0 = Release|Win32
		{DF6858A7-4A03-440A-AB41-11CC74EFC396}.ReleaseStatic|Win32.ActiveCfg = Release|Win32
		{DF6858A7-4A03-440A-AB41-11CC74EFC396}.ReleaseStatic|Win32.Build.0 = Release|Win32
		{92626B0E-65F3-4CAA-927C-3246D766C7BE}.Debug|Win32.ActiveCfg = Debug|Win32
		{92626B0E-65F3-4CAA-927C-3246D766C7BE}.Debug|Win32.Build.0 = Debug|Win32
		{92626B0E-65F3-4CAA-927C-3246D766C7BE}.DebugStatic|Win32.ActiveCfg = Debug|Win32
		{92626B0E-65F3-4CAA-927C-3246D766C7BE}.DebugStatic|Win32.Build.0 = Debug|Win32
		{92626B0E-65F3-4CAA-927C-3246D766C7BE}.Release|Win32.ActiveCfg = Release|Win32
		{92626B0E-65F3-4CAA-927C-3246D766C7BE}.Release|Win32.Build.0 = Release|Win32
		{92626B0E-65F3-4CAA-927C-3246D766C7BE}.ReleaseStatic|Win32.ActiveCfg = Release|Win32
		{92626B0E-65F3-4CAA-927C-3246D766C7BE}.ReleaseStatic|Win32.Build.0 = Release|Win32
		{B568B9C8-5E8F-4A05-AB45-79CE7F8271D8}.Debug|Win32.ActiveCfg = Debug|Win32
		{B568B9C8-5E8F-4A05-AB45-79CE7F8271D8}.Debug|Win32.Build.0 = Debug|Win32
		{B568B9C8-5E8F-4A05-AB45-79CE7F8271D8}.DebugStatic|Win32.ActiveCfg = Debug|Win32
		{B568B9C8-5E8F-4A05-AB45-79CE7F8271D8}.DebugStatic|Win32.Build.0 = Debug|Win32
		{B568B9C8-5E8F-4A05-AB45-79CE7F8271D8}.Release|Win32.ActiveCfg = Release|Win32
		{B568B9C8-5E8F-4A05-AB45-79CE7F8271D8}.Release|Win32.Build.0 = Release|Win32
		{B568B9C8-5E8F-4A05-AB45-79CE7F8271D8}.ReleaseStatic|Win32.ActiveCfg = Release|Win32
		{B568B9C8-5E8F-4A05-AB45-79CE7F8271D8}.ReleaseStatic|Win32.Build.0 = Release|Win32
		{8B7A559E-2C00-4DE9-9B5D-975075883526}.Debug|Win32.ActiveCfg = Debug|Win32
		{8B7A559E-2C00-4DE9-9B5D-975075883526}.Debug|Win32.Build.0 = Debug|Win32
		{8B7A559E-2C00-4DE9-9B5D-975075883526}.DebugStatic|Win32.ActiveCfg = Debug|Win32
		{8B7A559E-2C00-4DE9-9B5D-975075883526}.DebugStatic|Win32.Build.0 = Debug|Win32
		{8B7A559E-2C00-4DE9-9B5D-975075883526}.Release|Win32.ActiveCfg = Release|Win32
		{8B7A559E-2C00-4DE9-9B5D-975075883526}.Release|Win32.Build.0 = Release|Win32
		{8B7A559E-2C00-4DE9-9B5D-975075883526}.ReleaseStatic|Win32.ActiveCfg = Release|Win32
		{8B7A559E-2C00-4DE9-9B5D-975075883526}.ReleaseStatic|Win32.Build.0 = Release|Win32
		{266170C2-0878-422F-A262-D1023C084B26}.Debug|Win32.ActiveCfg = Debug|Win32
		{266170C2-0878-422F-A262-D1023C084B26}.Debug|Win32.Build.0 = Debug|Win32
		{266170C2-0878-422F-A262-D1023C084B26}.DebugStatic|Win32.ActiveCfg = Debug|Win32
		{266170C2-0878-422F-A262-D1023C084B26}.DebugStatic|Win32.Build.0 = Debug|Win32
		{266170C2-0878-422F-A262-D1023C084B26}.Release|Win32.ActiveCfg = Release|Win32
		{266170C2-0878-422F-A262-D1023C084B26}.Release|Win32.Build.0 = Release|Win32
		{266170C2-0878-422F-A262-D1023C084B26}.ReleaseStatic|Win32.ActiveCfg = Release|Win32
		{266170C2-0878-422F-A262-D1023C084B26}.ReleaseStatic|Win32.Build.0 = Release|Win32
		{423DBCDB-EB88-4CFF-9B04-D863F2BDE835}.Debug|Win32.ActiveCfg = Debug|Win32
		{423DBCDB-EB88-4CFF-9B04-D863F2BDE835}.Debug|Win32.Build.0 = Debug|Win32
		{423DBCDB-EB88-4CFF-9B04-D863F2BDE835}.DebugStatic|Win32.ActiveCfg = Debug|Win32
		{423DBCDB-EB88-4CFF-9B04-D863F2BDE835}.DebugStatic|Win32.Build.0 = Debug|Win32
		{423DBCDB-EB88-4CFF-9B04-D863F2BDE835}.Release|Win32.ActiveCfg = Release|Win32
		{423DBCDB-EB88-4CFF-9B04-D863F2BDE835}.Release|Win32.Build.0 = Release|Win32
		{423DBCDB-EB88-4CFF-9B04-D863F2BDE835}.ReleaseStatic|Win32.ActiveCfg = Release|Win32
		{423DBCDB-EB88-4CFF-9B04-D863F2BDE835}.ReleaseStatic|Win32.Build.0 = Release|Win32
		{6F8E2FE1-CEC7-4DF5-A189-B0E812A4B399}.Debug|Win32.ActiveCfg = Debug|Win32
		{6F8E2FE1-CEC7-4DF5-A189-B0E812A4B399}.Debug|Win32.Build.0 = Debug|Win32
		{6F8E2FE1-CEC7-4DF5-A189-B0E812A4B399}.DebugStatic|Win32.ActiveCfg = Debug|Win32
		{6F8E2FE1-CEC7-4DF5-A189-B0E812A4B399}.DebugStatic|Win32.Build.0 = Debug|Win32
		{6F8E2FE1-CEC7-4DF5-A189-B0E812A4B399}.Release|Win32.ActiveCfg = Release|Win32
		{6F8E2FE1-CEC7-4DF5-A189-B0E812A4B399}.Release|Win32.Build.0 = Release|Win32
		{6F8E2FE1-CEC7-4DF5-A189-B0E812A4B399}.ReleaseStatic|Win32.ActiveCfg = Release|Win32
		{6F8E2FE1-CEC7-4DF5-A189-B0E812A4B399}.ReleaseStatic|Win32.Build.0 = Release|Win32
		{F238FC55-FF73-4094-8BDE-F14A39B1DB0A}.Debug|Win32.ActiveCfg = Debug|Win32
		{F238FC55-FF73-4094-8BDE-F14A39B1DB0A}.Debug|Win32.Build.0 = Debug|Win32
		{F238FC55-FF73-4094-8BDE-F14A39B1DB0A}.DebugStatic|Win32.ActiveCfg = Debug|Win32
		{F238FC55-FF73-4094-8BDE-F14A39B1DB0A}.DebugStatic|Win32.Build.0 = Debug|Win32
		{F238FC55-FF73-4094-8BDE-F14A39B1DB0A}.Release|Win32.ActiveCfg = Release|Win32
		{F238FC55-FF73-4094-8BDE-F14A39B1DB0A}.Release|Win32.Build.0 = Release|Win32
		{F238FC55-FF73-4094-8BDE-F14A39B1DB0A}.ReleaseStatic|Win32.ActiveCfg = Release|Win32
		{F238FC55-FF73-4094-8BDE-F14A39B1DB0A}.ReleaseStatic|Win32.Build.0 = Release|Win32
		{B487A9CA-0F57-426C-B2C5-A4FE3DC49C2C}.Debug|Win32.ActiveCfg = Debug|Win32
		{B487A9CA-0F57-426C-B2C5-A4FE3DC49C2C}.Debug|Win32.Build.0 = Debug|Win32
		{B487A9CA-0F57-426C-B2C5-A4FE3DC49C2C}.DebugStatic|Win32.ActiveCfg = Debug|Win32
		{B487A9CA-0F57-426C-B2C5-A4FE3DC49C2C}.DebugStatic|Win32.Build.0 = Debug|Win32
		{B487A9CA-0F57-426C-B2C5-A4FE3DC49C2C}.Release|Win32.ActiveCfg = Release|Win32
		{B487A9CA-0F57-426C-B2C5-A4FE3DC49C2C}.Release|Win32.Build.0 = Release|Win32
		{B487A9CA-0F57-426C-B2C5-A4FE3DC49C2C}.ReleaseStatic|Win32.ActiveCfg = Release|Win32
		{B487A9CA-0F57-426C-B2C5-A4FE3DC49C2C}.ReleaseStatic|Win32.Build.0 = Release|Win32
		{06FB1C1D-0FE6-4FB8-91B1-7DDDA4165782}.Debug|Win32.ActiveCfg = Debug|Win32
		{06FB1C1D-0FE6-4FB8-91B1-7DDDA4165782}.Debug|Win32.Build.0 = Debug|Win32
		{06FB1C1D-0FE6-4FB8-91B1-7DDDA4165782}.DebugStatic|Win32.ActiveCfg = Debug|Win32
		{06FB1C1D-0FE6-4FB8-91B1-7DDDA4165782}.DebugStatic|Win32.Build.0 = Debug|Win32
		{06FB1C1D-0FE6-4FB8-91B1-7DDDA4165782}.Release|Win32.ActiveCfg = Release|Win32
		{06FB1C1D-0FE6-4FB8-91B1-7DDDA4165782}.Release|Win32.Build.0 = Release|Win32
		{06FB1C1D-0FE6-4FB8-91B1-7DDDA4165782}.ReleaseStatic|Win32.ActiveCfg = Release|Win32
		{06FB1C1D-0FE6-4FB8-91B1-7DDDA4165782}.ReleaseStatic|Win32.Build.0 = Release|Win32
		{13F2B16B-AE29-4CB4-9D50-0B6B9CE94738}.Debug|Win32.ActiveCfg = Debug|Win32
		{13F2B16B-AE29-4CB4-9D50-0B6B9CE94738}.Debug|Win32.Build.0 = Debug|Win32
		{13F2B16B-AE29-4CB4-9D50-0B6B9CE94738}.DebugStatic|Win32.ActiveCfg = Debug|Win32
		{13F2B16B-AE29-4CB4-9D50-0B6B9CE94738}.DebugStatic|Win32.Build.0 = Debug|Win32
		{13F2B16B-AE29-4CB4-9D50-0B6B9CE94738}.Release|Win32.ActiveCfg = Release|Win32
		{13F2B16B-AE29-4CB4-9D50-0B6B9CE94738}.Release|Win32.Build.0 = Release|Win32
		{13F2B16B-AE29-4CB4-9D50-0B6B9CE94738}.ReleaseStatic|Win32.ActiveCfg = Release|Win32
		{13F2B16B-AE29-4CB4-9D50-0B6B9CE94738}.ReleaseStatic|Win32.Build.0 = Release|Win32
		{2229366E-D549-4CB7-B0CD-483FEB80276E}.Debug|Win32.ActiveCfg = Debug|Win32
		{2229366E-D549-4CB7-B0CD-483FEB80276E}.Debug|Win32.Build.0 = Debug|Win32
		{2229366E-D549-4CB7-B0CD-483FEB80276E}.DebugStatic|Win32.ActiveCfg = Debug|Win32
		{2229366E-D549-4CB7-B0CD-483FEB80276E}.DebugStatic|Win32.Build.0 = Debug|Win32
		{2229366E-D549-4CB7-B0CD-483FEB80276E}.Release|Win32.ActiveCfg = Release|Win32
		{2229366E-D549-4CB7-B0CD-483FEB80276E}.Release|Win32.Build.0 = Release|Win32
		{2229366E-D549-4CB7-B0CD-483FEB80276E}.ReleaseStatic|Win32.ActiveCfg = Release|Win32
		{2229366E-D549-4CB7-B0CD-483FEB80276E}.ReleaseStatic|Win32.Build.0 = Release|Win32
		{A924A357-A3F0-4A47-A8B7-CBCF3FE6E3B0}.Debug|Win32.ActiveCfg = Debug|Win32
		{A924A357-A3F0-4A47-A8B7-CBCF3FE6E3B0}.Debug|Win32.Build.0 = Debug|Win32
		{A924A357-A3F0-4A47-A8B7-CBCF3FE6E3B0}.DebugStatic|Win32.ActiveCfg = Debug|Win32
		{A924A357-A3F0-4A47-A8B7-CBCF3FE6E3B0}.DebugStatic|Win32.Build.0 = Debug|Win32
		{A924A357-A3F0-4A47-A8B7-CBCF3FE6E3B0}.Release|Win32.ActiveCfg = Release|Win32
		{A924A357-A3F0-4A47-A8B7-CBCF3FE6E3B0}.Release|Win32.Build.0 = Release|Win32
		{A924A357-A3F0-4A47-A8B7-CBCF3FE6E3B0}.ReleaseStatic|Win32.ActiveCfg = Release|Win32
		{A924A357-A3F0-4A47-A8B7-CBCF3FE6E3B0}.ReleaseStatic|Win32.Build.0 = Release|Win32
	EndGlobalSection
	GlobalSection(SolutionProperties) = preSolution
		HideSolutionNode = FALSE
	EndGlobalSection
EndGlobal
