
Microsoft Visual Studio Solution File, Format Version 11.00
# Visual C++ Express 2010
Project("{8BC9CEB8-8B4A-11D0-8D11-00A0C91BC942}") = "Useful", "Useful\Useful.vcxproj", "{9DCDABB9-8979-4EF4-9D74-10ED8C1D7A56}"
EndProject
Project("{8BC9CEB8-8B4A-11D0-8D11-00A0C91BC942}") = "VectorsMixin", "VectorsMixin\VectorsMixin.vcxproj", "{6565A1CE-B49E-4E86-A49E-C5080DF46B31}"
	ProjectSection(ProjectDependencies) = postProject
		{9DCDABB9-8979-4EF4-9D74-10ED8C1D7A56} = {9DCDABB9-8979-4EF4-9D74-10ED8C1D7A56}
	EndProjectSection
EndProject
Project("{8BC9CEB8-8B4A-11D0-8D11-00A0C91BC942}") = "OpenGLObjects", "OpenGLObjects\OpenGLObjects.vcxproj", "{8AFF76E8-B71A-4241-8142-ED248F243A5A}"
	ProjectSection(ProjectDependencies) = postProject
		{9DCDABB9-8979-4EF4-9D74-10ED8C1D7A56} = {9DCDABB9-8979-4EF4-9D74-10ED8C1D7A56}
		{6565A1CE-B49E-4E86-A49E-C5080DF46B31} = {6565A1CE-B49E-4E86-A49E-C5080DF46B31}
	EndProjectSection
EndProject
Project("{8BC9CEB8-8B4A-11D0-8D11-00A0C91BC942}") = "zTestOpenGLWindow", "TestOpenGLWindow\TestOpenGL.vcxproj", "{1E440AE3-5AAC-4A68-B0E2-37F4CB2BBA4A}"
EndProject
Project("{8BC9CEB8-8B4A-11D0-8D11-00A0C91BC942}") = "zTestOpenGLObjects", "TestOpenGLObjects\TestOpenGLObjects.vcxproj", "{4D956433-930D-4331-A512-93C7BD865CE5}"
EndProject
Project("{8BC9CEB8-8B4A-11D0-8D11-00A0C91BC942}") = "OculusInterface", "OculusInterface\OculusInterface.vcxproj", "{44EC28D5-22D2-414A-9F40-1BF29EF832D9}"
EndProject
Project("{8BC9CEB8-8B4A-11D0-8D11-00A0C91BC942}") = "Trackers", "Trackers\Trackers.vcxproj", "{964BBD65-C198-4A02-8255-349803BDB59D}"
EndProject
Project("{8BC9CEB8-8B4A-11D0-8D11-00A0C91BC942}") = "CreateRigidBodyModelFile", "CreateRigidBodyModelFile\CreateRigidBodyModelFile.vcxproj", "{A80917F9-EF9D-4B0A-AA31-ACAEE6BD26E2}"
EndProject
Project("{8BC9CEB8-8B4A-11D0-8D11-00A0C91BC942}") = "GraspGUI", "GraspGUI\GraspGUI.vcxproj", "{41BBF00C-DF99-4192-A876-D57C22ECFD53}"
EndProject
Project("{8BC9CEB8-8B4A-11D0-8D11-00A0C91BC942}") = "CharnwoodAlignment", "CharnwoodAlignment\CharnwoodAlignment.vcxproj", "{BA718EC0-44BD-4821-871B-0A35A77E3251}"
EndProject
Project("{8BC9CEB8-8B4A-11D0-8D11-00A0C91BC942}") = "CodaVisibility", "CodaVisibility\CodaVisibility.vcxproj", "{C5CC589F-3534-4691-8772-BB74742F58B5}"
EndProject
Project("{8BC9CEB8-8B4A-11D0-8D11-00A0C91BC942}") = "HTMLExperiment", "HTMLExperiment\HTMLExperiment.vcxproj", "{DF6858A7-4A03-440A-AB41-11CC74EFC396}"
EndProject
Project("{8BC9CEB8-8B4A-11D0-8D11-00A0C91BC942}") = "PsyPhyOculusDemo", "PsyPhyOculusDemo\PsyPhyOculusDemo.vcxproj", "{92626B0E-65F3-4CAA-927C-3246D766C7BE}"
EndProject
Project("{8BC9CEB8-8B4A-11D0-8D11-00A0C91BC942}") = "CodalessOculusDemo", "CodalessOculusDemo\CodalessOculusDemo.vcxproj", "{B568B9C8-5E8F-4A05-AB45-79CE7F8271D8}"
EndProject
Project("{8BC9CEB8-8B4A-11D0-8D11-00A0C91BC942}") = "SimpleChild", "SimpleChild\SimpleChild.vcxproj", "{8B7A559E-2C00-4DE9-9B5D-975075883526}"
EndProject
Project("{8BC9CEB8-8B4A-11D0-8D11-00A0C91BC942}") = "GraspVR", "GraspVR\GraspVR.vcxproj", "{266170C2-0878-422F-A262-D1023C084B26}"
EndProject
Project("{8BC9CEB8-8B4A-11D0-8D11-00A0C91BC942}") = "Grasp", "Grasp\Grasp.vcxproj", "{423DBCDB-EB88-4CFF-9B04-D863F2BDE835}"
EndProject
Project("{8BC9CEB8-8B4A-11D0-8D11-00A0C91BC942}") = "xTestGraspGLObjects", "TestGraspGLObjects\TestGraspGLObjects.vcxproj", "{6F8E2FE1-CEC7-4DF5-A189-B0E812A4B399}"
EndProject
Project("{8BC9CEB8-8B4A-11D0-8D11-00A0C91BC942}") = "GraspInstructionTypesetting", "GraspInstructionTypesetting\GraspInstructionTypesetting.vcxproj", "{F238FC55-FF73-4094-8BDE-F14A39B1DB0A}"
EndProject
Project("{8BC9CEB8-8B4A-11D0-8D11-00A0C91BC942}") = "zzGraspGUIBnW", "GraspGUIBellsAndWhistles\GraspGUIBnW.vcxproj", "{B487A9CA-0F57-426C-B2C5-A4FE3DC49C2C}"
EndProject
Project("{8BC9CEB8-8B4A-11D0-8D11-00A0C91BC942}") = "GraspScripts", "GraspScripts\GraspScripts.vcxproj", "{06FB1C1D-0FE6-4FB8-91B1-7DDDA4165782}"
EndProject
Project("{8BC9CEB8-8B4A-11D0-8D11-00A0C91BC942}") = "TaskProcessUnitTester", "TaskProcessUnitTester\TaskProcessUnitTester.vcxproj", "{13F2B16B-AE29-4CB4-9D50-0B6B9CE94738}"
EndProject
Project("{8BC9CEB8-8B4A-11D0-8D11-00A0C91BC942}") = "AlignToRigidBody", "AlignToRigidBody\AlignToRigidBody.vcxproj", "{2229366E-D549-4CB7-B0CD-483FEB80276E}"
EndProject
Project("{8BC9CEB8-8B4A-11D0-8D11-00A0C91BC942}") = "AlignToRigidBodyGUI", "AlignToRigidBodyGUI\AlignToRigidBodyGUI.vcxproj", "{A924A357-A3F0-4A47-A8B7-CBCF3FE6E3B0}"
EndProject
Project("{8BC9CEB8-8B4A-11D0-8D11-00A0C91BC942}") = "zOculusRoomTiny (Oculus 1.3 Do Not Edit)", "..\..\OculusSDKv1.3\OculusSDK\Samples\OculusRoomTiny\OculusRoomTiny (GL)\Projects\Windows\VS2010\OculusRoomTiny (GLj).vcxproj", "{94D029BE-8EF3-41FC-A977-E81BECB77C9A}"
EndProject
Project("{8BC9CEB8-8B4A-11D0-8D11-00A0C91BC942}") = "DexServices", "DexServices\DexServices.vcxproj", "{8EE947DF-D3D6-4548-88D1-2DD46EAB049B}"
EndProject
Project("{8BC9CEB8-8B4A-11D0-8D11-00A0C91BC942}") = "zOculusRoomTiny (GRASP - Oculus 0.8)", "OculusRoomTiny (GRASP) Oculus 0.8\OculusRoomTiny (GL)\Projects\Windows\VS2010\OculusRoomTiny (GL).vcxproj", "{396D645E-3224-433C-AFBA-6EF6919A2214}"
EndProject
Project("{8BC9CEB8-8B4A-11D0-8D11-00A0C91BC942}") = "zOculusRoomTiny (GRASP - Oculus 1.3)", "OculusRoomTiny (GRASP) Oculus 1.3\OculusRoomTiny (GL)\Projects\Windows\VS2010\OculusRoomTiny (GL) Oculus 1.3.vcxproj", "{52D46297-0F00-4547-8BD9-9A784B045BFA}"
EndProject
Project("{8BC9CEB8-8B4A-11D0-8D11-00A0C91BC942}") = "GraspScreenshots", "GraspScreenshots\GraspScreenshots.vcxproj", "{3CB4C789-1C1B-4673-88FD-C161257D4C9C}"
EndProject
Project("{8BC9CEB8-8B4A-11D0-8D11-00A0C91BC942}") = "InstallStandaloneGrasp", "InstallStandaloneGrasp\InstallStandaloneGrasp.vcxproj", "{D372AF87-B6C6-4007-B361-2DADA1A1C9D7}"
EndProject
Project("{8BC9CEB8-8B4A-11D0-8D11-00A0C91BC942}") = "GraspScriptCrawler", "GraspScriptCrawler\GraspScriptCrawler.vcxproj", "{0ABFD2FF-F7BC-42FD-B70A-F16B90242941}"
EndProject
Project("{8BC9CEB8-8B4A-11D0-8D11-00A0C91BC942}") = "ReleaseGrasp", "ReleaseGrasp\ReleaseGrasp.vcxproj", "{9B6BB1C8-C042-45CE-8155-5DE4A1003FF6}"
EndProject
Project("{8BC9CEB8-8B4A-11D0-8D11-00A0C91BC942}") = "LibOVR", "..\..\OculusSDKv1.3\OculusSDK\LibOVR\Projects\Windows\VS2010\LibOVR.vcxproj", "{EA50E705-5113-49E5-B105-2512EDC8DDC6}"
EndProject
Project("{8BC9CEB8-8B4A-11D0-8D11-00A0C91BC942}") = "GraspBMPs", "GraspBMPs\GraspBMPs.vcxproj", "{B36BAD29-9483-4CB8-A052-0ECFB8A13B3D}"
EndProject
Project("{8BC9CEB8-8B4A-11D0-8D11-00A0C91BC942}") = "GraspSequences", "GraspSequences\GraspSequences.vcxproj", "{A063702B-6BE1-4939-96F1-19FB77921C29}"
EndProject
Project("{8BC9CEB8-8B4A-11D0-8D11-00A0C91BC942}") = "HaltCoda", "HaltCoda\HaltCoda.vcxproj", "{F9B96CFA-CA90-40FA-9248-F7F3B530CDEB}"
EndProject
Project("{8BC9CEB8-8B4A-11D0-8D11-00A0C91BC942}") = "GraspDocumentation", "GraspDocumentation\GraspDocumentation.vcxproj", "{19E97A5A-DFCF-45D0-862E-48316001C0CB}"
EndProject
Project("{8BC9CEB8-8B4A-11D0-8D11-00A0C91BC942}") = "TestTimers", "TestTimers\TestTimers.vcxproj", "{12D361B3-2783-473B-BB2E-B09461C084F7}"
EndProject
Project("{8BC9CEB8-8B4A-11D0-8D11-00A0C91BC942}") = "OculusMouse", "OculusMouse\OculusMouse.vcxproj", "{9E5D3F95-06BA-42A2-8956-F82F126CF7A6}"
EndProject
Global
	GlobalSection(SolutionConfigurationPlatforms) = preSolution
		Debug|Win32 = Debug|Win32
		DraftRelease|Win32 = DraftRelease|Win32
		Release|Win32 = Release|Win32
		TestRelease|Win32 = TestRelease|Win32
	EndGlobalSection
	GlobalSection(ProjectConfigurationPlatforms) = postSolution
		{9DCDABB9-8979-4EF4-9D74-10ED8C1D7A56}.Debug|Win32.ActiveCfg = Debug|Win32
		{9DCDABB9-8979-4EF4-9D74-10ED8C1D7A56}.Debug|Win32.Build.0 = Debug|Win32
		{9DCDABB9-8979-4EF4-9D74-10ED8C1D7A56}.DraftRelease|Win32.ActiveCfg = Release|Win32
		{9DCDABB9-8979-4EF4-9D74-10ED8C1D7A56}.DraftRelease|Win32.Build.0 = Release|Win32
		{9DCDABB9-8979-4EF4-9D74-10ED8C1D7A56}.Release|Win32.ActiveCfg = Release|Win32
		{9DCDABB9-8979-4EF4-9D74-10ED8C1D7A56}.Release|Win32.Build.0 = Release|Win32
		{9DCDABB9-8979-4EF4-9D74-10ED8C1D7A56}.TestRelease|Win32.ActiveCfg = Release|Win32
		{9DCDABB9-8979-4EF4-9D74-10ED8C1D7A56}.TestRelease|Win32.Build.0 = Release|Win32
		{6565A1CE-B49E-4E86-A49E-C5080DF46B31}.Debug|Win32.ActiveCfg = Debug|Win32
		{6565A1CE-B49E-4E86-A49E-C5080DF46B31}.Debug|Win32.Build.0 = Debug|Win32
		{6565A1CE-B49E-4E86-A49E-C5080DF46B31}.DraftRelease|Win32.ActiveCfg = Release|Win32
		{6565A1CE-B49E-4E86-A49E-C5080DF46B31}.DraftRelease|Win32.Build.0 = Release|Win32
		{6565A1CE-B49E-4E86-A49E-C5080DF46B31}.Release|Win32.ActiveCfg = Release|Win32
		{6565A1CE-B49E-4E86-A49E-C5080DF46B31}.Release|Win32.Build.0 = Release|Win32
		{6565A1CE-B49E-4E86-A49E-C5080DF46B31}.TestRelease|Win32.ActiveCfg = Release|Win32
		{6565A1CE-B49E-4E86-A49E-C5080DF46B31}.TestRelease|Win32.Build.0 = Release|Win32
		{8AFF76E8-B71A-4241-8142-ED248F243A5A}.Debug|Win32.ActiveCfg = Debug|Win32
		{8AFF76E8-B71A-4241-8142-ED248F243A5A}.Debug|Win32.Build.0 = Debug|Win32
		{8AFF76E8-B71A-4241-8142-ED248F243A5A}.DraftRelease|Win32.ActiveCfg = Release|Win32
		{8AFF76E8-B71A-4241-8142-ED248F243A5A}.DraftRelease|Win32.Build.0 = Release|Win32
		{8AFF76E8-B71A-4241-8142-ED248F243A5A}.Release|Win32.ActiveCfg = Release|Win32
		{8AFF76E8-B71A-4241-8142-ED248F243A5A}.Release|Win32.Build.0 = Release|Win32
		{8AFF76E8-B71A-4241-8142-ED248F243A5A}.TestRelease|Win32.ActiveCfg = Release|Win32
		{8AFF76E8-B71A-4241-8142-ED248F243A5A}.TestRelease|Win32.Build.0 = Release|Win32
		{1E440AE3-5AAC-4A68-B0E2-37F4CB2BBA4A}.Debug|Win32.ActiveCfg = Debug|Win32
		{1E440AE3-5AAC-4A68-B0E2-37F4CB2BBA4A}.Debug|Win32.Build.0 = Debug|Win32
		{1E440AE3-5AAC-4A68-B0E2-37F4CB2BBA4A}.DraftRelease|Win32.ActiveCfg = Release|Win32
		{1E440AE3-5AAC-4A68-B0E2-37F4CB2BBA4A}.Release|Win32.ActiveCfg = Release|Win32
		{1E440AE3-5AAC-4A68-B0E2-37F4CB2BBA4A}.TestRelease|Win32.ActiveCfg = Release|Win32
		{4D956433-930D-4331-A512-93C7BD865CE5}.Debug|Win32.ActiveCfg = Debug|Win32
		{4D956433-930D-4331-A512-93C7BD865CE5}.Debug|Win32.Build.0 = Debug|Win32
		{4D956433-930D-4331-A512-93C7BD865CE5}.DraftRelease|Win32.ActiveCfg = Release|Win32
		{4D956433-930D-4331-A512-93C7BD865CE5}.Release|Win32.ActiveCfg = Release|Win32
		{4D956433-930D-4331-A512-93C7BD865CE5}.TestRelease|Win32.ActiveCfg = Release|Win32
		{44EC28D5-22D2-414A-9F40-1BF29EF832D9}.Debug|Win32.ActiveCfg = Debug|Win32
		{44EC28D5-22D2-414A-9F40-1BF29EF832D9}.Debug|Win32.Build.0 = Debug|Win32
		{44EC28D5-22D2-414A-9F40-1BF29EF832D9}.DraftRelease|Win32.ActiveCfg = Release|Win32
		{44EC28D5-22D2-414A-9F40-1BF29EF832D9}.DraftRelease|Win32.Build.0 = Release|Win32
		{44EC28D5-22D2-414A-9F40-1BF29EF832D9}.Release|Win32.ActiveCfg = Release|Win32
		{44EC28D5-22D2-414A-9F40-1BF29EF832D9}.Release|Win32.Build.0 = Release|Win32
		{44EC28D5-22D2-414A-9F40-1BF29EF832D9}.TestRelease|Win32.ActiveCfg = Release|Win32
		{44EC28D5-22D2-414A-9F40-1BF29EF832D9}.TestRelease|Win32.Build.0 = Release|Win32
		{964BBD65-C198-4A02-8255-349803BDB59D}.Debug|Win32.ActiveCfg = Debug|Win32
		{964BBD65-C198-4A02-8255-349803BDB59D}.Debug|Win32.Build.0 = Debug|Win32
		{964BBD65-C198-4A02-8255-349803BDB59D}.DraftRelease|Win32.ActiveCfg = Release|Win32
		{964BBD65-C198-4A02-8255-349803BDB59D}.Release|Win32.ActiveCfg = Release|Win32
		{964BBD65-C198-4A02-8255-349803BDB59D}.Release|Win32.Build.0 = Release|Win32
		{964BBD65-C198-4A02-8255-349803BDB59D}.TestRelease|Win32.ActiveCfg = Release|Win32
		{964BBD65-C198-4A02-8255-349803BDB59D}.TestRelease|Win32.Build.0 = Release|Win32
		{A80917F9-EF9D-4B0A-AA31-ACAEE6BD26E2}.Debug|Win32.ActiveCfg = Debug|Win32
		{A80917F9-EF9D-4B0A-AA31-ACAEE6BD26E2}.Debug|Win32.Build.0 = Debug|Win32
		{A80917F9-EF9D-4B0A-AA31-ACAEE6BD26E2}.DraftRelease|Win32.ActiveCfg = Release|Win32
		{A80917F9-EF9D-4B0A-AA31-ACAEE6BD26E2}.DraftRelease|Win32.Build.0 = Release|Win32
		{A80917F9-EF9D-4B0A-AA31-ACAEE6BD26E2}.Release|Win32.ActiveCfg = Release|Win32
		{A80917F9-EF9D-4B0A-AA31-ACAEE6BD26E2}.Release|Win32.Build.0 = Release|Win32
		{A80917F9-EF9D-4B0A-AA31-ACAEE6BD26E2}.TestRelease|Win32.ActiveCfg = Release|Win32
		{A80917F9-EF9D-4B0A-AA31-ACAEE6BD26E2}.TestRelease|Win32.Build.0 = Release|Win32
		{41BBF00C-DF99-4192-A876-D57C22ECFD53}.Debug|Win32.ActiveCfg = Debug|Win32
		{41BBF00C-DF99-4192-A876-D57C22ECFD53}.Debug|Win32.Build.0 = Debug|Win32
		{41BBF00C-DF99-4192-A876-D57C22ECFD53}.DraftRelease|Win32.ActiveCfg = Release|Win32
		{41BBF00C-DF99-4192-A876-D57C22ECFD53}.DraftRelease|Win32.Build.0 = Release|Win32
		{41BBF00C-DF99-4192-A876-D57C22ECFD53}.Release|Win32.ActiveCfg = Release|Win32
		{41BBF00C-DF99-4192-A876-D57C22ECFD53}.Release|Win32.Build.0 = Release|Win32
		{41BBF00C-DF99-4192-A876-D57C22ECFD53}.TestRelease|Win32.ActiveCfg = Release|Win32
		{41BBF00C-DF99-4192-A876-D57C22ECFD53}.TestRelease|Win32.Build.0 = Release|Win32
		{BA718EC0-44BD-4821-871B-0A35A77E3251}.Debug|Win32.ActiveCfg = Debug|Win32
		{BA718EC0-44BD-4821-871B-0A35A77E3251}.Debug|Win32.Build.0 = Debug|Win32
		{BA718EC0-44BD-4821-871B-0A35A77E3251}.DraftRelease|Win32.ActiveCfg = Release|Win32
		{BA718EC0-44BD-4821-871B-0A35A77E3251}.DraftRelease|Win32.Build.0 = Release|Win32
		{BA718EC0-44BD-4821-871B-0A35A77E3251}.Release|Win32.ActiveCfg = Release|Win32
		{BA718EC0-44BD-4821-871B-0A35A77E3251}.Release|Win32.Build.0 = Release|Win32
		{BA718EC0-44BD-4821-871B-0A35A77E3251}.TestRelease|Win32.ActiveCfg = Release|Win32
		{BA718EC0-44BD-4821-871B-0A35A77E3251}.TestRelease|Win32.Build.0 = Release|Win32
		{C5CC589F-3534-4691-8772-BB74742F58B5}.Debug|Win32.ActiveCfg = Debug|Win32
		{C5CC589F-3534-4691-8772-BB74742F58B5}.Debug|Win32.Build.0 = Debug|Win32
		{C5CC589F-3534-4691-8772-BB74742F58B5}.DraftRelease|Win32.ActiveCfg = Release|Win32
		{C5CC589F-3534-4691-8772-BB74742F58B5}.DraftRelease|Win32.Build.0 = Release|Win32
		{C5CC589F-3534-4691-8772-BB74742F58B5}.Release|Win32.ActiveCfg = Release|Win32
		{C5CC589F-3534-4691-8772-BB74742F58B5}.TestRelease|Win32.ActiveCfg = Release|Win32
		{DF6858A7-4A03-440A-AB41-11CC74EFC396}.Debug|Win32.ActiveCfg = Debug|Win32
		{DF6858A7-4A03-440A-AB41-11CC74EFC396}.Debug|Win32.Build.0 = Debug|Win32
		{DF6858A7-4A03-440A-AB41-11CC74EFC396}.DraftRelease|Win32.ActiveCfg = Release|Win32
		{DF6858A7-4A03-440A-AB41-11CC74EFC396}.DraftRelease|Win32.Build.0 = Release|Win32
		{DF6858A7-4A03-440A-AB41-11CC74EFC396}.Release|Win32.ActiveCfg = Release|Win32
		{DF6858A7-4A03-440A-AB41-11CC74EFC396}.TestRelease|Win32.ActiveCfg = Release|Win32
		{92626B0E-65F3-4CAA-927C-3246D766C7BE}.Debug|Win32.ActiveCfg = Debug|Win32
		{92626B0E-65F3-4CAA-927C-3246D766C7BE}.Debug|Win32.Build.0 = Debug|Win32
		{92626B0E-65F3-4CAA-927C-3246D766C7BE}.DraftRelease|Win32.ActiveCfg = Release|Win32
		{92626B0E-65F3-4CAA-927C-3246D766C7BE}.DraftRelease|Win32.Build.0 = Release|Win32
		{92626B0E-65F3-4CAA-927C-3246D766C7BE}.Release|Win32.ActiveCfg = Release|Win32
		{92626B0E-65F3-4CAA-927C-3246D766C7BE}.Release|Win32.Build.0 = Release|Win32
		{92626B0E-65F3-4CAA-927C-3246D766C7BE}.TestRelease|Win32.ActiveCfg = Release|Win32
		{92626B0E-65F3-4CAA-927C-3246D766C7BE}.TestRelease|Win32.Build.0 = Release|Win32
		{B568B9C8-5E8F-4A05-AB45-79CE7F8271D8}.Debug|Win32.ActiveCfg = Debug|Win32
		{B568B9C8-5E8F-4A05-AB45-79CE7F8271D8}.Debug|Win32.Build.0 = Debug|Win32
		{B568B9C8-5E8F-4A05-AB45-79CE7F8271D8}.DraftRelease|Win32.ActiveCfg = Release|Win32
		{B568B9C8-5E8F-4A05-AB45-79CE7F8271D8}.Release|Win32.ActiveCfg = Release|Win32
		{B568B9C8-5E8F-4A05-AB45-79CE7F8271D8}.TestRelease|Win32.ActiveCfg = Release|Win32
		{8B7A559E-2C00-4DE9-9B5D-975075883526}.Debug|Win32.ActiveCfg = Debug|Win32
		{8B7A559E-2C00-4DE9-9B5D-975075883526}.Debug|Win32.Build.0 = Debug|Win32
		{8B7A559E-2C00-4DE9-9B5D-975075883526}.DraftRelease|Win32.ActiveCfg = Release|Win32
		{8B7A559E-2C00-4DE9-9B5D-975075883526}.DraftRelease|Win32.Build.0 = Release|Win32
		{8B7A559E-2C00-4DE9-9B5D-975075883526}.Release|Win32.ActiveCfg = Release|Win32
		{8B7A559E-2C00-4DE9-9B5D-975075883526}.TestRelease|Win32.ActiveCfg = Release|Win32
		{266170C2-0878-422F-A262-D1023C084B26}.Debug|Win32.ActiveCfg = Debug|Win32
		{266170C2-0878-422F-A262-D1023C084B26}.Debug|Win32.Build.0 = Debug|Win32
		{266170C2-0878-422F-A262-D1023C084B26}.DraftRelease|Win32.ActiveCfg = Release|Win32
		{266170C2-0878-422F-A262-D1023C084B26}.DraftRelease|Win32.Build.0 = Release|Win32
		{266170C2-0878-422F-A262-D1023C084B26}.Release|Win32.ActiveCfg = Release|Win32
		{266170C2-0878-422F-A262-D1023C084B26}.Release|Win32.Build.0 = Release|Win32
		{266170C2-0878-422F-A262-D1023C084B26}.TestRelease|Win32.ActiveCfg = Release|Win32
		{266170C2-0878-422F-A262-D1023C084B26}.TestRelease|Win32.Build.0 = Release|Win32
		{423DBCDB-EB88-4CFF-9B04-D863F2BDE835}.Debug|Win32.ActiveCfg = Debug|Win32
		{423DBCDB-EB88-4CFF-9B04-D863F2BDE835}.Debug|Win32.Build.0 = Debug|Win32
		{423DBCDB-EB88-4CFF-9B04-D863F2BDE835}.DraftRelease|Win32.ActiveCfg = Release|Win32
		{423DBCDB-EB88-4CFF-9B04-D863F2BDE835}.DraftRelease|Win32.Build.0 = Release|Win32
		{423DBCDB-EB88-4CFF-9B04-D863F2BDE835}.Release|Win32.ActiveCfg = Release|Win32
		{423DBCDB-EB88-4CFF-9B04-D863F2BDE835}.Release|Win32.Build.0 = Release|Win32
		{423DBCDB-EB88-4CFF-9B04-D863F2BDE835}.TestRelease|Win32.ActiveCfg = Release|Win32
		{423DBCDB-EB88-4CFF-9B04-D863F2BDE835}.TestRelease|Win32.Build.0 = Release|Win32
		{6F8E2FE1-CEC7-4DF5-A189-B0E812A4B399}.Debug|Win32.ActiveCfg = Debug|Win32
		{6F8E2FE1-CEC7-4DF5-A189-B0E812A4B399}.Debug|Win32.Build.0 = Debug|Win32
		{6F8E2FE1-CEC7-4DF5-A189-B0E812A4B399}.DraftRelease|Win32.ActiveCfg = Release|Win32
		{6F8E2FE1-CEC7-4DF5-A189-B0E812A4B399}.Release|Win32.ActiveCfg = Release|Win32
		{6F8E2FE1-CEC7-4DF5-A189-B0E812A4B399}.TestRelease|Win32.ActiveCfg = Release|Win32
		{F238FC55-FF73-4094-8BDE-F14A39B1DB0A}.Debug|Win32.ActiveCfg = Debug|Win32
		{F238FC55-FF73-4094-8BDE-F14A39B1DB0A}.Debug|Win32.Build.0 = Debug|Win32
		{F238FC55-FF73-4094-8BDE-F14A39B1DB0A}.DraftRelease|Win32.ActiveCfg = Release|Win32
		{F238FC55-FF73-4094-8BDE-F14A39B1DB0A}.DraftRelease|Win32.Build.0 = Release|Win32
		{F238FC55-FF73-4094-8BDE-F14A39B1DB0A}.Release|Win32.ActiveCfg = Release|Win32
		{F238FC55-FF73-4094-8BDE-F14A39B1DB0A}.Release|Win32.Build.0 = Release|Win32
		{F238FC55-FF73-4094-8BDE-F14A39B1DB0A}.TestRelease|Win32.ActiveCfg = Release|Win32
		{F238FC55-FF73-4094-8BDE-F14A39B1DB0A}.TestRelease|Win32.Build.0 = Release|Win32
		{B487A9CA-0F57-426C-B2C5-A4FE3DC49C2C}.Debug|Win32.ActiveCfg = Debug|Win32
		{B487A9CA-0F57-426C-B2C5-A4FE3DC49C2C}.Debug|Win32.Build.0 = Debug|Win32
		{B487A9CA-0F57-426C-B2C5-A4FE3DC49C2C}.DraftRelease|Win32.ActiveCfg = Release|Win32
		{B487A9CA-0F57-426C-B2C5-A4FE3DC49C2C}.Release|Win32.ActiveCfg = Release|Win32
		{B487A9CA-0F57-426C-B2C5-A4FE3DC49C2C}.TestRelease|Win32.ActiveCfg = Release|Win32
		{06FB1C1D-0FE6-4FB8-91B1-7DDDA4165782}.Debug|Win32.ActiveCfg = Debug|Win32
		{06FB1C1D-0FE6-4FB8-91B1-7DDDA4165782}.Debug|Win32.Build.0 = Debug|Win32
		{06FB1C1D-0FE6-4FB8-91B1-7DDDA4165782}.DraftRelease|Win32.ActiveCfg = Release|Win32
		{06FB1C1D-0FE6-4FB8-91B1-7DDDA4165782}.DraftRelease|Win32.Build.0 = Release|Win32
		{06FB1C1D-0FE6-4FB8-91B1-7DDDA4165782}.Release|Win32.ActiveCfg = Release|Win32
		{06FB1C1D-0FE6-4FB8-91B1-7DDDA4165782}.Release|Win32.Build.0 = Release|Win32
		{06FB1C1D-0FE6-4FB8-91B1-7DDDA4165782}.TestRelease|Win32.ActiveCfg = Release|Win32
		{06FB1C1D-0FE6-4FB8-91B1-7DDDA4165782}.TestRelease|Win32.Build.0 = Release|Win32
		{13F2B16B-AE29-4CB4-9D50-0B6B9CE94738}.Debug|Win32.ActiveCfg = Debug|Win32
		{13F2B16B-AE29-4CB4-9D50-0B6B9CE94738}.Debug|Win32.Build.0 = Debug|Win32
		{13F2B16B-AE29-4CB4-9D50-0B6B9CE94738}.DraftRelease|Win32.ActiveCfg = Release|Win32
		{13F2B16B-AE29-4CB4-9D50-0B6B9CE94738}.DraftRelease|Win32.Build.0 = Release|Win32
		{13F2B16B-AE29-4CB4-9D50-0B6B9CE94738}.Release|Win32.ActiveCfg = Release|Win32
		{13F2B16B-AE29-4CB4-9D50-0B6B9CE94738}.TestRelease|Win32.ActiveCfg = Release|Win32
		{13F2B16B-AE29-4CB4-9D50-0B6B9CE94738}.TestRelease|Win32.Build.0 = Release|Win32
		{2229366E-D549-4CB7-B0CD-483FEB80276E}.Debug|Win32.ActiveCfg = Debug|Win32
		{2229366E-D549-4CB7-B0CD-483FEB80276E}.Debug|Win32.Build.0 = Debug|Win32
		{2229366E-D549-4CB7-B0CD-483FEB80276E}.DraftRelease|Win32.ActiveCfg = Release|Win32
		{2229366E-D549-4CB7-B0CD-483FEB80276E}.Release|Win32.ActiveCfg = Release|Win32
		{2229366E-D549-4CB7-B0CD-483FEB80276E}.TestRelease|Win32.ActiveCfg = Release|Win32
		{A924A357-A3F0-4A47-A8B7-CBCF3FE6E3B0}.Debug|Win32.ActiveCfg = Debug|Win32
		{A924A357-A3F0-4A47-A8B7-CBCF3FE6E3B0}.Debug|Win32.Build.0 = Debug|Win32
		{A924A357-A3F0-4A47-A8B7-CBCF3FE6E3B0}.DraftRelease|Win32.ActiveCfg = Release|Win32
		{A924A357-A3F0-4A47-A8B7-CBCF3FE6E3B0}.DraftRelease|Win32.Build.0 = Release|Win32
		{A924A357-A3F0-4A47-A8B7-CBCF3FE6E3B0}.Release|Win32.ActiveCfg = Release|Win32
		{A924A357-A3F0-4A47-A8B7-CBCF3FE6E3B0}.Release|Win32.Build.0 = Release|Win32
		{A924A357-A3F0-4A47-A8B7-CBCF3FE6E3B0}.TestRelease|Win32.ActiveCfg = Release|Win32
		{A924A357-A3F0-4A47-A8B7-CBCF3FE6E3B0}.TestRelease|Win32.Build.0 = Release|Win32
		{94D029BE-8EF3-41FC-A977-E81BECB77C9A}.Debug|Win32.ActiveCfg = Debug|Win32
		{94D029BE-8EF3-41FC-A977-E81BECB77C9A}.Debug|Win32.Build.0 = Debug|Win32
		{94D029BE-8EF3-41FC-A977-E81BECB77C9A}.DraftRelease|Win32.ActiveCfg = Release|Win32
		{94D029BE-8EF3-41FC-A977-E81BECB77C9A}.Release|Win32.ActiveCfg = Release|Win32
		{94D029BE-8EF3-41FC-A977-E81BECB77C9A}.TestRelease|Win32.ActiveCfg = Release|Win32
		{8EE947DF-D3D6-4548-88D1-2DD46EAB049B}.Debug|Win32.ActiveCfg = Debug|Win32
		{8EE947DF-D3D6-4548-88D1-2DD46EAB049B}.Debug|Win32.Build.0 = Debug|Win32
		{8EE947DF-D3D6-4548-88D1-2DD46EAB049B}.DraftRelease|Win32.ActiveCfg = Release|Win32
		{8EE947DF-D3D6-4548-88D1-2DD46EAB049B}.DraftRelease|Win32.Build.0 = Release|Win32
		{8EE947DF-D3D6-4548-88D1-2DD46EAB049B}.Release|Win32.ActiveCfg = Release|Win32
		{8EE947DF-D3D6-4548-88D1-2DD46EAB049B}.Release|Win32.Build.0 = Release|Win32
		{8EE947DF-D3D6-4548-88D1-2DD46EAB049B}.TestRelease|Win32.ActiveCfg = Release|Win32
		{8EE947DF-D3D6-4548-88D1-2DD46EAB049B}.TestRelease|Win32.Build.0 = Release|Win32
		{396D645E-3224-433C-AFBA-6EF6919A2214}.Debug|Win32.ActiveCfg = Debug|Win32
		{396D645E-3224-433C-AFBA-6EF6919A2214}.Debug|Win32.Build.0 = Debug|Win32
		{396D645E-3224-433C-AFBA-6EF6919A2214}.DraftRelease|Win32.ActiveCfg = Release|Win32
		{396D645E-3224-433C-AFBA-6EF6919A2214}.Release|Win32.ActiveCfg = Release|Win32
		{396D645E-3224-433C-AFBA-6EF6919A2214}.TestRelease|Win32.ActiveCfg = Release|Win32
		{52D46297-0F00-4547-8BD9-9A784B045BFA}.Debug|Win32.ActiveCfg = Debug|Win32
		{52D46297-0F00-4547-8BD9-9A784B045BFA}.Debug|Win32.Build.0 = Debug|Win32
		{52D46297-0F00-4547-8BD9-9A784B045BFA}.DraftRelease|Win32.ActiveCfg = Release|Win32
		{52D46297-0F00-4547-8BD9-9A784B045BFA}.Release|Win32.ActiveCfg = Release|Win32
		{52D46297-0F00-4547-8BD9-9A784B045BFA}.TestRelease|Win32.ActiveCfg = Release|Win32
		{3CB4C789-1C1B-4673-88FD-C161257D4C9C}.Debug|Win32.ActiveCfg = Debug|Win32
		{3CB4C789-1C1B-4673-88FD-C161257D4C9C}.Debug|Win32.Build.0 = Debug|Win32
		{3CB4C789-1C1B-4673-88FD-C161257D4C9C}.DraftRelease|Win32.ActiveCfg = Release|Win32
		{3CB4C789-1C1B-4673-88FD-C161257D4C9C}.DraftRelease|Win32.Build.0 = Release|Win32
		{3CB4C789-1C1B-4673-88FD-C161257D4C9C}.Release|Win32.ActiveCfg = Release|Win32
		{3CB4C789-1C1B-4673-88FD-C161257D4C9C}.Release|Win32.Build.0 = Release|Win32
		{3CB4C789-1C1B-4673-88FD-C161257D4C9C}.TestRelease|Win32.ActiveCfg = Release|Win32
		{3CB4C789-1C1B-4673-88FD-C161257D4C9C}.TestRelease|Win32.Build.0 = Release|Win32
		{D372AF87-B6C6-4007-B361-2DADA1A1C9D7}.Debug|Win32.ActiveCfg = Debug|Win32
		{D372AF87-B6C6-4007-B361-2DADA1A1C9D7}.Debug|Win32.Build.0 = Debug|Win32
		{D372AF87-B6C6-4007-B361-2DADA1A1C9D7}.DraftRelease|Win32.ActiveCfg = Release|Win32
		{D372AF87-B6C6-4007-B361-2DADA1A1C9D7}.DraftRelease|Win32.Build.0 = Release|Win32
		{D372AF87-B6C6-4007-B361-2DADA1A1C9D7}.Release|Win32.ActiveCfg = Release|Win32
		{D372AF87-B6C6-4007-B361-2DADA1A1C9D7}.Release|Win32.Build.0 = Release|Win32
		{D372AF87-B6C6-4007-B361-2DADA1A1C9D7}.TestRelease|Win32.ActiveCfg = Release|Win32
		{D372AF87-B6C6-4007-B361-2DADA1A1C9D7}.TestRelease|Win32.Build.0 = Release|Win32
		{0ABFD2FF-F7BC-42FD-B70A-F16B90242941}.Debug|Win32.ActiveCfg = Debug|Win32
		{0ABFD2FF-F7BC-42FD-B70A-F16B90242941}.Debug|Win32.Build.0 = Debug|Win32
		{0ABFD2FF-F7BC-42FD-B70A-F16B90242941}.DraftRelease|Win32.ActiveCfg = Release|Win32
		{0ABFD2FF-F7BC-42FD-B70A-F16B90242941}.DraftRelease|Win32.Build.0 = Release|Win32
		{0ABFD2FF-F7BC-42FD-B70A-F16B90242941}.Release|Win32.ActiveCfg = Release|Win32
		{0ABFD2FF-F7BC-42FD-B70A-F16B90242941}.Release|Win32.Build.0 = Release|Win32
		{0ABFD2FF-F7BC-42FD-B70A-F16B90242941}.TestRelease|Win32.ActiveCfg = Release|Win32
		{0ABFD2FF-F7BC-42FD-B70A-F16B90242941}.TestRelease|Win32.Build.0 = Release|Win32
		{9B6BB1C8-C042-45CE-8155-5DE4A1003FF6}.Debug|Win32.ActiveCfg = Debug|Win32
		{9B6BB1C8-C042-45CE-8155-5DE4A1003FF6}.DraftRelease|Win32.ActiveCfg = Draft|Win32
		{9B6BB1C8-C042-45CE-8155-5DE4A1003FF6}.DraftRelease|Win32.Build.0 = Draft|Win32
		{9B6BB1C8-C042-45CE-8155-5DE4A1003FF6}.Release|Win32.ActiveCfg = Release|Win32
		{9B6BB1C8-C042-45CE-8155-5DE4A1003FF6}.Release|Win32.Build.0 = Release|Win32
		{9B6BB1C8-C042-45CE-8155-5DE4A1003FF6}.TestRelease|Win32.ActiveCfg = Release|Win32
		{EA50E705-5113-49E5-B105-2512EDC8DDC6}.Debug|Win32.ActiveCfg = Debug|Win32
		{EA50E705-5113-49E5-B105-2512EDC8DDC6}.Debug|Win32.Build.0 = Debug|Win32
		{EA50E705-5113-49E5-B105-2512EDC8DDC6}.DraftRelease|Win32.ActiveCfg = Release|Win32
		{EA50E705-5113-49E5-B105-2512EDC8DDC6}.DraftRelease|Win32.Build.0 = Release|Win32
		{EA50E705-5113-49E5-B105-2512EDC8DDC6}.Release|Win32.ActiveCfg = Release|Win32
		{EA50E705-5113-49E5-B105-2512EDC8DDC6}.Release|Win32.Build.0 = Release|Win32
		{EA50E705-5113-49E5-B105-2512EDC8DDC6}.TestRelease|Win32.ActiveCfg = Release|Win32
		{EA50E705-5113-49E5-B105-2512EDC8DDC6}.TestRelease|Win32.Build.0 = Release|Win32
		{B36BAD29-9483-4CB8-A052-0ECFB8A13B3D}.Debug|Win32.ActiveCfg = Debug|Win32
		{B36BAD29-9483-4CB8-A052-0ECFB8A13B3D}.Debug|Win32.Build.0 = Debug|Win32
		{B36BAD29-9483-4CB8-A052-0ECFB8A13B3D}.DraftRelease|Win32.ActiveCfg = Debug|Win32
		{B36BAD29-9483-4CB8-A052-0ECFB8A13B3D}.DraftRelease|Win32.Build.0 = Debug|Win32
		{B36BAD29-9483-4CB8-A052-0ECFB8A13B3D}.Release|Win32.ActiveCfg = Release|Win32
		{B36BAD29-9483-4CB8-A052-0ECFB8A13B3D}.Release|Win32.Build.0 = Release|Win32
		{B36BAD29-9483-4CB8-A052-0ECFB8A13B3D}.TestRelease|Win32.ActiveCfg = Release|Win32
		{B36BAD29-9483-4CB8-A052-0ECFB8A13B3D}.TestRelease|Win32.Build.0 = Release|Win32
		{A063702B-6BE1-4939-96F1-19FB77921C29}.Debug|Win32.ActiveCfg = Debug|Win32
		{A063702B-6BE1-4939-96F1-19FB77921C29}.Debug|Win32.Build.0 = Debug|Win32
		{A063702B-6BE1-4939-96F1-19FB77921C29}.DraftRelease|Win32.ActiveCfg = Debug|Win32
		{A063702B-6BE1-4939-96F1-19FB77921C29}.DraftRelease|Win32.Build.0 = Debug|Win32
		{A063702B-6BE1-4939-96F1-19FB77921C29}.Release|Win32.ActiveCfg = Release|Win32
		{A063702B-6BE1-4939-96F1-19FB77921C29}.Release|Win32.Build.0 = Release|Win32
		{A063702B-6BE1-4939-96F1-19FB77921C29}.TestRelease|Win32.ActiveCfg = Release|Win32
		{A063702B-6BE1-4939-96F1-19FB77921C29}.TestRelease|Win32.Build.0 = Release|Win32
		{F9B96CFA-CA90-40FA-9248-F7F3B530CDEB}.Debug|Win32.ActiveCfg = Debug|Win32
		{F9B96CFA-CA90-40FA-9248-F7F3B530CDEB}.Debug|Win32.Build.0 = Debug|Win32
		{F9B96CFA-CA90-40FA-9248-F7F3B530CDEB}.DraftRelease|Win32.ActiveCfg = Release|Win32
		{F9B96CFA-CA90-40FA-9248-F7F3B530CDEB}.DraftRelease|Win32.Build.0 = Release|Win32
		{F9B96CFA-CA90-40FA-9248-F7F3B530CDEB}.Release|Win32.ActiveCfg = Release|Win32
		{F9B96CFA-CA90-40FA-9248-F7F3B530CDEB}.Release|Win32.Build.0 = Release|Win32
		{F9B96CFA-CA90-40FA-9248-F7F3B530CDEB}.TestRelease|Win32.ActiveCfg = Release|Win32
		{F9B96CFA-CA90-40FA-9248-F7F3B530CDEB}.TestRelease|Win32.Build.0 = Release|Win32
		{19E97A5A-DFCF-45D0-862E-48316001C0CB}.Debug|Win32.ActiveCfg = Debug|Win32
		{19E97A5A-DFCF-45D0-862E-48316001C0CB}.Debug|Win32.Build.0 = Debug|Win32
		{19E97A5A-DFCF-45D0-862E-48316001C0CB}.DraftRelease|Win32.ActiveCfg = Release|Win32
		{19E97A5A-DFCF-45D0-862E-48316001C0CB}.DraftRelease|Win32.Build.0 = Release|Win32
		{19E97A5A-DFCF-45D0-862E-48316001C0CB}.Release|Win32.ActiveCfg = Release|Win32
		{19E97A5A-DFCF-45D0-862E-48316001C0CB}.Release|Win32.Build.0 = Release|Win32
		{19E97A5A-DFCF-45D0-862E-48316001C0CB}.TestRelease|Win32.ActiveCfg = Release|Win32
		{19E97A5A-DFCF-45D0-862E-48316001C0CB}.TestRelease|Win32.Build.0 = Release|Win32
		{12D361B3-2783-473B-BB2E-B09461C084F7}.Debug|Win32.ActiveCfg = Debug|Win32
		{12D361B3-2783-473B-BB2E-B09461C084F7}.Debug|Win32.Build.0 = Debug|Win32
		{12D361B3-2783-473B-BB2E-B09461C084F7}.DraftRelease|Win32.ActiveCfg = Release|Win32
		{12D361B3-2783-473B-BB2E-B09461C084F7}.DraftRelease|Win32.Build.0 = Release|Win32
		{12D361B3-2783-473B-BB2E-B09461C084F7}.Release|Win32.ActiveCfg = Release|Win32
		{12D361B3-2783-473B-BB2E-B09461C084F7}.TestRelease|Win32.ActiveCfg = Release|Win32
		{9E5D3F95-06BA-42A2-8956-F82F126CF7A6}.Debug|Win32.ActiveCfg = Debug|Win32
		{9E5D3F95-06BA-42A2-8956-F82F126CF7A6}.Debug|Win32.Build.0 = Debug|Win32
		{9E5D3F95-06BA-42A2-8956-F82F126CF7A6}.DraftRelease|Win32.ActiveCfg = Release|Win32
		{9E5D3F95-06BA-42A2-8956-F82F126CF7A6}.DraftRelease|Win32.Build.0 = Release|Win32
		{9E5D3F95-06BA-42A2-8956-F82F126CF7A6}.Release|Win32.ActiveCfg = Release|Win32
		{9E5D3F95-06BA-42A2-8956-F82F126CF7A6}.Release|Win32.Build.0 = Release|Win32
		{9E5D3F95-06BA-42A2-8956-F82F126CF7A6}.TestRelease|Win32.ActiveCfg = Release|Win32
		{9E5D3F95-06BA-42A2-8956-F82F126CF7A6}.TestRelease|Win32.Build.0 = Release|Win32
	EndGlobalSection
	GlobalSection(SolutionProperties) = preSolution
		HideSolutionNode = FALSE
	EndGlobalSection
EndGlobal
