
Microsoft Visual Studio Solution File, Format Version 11.00
# Visual C++ Express 2010
Project("{8BC9CEB8-8B4A-11D0-8D11-00A0C91BC942}") = "Useful", "Useful\Useful.vcxproj", "{9DCDABB9-8979-4EF4-9D74-10ED8C1D7A56}"
EndProject
Project("{8BC9CEB8-8B4A-11D0-8D11-00A0C91BC942}") = "VectorsMixin", "VectorsMixin\VectorsMixin.vcxproj", "{6565A1CE-B49E-4E86-A49E-C5080DF46B31}"
	ProjectSection(ProjectDependencies) = postProject
		{9DCDABB9-8979-4EF4-9D74-10ED8C1D7A56} = {9DCDABB9-8979-4EF4-9D74-10ED8C1D7A56}
	EndProjectSection
EndProject
Project("{8BC9CEB8-8B4A-11D0-8D11-00A0C91BC942}") = "OpenGLObjects", "OpenGLObjects\OpenGLObjects.vcxproj", "{8AFF76E8-B71A-4241-8142-ED248F243A5A}"
	ProjectSection(ProjectDependencies) = postProject
		{9DCDABB9-8979-4EF4-9D74-10ED8C1D7A56} = {9DCDABB9-8979-4EF4-9D74-10ED8C1D7A56}
		{6565A1CE-B49E-4E86-A49E-C5080DF46B31} = {6565A1CE-B49E-4E86-A49E-C5080DF46B31}
	EndProjectSection
EndProject
Project("{8BC9CEB8-8B4A-11D0-8D11-00A0C91BC942}") = "zTestOpenGLWindow", "TestOpenGLWindow\TestOpenGL.vcxproj", "{1E440AE3-5AAC-4A68-B0E2-37F4CB2BBA4A}"
EndProject
Project("{8BC9CEB8-8B4A-11D0-8D11-00A0C91BC942}") = "zTestOpenGLObjects", "TestOpenGLObjects\TestOpenGLObjects.vcxproj", "{4D956433-930D-4331-A512-93C7BD865CE5}"
EndProject
Project("{8BC9CEB8-8B4A-11D0-8D11-00A0C91BC942}") = "OculusInterface", "OculusInterface\OculusInterface.vcxproj", "{44EC28D5-22D2-414A-9F40-1BF29EF832D9}"
EndProject
Project("{8BC9CEB8-8B4A-11D0-8D11-00A0C91BC942}") = "Trackers", "Trackers\Trackers.vcxproj", "{964BBD65-C198-4A02-8255-349803BDB59D}"
EndProject
Project("{8BC9CEB8-8B4A-11D0-8D11-00A0C91BC942}") = "CreateRigidBodyModelFile", "CreateRigidBodyModelFile\CreateRigidBodyModelFile.vcxproj", "{A80917F9-EF9D-4B0A-AA31-ACAEE6BD26E2}"
EndProject
Project("{8BC9CEB8-8B4A-11D0-8D11-00A0C91BC942}") = "GraspGUI", "GraspGUI\GraspGUI.vcxproj", "{41BBF00C-DF99-4192-A876-D57C22ECFD53}"
EndProject
Project("{8BC9CEB8-8B4A-11D0-8D11-00A0C91BC942}") = "CharnwoodAlignment", "CharnwoodAlignment\CharnwoodAlignment.vcxproj", "{BA718EC0-44BD-4821-871B-0A35A77E3251}"
EndProject
Project("{8BC9CEB8-8B4A-11D0-8D11-00A0C91BC942}") = "CodaVisibility", "CodaVisibility\CodaVisibility.vcxproj", "{C5CC589F-3534-4691-8772-BB74742F58B5}"
EndProject
Project("{8BC9CEB8-8B4A-11D0-8D11-00A0C91BC942}") = "HTMLExperiment", "HTMLExperiment\HTMLExperiment.vcxproj", "{DF6858A7-4A03-440A-AB41-11CC74EFC396}"
EndProject
Project("{8BC9CEB8-8B4A-11D0-8D11-00A0C91BC942}") = "PsyPhyOculusDemo", "PsyPhyOculusDemo\PsyPhyOculusDemo.vcxproj", "{92626B0E-65F3-4CAA-927C-3246D766C7BE}"
EndProject
Project("{8BC9CEB8-8B4A-11D0-8D11-00A0C91BC942}") = "CodalessOculusDemo", "CodalessOculusDemo\CodalessOculusDemo.vcxproj", "{B568B9C8-5E8F-4A05-AB45-79CE7F8271D8}"
EndProject
Project("{8BC9CEB8-8B4A-11D0-8D11-00A0C91BC942}") = "SimpleChild", "SimpleChild\SimpleChild.vcxproj", "{8B7A559E-2C00-4DE9-9B5D-975075883526}"
EndProject
Project("{8BC9CEB8-8B4A-11D0-8D11-00A0C91BC942}") = "GraspVR", "GraspVR\GraspVR.vcxproj", "{266170C2-0878-422F-A262-D1023C084B26}"
EndProject
Project("{8BC9CEB8-8B4A-11D0-8D11-00A0C91BC942}") = "Grasp", "Grasp\Grasp.vcxproj", "{423DBCDB-EB88-4CFF-9B04-D863F2BDE835}"
EndProject
Project("{8BC9CEB8-8B4A-11D0-8D11-00A0C91BC942}") = "xTestGraspGLObjects", "TestGraspGLObjects\TestGraspGLObjects.vcxproj", "{6F8E2FE1-CEC7-4DF5-A189-B0E812A4B399}"
EndProject
Project("{8BC9CEB8-8B4A-11D0-8D11-00A0C91BC942}") = "GraspInstructionTypesetting", "GraspInstructionTypesetting\GraspInstructionTypesetting.vcxproj", "{F238FC55-FF73-4094-8BDE-F14A39B1DB0A}"
EndProject
Project("{8BC9CEB8-8B4A-11D0-8D11-00A0C91BC942}") = "zzGraspGUIBnW", "GraspGUIBellsAndWhistles\GraspGUIBnW.vcxproj", "{B487A9CA-0F57-426C-B2C5-A4FE3DC49C2C}"
EndProject
Project("{8BC9CEB8-8B4A-11D0-8D11-00A0C91BC942}") = "GraspScripts", "GraspScripts\GraspScripts.vcxproj", "{06FB1C1D-0FE6-4FB8-91B1-7DDDA4165782}"
EndProject
Project("{8BC9CEB8-8B4A-11D0-8D11-00A0C91BC942}") = "TaskProcessUnitTester", "TaskProcessUnitTester\TaskProcessUnitTester.vcxproj", "{13F2B16B-AE29-4CB4-9D50-0B6B9CE94738}"
EndProject
Project("{8BC9CEB8-8B4A-11D0-8D11-00A0C91BC942}") = "AlignToRigidBody", "AlignToRigidBody\AlignToRigidBody.vcxproj", "{2229366E-D549-4CB7-B0CD-483FEB80276E}"
EndProject
Project("{8BC9CEB8-8B4A-11D0-8D11-00A0C91BC942}") = "AlignToRigidBodyGUI", "AlignToRigidBodyGUI\AlignToRigidBodyGUI.vcxproj", "{A924A357-A3F0-4A47-A8B7-CBCF3FE6E3B0}"
EndProject
Project("{8BC9CEB8-8B4A-11D0-8D11-00A0C91BC942}") = "DexServices", "DexServices\DexServices.vcxproj", "{8EE947DF-D3D6-4548-88D1-2DD46EAB049B}"
EndProject
Project("{8BC9CEB8-8B4A-11D0-8D11-00A0C91BC942}") = "GraspScreenshots", "GraspScreenshots\GraspScreenshots.vcxproj", "{3CB4C789-1C1B-4673-88FD-C161257D4C9C}"
EndProject
Project("{8BC9CEB8-8B4A-11D0-8D11-00A0C91BC942}") = "GraspScriptCrawler", "GraspScriptCrawler\GraspScriptCrawler.vcxproj", "{0ABFD2FF-F7BC-42FD-B70A-F16B90242941}"
EndProject
Project("{8BC9CEB8-8B4A-11D0-8D11-00A0C91BC942}") = "ReleaseRuntimeForGrasp", "ReleaseGrasp\ReleaseGrasp.vcxproj", "{9B6BB1C8-C042-45CE-8155-5DE4A1003FF6}"
EndProject
Project("{8BC9CEB8-8B4A-11D0-8D11-00A0C91BC942}") = "GraspBMPs", "GraspBMPs\GraspBMPs.vcxproj", "{B36BAD29-9483-4CB8-A052-0ECFB8A13B3D}"
EndProject
Project("{8BC9CEB8-8B4A-11D0-8D11-00A0C91BC942}") = "GraspSequences", "GraspSequences\GraspSequences.vcxproj", "{A063702B-6BE1-4939-96F1-19FB77921C29}"
EndProject
Project("{8BC9CEB8-8B4A-11D0-8D11-00A0C91BC942}") = "HaltCoda", "HaltCoda\HaltCoda.vcxproj", "{F9B96CFA-CA90-40FA-9248-F7F3B530CDEB}"
EndProject
Project("{8BC9CEB8-8B4A-11D0-8D11-00A0C91BC942}") = "GraspDocumentation", "GraspDocumentation\GraspDocumentation.vcxproj", "{19E97A5A-DFCF-45D0-862E-48316001C0CB}"
EndProject
Project("{8BC9CEB8-8B4A-11D0-8D11-00A0C91BC942}") = "TestTimers", "TestTimers\TestTimers.vcxproj", "{12D361B3-2783-473B-BB2E-B09461C084F7}"
EndProject
Project("{8BC9CEB8-8B4A-11D0-8D11-00A0C91BC942}") = "OculusMouse", "OculusMouse\OculusMouse.vcxproj", "{9E5D3F95-06BA-42A2-8956-F82F126CF7A6}"
EndProject
Project("{8BC9CEB8-8B4A-11D0-8D11-00A0C91BC942}") = "TestDexServices", "TestDexServices\TestDexServices.vcxproj", "{1E42DBB7-5076-4298-B9D4-DCBEC6ADE67B}"
EndProject
Project("{8BC9CEB8-8B4A-11D0-8D11-00A0C91BC942}") = "AlignCodaToGL", "AlignCodaToGL\AlignCodaToGL.vcxproj", "{AA7B9489-69AF-4446-B824-2ED5B99C85DD}"
EndProject
Project("{8BC9CEB8-8B4A-11D0-8D11-00A0C91BC942}") = "DebugGraspViaSystem", "DebugGraspViaSystem\DebugGraspViaSystem.vcxproj", "{AC8C40BD-3E69-47FA-9857-F67024DFF9D5}"
EndProject
Project("{8BC9CEB8-8B4A-11D0-8D11-00A0C91BC942}") = "GraspHardwareStatus", "GraspHardwareStatus\GraspHardwareStatus.vcxproj", "{3B9EA91D-4B96-465C-94F7-D64D41B29155}"
EndProject
Project("{8BC9CEB8-8B4A-11D0-8D11-00A0C91BC942}") = "SequenceCreator", "SequenceCreator\SequenceCreator.vcxproj", "{00C7BCF0-90BC-4E72-8EC6-5CC443585B2A}"
EndProject
Project("{8BC9CEB8-8B4A-11D0-8D11-00A0C91BC942}") = "TestGraspTracker", "TestGraspTracker\TestGraspTracker.vcxproj", "{4A496E7B-5FFE-4A89-A8E1-2E57BC650C45}"
EndProject
Project("{8BC9CEB8-8B4A-11D0-8D11-00A0C91BC942}") = "TestVectorsMixin", "TestVectorsMixin\TestVectorsMixin.vcxproj", "{145A0F2C-591B-4C19-BF53-9C167967F496}"
EndProject
Project("{8BC9CEB8-8B4A-11D0-8D11-00A0C91BC942}") = "TestTrackerDaemon", "TestTrackerDaemon\TestTrackerDaemon.vcxproj", "{97261698-34B8-4510-9A32-74127F93906C}"
EndProject
Project("{8BC9CEB8-8B4A-11D0-8D11-00A0C91BC942}") = "GraspTrackerDaemon", "GraspTrackerDaemon\GraspTrackerDaemon.vcxproj", "{E987EBA3-C5E3-4B00-9BF0-08B0C7E2AE3B}"
EndProject
Project("{8BC9CEB8-8B4A-11D0-8D11-00A0C91BC942}") = "PhantomTypist", "PhantomTypist\PhantomTypist.vcxproj", "{67F668AC-6C81-4E33-8236-9E14EFAAC6C3}"
EndProject
Project("{8BC9CEB8-8B4A-11D0-8D11-00A0C91BC942}") = "WinPhantomTypist", "WinPhantomTypist\WinPhantomTypist.vcxproj", "{D4C9F17A-ADE6-46FD-A42B-BA0FAC7743FF}"
EndProject
Project("{8BC9CEB8-8B4A-11D0-8D11-00A0C91BC942}") = "WaitAndGoOculus", "WaitAndGo\WaitAndGo.vcxproj", "{4EDD9ACE-948C-4FE7-94B2-3FC787F2BBDA}"
EndProject
Project("{8BC9CEB8-8B4A-11D0-8D11-00A0C91BC942}") = "StartOculus", "StartOculus\StartOculus.vcxproj", "{B9598F12-DE85-4177-AEC3-D5AE2400DB33}"
EndProject
Project("{8BC9CEB8-8B4A-11D0-8D11-00A0C91BC942}") = "WaitForCodaDaemon", "WaitForCodaDaemon\WaitForCodaDaemon.vcxproj", "{C8FB03D6-66AF-46CD-A8FA-0D70B32A68C0}"
EndProject
Project("{8BC9CEB8-8B4A-11D0-8D11-00A0C91BC942}") = "LibOVR", "..\..\GraspOculusSDKv1.8\LibOVR\Projects\Windows\VS2010\LibOVR.vcxproj", "{EA50E705-5113-49E5-B105-2512EDC8DDC6}"
EndProject
Project("{8BC9CEB8-8B4A-11D0-8D11-00A0C91BC942}") = "OculusStartupCheck", "OculusStartupCheck\OculusStartupCheck.vcxproj", "{465AEFC2-B087-4FF6-B090-B60B01AF175F}"
EndProject
Project("{8BC9CEB8-8B4A-11D0-8D11-00A0C91BC942}") = "GiveFocusDamnIt", "GiveFocusDamnIt\GiveFocusDamnIt.vcxproj", "{FC7A2632-0A84-4E2E-B852-1AC3A2908325}"
EndProject
Project("{8BC9CEB8-8B4A-11D0-8D11-00A0C91BC942}") = "ReleaseRuntimeForGraspMMI", "ReleaseGraspMMI\ReleaseGraspMMI.vcxproj", "{4086841F-2D5B-431A-A584-F59D34D3A8F3}"
EndProject
Project("{8BC9CEB8-8B4A-11D0-8D11-00A0C91BC942}") = "CharnwoodLegacyAlignment", "CharnwoodLegacyAlignment\CharnwoodLegacyAlignment.vcxproj", "{AA3FEBD9-541F-4F80-9654-2DD3881826E7}"
EndProject
Project("{8BC9CEB8-8B4A-11D0-8D11-00A0C91BC942}") = "CodaLegacySDK", "CodaLegacySDK\CodaLegacySDK.vcxproj", "{5D0D4793-8F87-4A92-B6AA-1F48F18615E8}"
EndProject
Project("{8BC9CEB8-8B4A-11D0-8D11-00A0C91BC942}") = "AlignToAxisMarkersGUI", "AlignToAxisMarkersGUI\AlignToAxisMarkersGUI.vcxproj", "{9AA8F18B-FDE0-4B5B-8399-A5FE017305D7}"
EndProject
Project("{8BC9CEB8-8B4A-11D0-8D11-00A0C91BC942}") = "GraspMMIUtilities", "GraspMMIUtilities\GraspMMIUtilities.vcxproj", "{02A2555C-7310-461E-856D-6B1A75A56C57}"
EndProject
Project("{8BC9CEB8-8B4A-11D0-8D11-00A0C91BC942}") = "GraspMMIDataPlots", "GraspMMIDataPlots\GraspMMIDataPlots.vcxproj", "{44066FC7-1873-48A2-8151-C6867A15D0DF}"
EndProject
Project("{8BC9CEB8-8B4A-11D0-8D11-00A0C91BC942}") = "GraspMMIHistory", "GraspMMIHistory\GraspMMIHistory.vcxproj", "{AAA54E0C-8DD1-428E-BF0D-562A7E305A04}"
EndProject
Project("{8BC9CEB8-8B4A-11D0-8D11-00A0C91BC942}") = "CLWSemulator", "CLWSemulator\CLWSemulator.vcxproj", "{EC91DA99-703D-46A9-BC18-74D21ACE5B66}"
EndProject
Project("{8BC9CEB8-8B4A-11D0-8D11-00A0C91BC942}") = "GripGraspShowVersionInfo", "GripMMIShowVersionInfo\GripMMIShowVersionInfo.vcxproj", "{6DA9ED6E-C775-49C7-9526-38EBD30CD8CC}"
EndProject
Project("{8BC9CEB8-8B4A-11D0-8D11-00A0C91BC942}") = "Grip", "Grip\Grip.vcxproj", "{2B114BED-A19B-4BD5-9CA2-24C6418284F9}"
EndProject
Project("{8BC9CEB8-8B4A-11D0-8D11-00A0C91BC942}") = "DexGroundMonitorClient", "DexGroundMonitorClient\DexGroundMonitorClient.vcxproj", "{26C677E6-BBA3-4406-9E10-CE856AAC42F2}"
EndProject
Project("{8BC9CEB8-8B4A-11D0-8D11-00A0C91BC942}") = "PsyPhy2dGraphicsLib", "PsyPhy2dGraphicsLib\PsyPhy2dGraphicsLib.vcxproj", "{415BAC9D-F0EF-42C3-88F7-7B1386DF49DE}"
EndProject
Project("{8BC9CEB8-8B4A-11D0-8D11-00A0C91BC942}") = "PsyPhyGraphicsTest", "PsyPhyGraphicsTest\PsyPhyGraphicsTest.vcxproj", "{4E1D5D41-A4BC-457C-BF2E-0A65272ABBA7}"
EndProject
Project("{8BC9CEB8-8B4A-11D0-8D11-00A0C91BC942}") = "GripMMIlite", "GripMMIlite\GripMMIlite.vcxproj", "{C7F47A3E-3545-4460-9CB3-1E6A0B434BE0}"
EndProject
Project("{8BC9CEB8-8B4A-11D0-8D11-00A0C91BC942}") = "GripMMI", "GripMMI\GripMMI.vcxproj", "{F8AB8FA2-A247-457F-BA20-013A097A9BDF}"
EndProject
Project("{8BC9CEB8-8B4A-11D0-8D11-00A0C91BC942}") = "ReleaseRuntimeForGripMMI", "ReleaseGripMMI\ReleaseGripMMI.vcxproj", "{8665AD10-4D79-40B8-B7A2-6109CF281573}"
EndProject
Project("{8BC9CEB8-8B4A-11D0-8D11-00A0C91BC942}") = "UpdateRuntimeForGrasp", "UpdateRuntimeForGrasp\UpdateRuntimeForGrasp.vcxproj", "{D372AF87-B6C6-4007-B361-2DADA1A1C9D7}"
EndProject
Project("{8BC9CEB8-8B4A-11D0-8D11-00A0C91BC942}") = "UpdateRuntimeForGraspMMI", "UpdateRuntimeForGraspMMI\UpdateRuntimeForGraspMMI.vcxproj", "{240EE129-8610-4694-93D1-0A6FB2161E77}"
EndProject
Project("{8BC9CEB8-8B4A-11D0-8D11-00A0C91BC942}") = "UpdateRuntimeForGripMMI", "UpdateRuntimeForGripMMI\UpdateRuntimeForGripMMI.vcxproj", "{6AD8B336-2D20-4E2A-9766-91B367578405}"
EndProject
Project("{8BC9CEB8-8B4A-11D0-8D11-00A0C91BC942}") = "GripGraspVersionControl", "GripGraspVersionControl\GripGraspVersionControl.vcxproj", "{4329F637-D4ED-43C3-B510-6E7CFC14BFA3}"
EndProject
Project("{8BC9CEB8-8B4A-11D0-8D11-00A0C91BC942}") = "CommonTimestamp", "ForceRebuild\ForceRebuild.vcxproj", "{22A5F628-DC55-43A9-A729-95BD524B7054}"
EndProject
Project("{8BC9CEB8-8B4A-11D0-8D11-00A0C91BC942}") = "GraspMMIMirror", "GraspMMIMirror\GraspMMIMirror.vcxproj", "{EBCF095F-8685-4C8B-9778-502379D0DE58}"
EndProject
Project("{8BC9CEB8-8B4A-11D0-8D11-00A0C91BC942}") = "TweakRigidBodyModel", "TweakRigidBodyModel\TweakRigidBodyModel.vcxproj", "{00D4A7EE-D855-4F9A-98D5-F5081D3A444E}"
EndProject
Global
	GlobalSection(SolutionConfigurationPlatforms) = preSolution
		Debug|Win32 = Debug|Win32
		DebugTraining|Win32 = DebugTraining|Win32
		Release|Win32 = Release|Win32
		ReleaseBedrest|Win32 = ReleaseBedrest|Win32
		ReleaseDraft|Win32 = ReleaseDraft|Win32
		ReleaseTraining|Win32 = ReleaseTraining|Win32
		Test|Win32 = Test|Win32
	EndGlobalSection
	GlobalSection(ProjectConfigurationPlatforms) = postSolution
		{9DCDABB9-8979-4EF4-9D74-10ED8C1D7A56}.Debug|Win32.ActiveCfg = Debug|Win32
		{9DCDABB9-8979-4EF4-9D74-10ED8C1D7A56}.Debug|Win32.Build.0 = Debug|Win32
		{9DCDABB9-8979-4EF4-9D74-10ED8C1D7A56}.DebugTraining|Win32.ActiveCfg = Debug|Win32
		{9DCDABB9-8979-4EF4-9D74-10ED8C1D7A56}.DebugTraining|Win32.Build.0 = Debug|Win32
		{9DCDABB9-8979-4EF4-9D74-10ED8C1D7A56}.Release|Win32.ActiveCfg = Release|Win32
		{9DCDABB9-8979-4EF4-9D74-10ED8C1D7A56}.Release|Win32.Build.0 = Release|Win32
		{9DCDABB9-8979-4EF4-9D74-10ED8C1D7A56}.ReleaseBedrest|Win32.ActiveCfg = Release|Win32
		{9DCDABB9-8979-4EF4-9D74-10ED8C1D7A56}.ReleaseBedrest|Win32.Build.0 = Release|Win32
		{9DCDABB9-8979-4EF4-9D74-10ED8C1D7A56}.ReleaseDraft|Win32.ActiveCfg = Release|Win32
		{9DCDABB9-8979-4EF4-9D74-10ED8C1D7A56}.ReleaseDraft|Win32.Build.0 = Release|Win32
		{9DCDABB9-8979-4EF4-9D74-10ED8C1D7A56}.ReleaseTraining|Win32.ActiveCfg = Release|Win32
		{9DCDABB9-8979-4EF4-9D74-10ED8C1D7A56}.ReleaseTraining|Win32.Build.0 = Release|Win32
		{9DCDABB9-8979-4EF4-9D74-10ED8C1D7A56}.Test|Win32.ActiveCfg = Release|Win32
		{9DCDABB9-8979-4EF4-9D74-10ED8C1D7A56}.Test|Win32.Build.0 = Release|Win32
		{6565A1CE-B49E-4E86-A49E-C5080DF46B31}.Debug|Win32.ActiveCfg = Debug|Win32
		{6565A1CE-B49E-4E86-A49E-C5080DF46B31}.Debug|Win32.Build.0 = Debug|Win32
		{6565A1CE-B49E-4E86-A49E-C5080DF46B31}.DebugTraining|Win32.ActiveCfg = Debug|Win32
		{6565A1CE-B49E-4E86-A49E-C5080DF46B31}.DebugTraining|Win32.Build.0 = Debug|Win32
		{6565A1CE-B49E-4E86-A49E-C5080DF46B31}.Release|Win32.ActiveCfg = Release|Win32
		{6565A1CE-B49E-4E86-A49E-C5080DF46B31}.Release|Win32.Build.0 = Release|Win32
		{6565A1CE-B49E-4E86-A49E-C5080DF46B31}.ReleaseBedrest|Win32.ActiveCfg = Release|Win32
		{6565A1CE-B49E-4E86-A49E-C5080DF46B31}.ReleaseBedrest|Win32.Build.0 = Release|Win32
		{6565A1CE-B49E-4E86-A49E-C5080DF46B31}.ReleaseDraft|Win32.ActiveCfg = Release|Win32
		{6565A1CE-B49E-4E86-A49E-C5080DF46B31}.ReleaseDraft|Win32.Build.0 = Release|Win32
		{6565A1CE-B49E-4E86-A49E-C5080DF46B31}.ReleaseTraining|Win32.ActiveCfg = Release|Win32
		{6565A1CE-B49E-4E86-A49E-C5080DF46B31}.ReleaseTraining|Win32.Build.0 = Release|Win32
		{6565A1CE-B49E-4E86-A49E-C5080DF46B31}.Test|Win32.ActiveCfg = Release|Win32
		{6565A1CE-B49E-4E86-A49E-C5080DF46B31}.Test|Win32.Build.0 = Release|Win32
		{8AFF76E8-B71A-4241-8142-ED248F243A5A}.Debug|Win32.ActiveCfg = Debug|Win32
		{8AFF76E8-B71A-4241-8142-ED248F243A5A}.Debug|Win32.Build.0 = Debug|Win32
		{8AFF76E8-B71A-4241-8142-ED248F243A5A}.DebugTraining|Win32.ActiveCfg = Debug|Win32
		{8AFF76E8-B71A-4241-8142-ED248F243A5A}.DebugTraining|Win32.Build.0 = Debug|Win32
		{8AFF76E8-B71A-4241-8142-ED248F243A5A}.Release|Win32.ActiveCfg = Release|Win32
		{8AFF76E8-B71A-4241-8142-ED248F243A5A}.Release|Win32.Build.0 = Release|Win32
		{8AFF76E8-B71A-4241-8142-ED248F243A5A}.ReleaseBedrest|Win32.ActiveCfg = Release|Win32
		{8AFF76E8-B71A-4241-8142-ED248F243A5A}.ReleaseBedrest|Win32.Build.0 = Release|Win32
		{8AFF76E8-B71A-4241-8142-ED248F243A5A}.ReleaseDraft|Win32.ActiveCfg = Release|Win32
		{8AFF76E8-B71A-4241-8142-ED248F243A5A}.ReleaseDraft|Win32.Build.0 = Release|Win32
		{8AFF76E8-B71A-4241-8142-ED248F243A5A}.ReleaseTraining|Win32.ActiveCfg = Release|Win32
		{8AFF76E8-B71A-4241-8142-ED248F243A5A}.ReleaseTraining|Win32.Build.0 = Release|Win32
		{8AFF76E8-B71A-4241-8142-ED248F243A5A}.Test|Win32.ActiveCfg = Release|Win32
		{8AFF76E8-B71A-4241-8142-ED248F243A5A}.Test|Win32.Build.0 = Release|Win32
		{1E440AE3-5AAC-4A68-B0E2-37F4CB2BBA4A}.Debug|Win32.ActiveCfg = Debug|Win32
		{1E440AE3-5AAC-4A68-B0E2-37F4CB2BBA4A}.Debug|Win32.Build.0 = Debug|Win32
		{1E440AE3-5AAC-4A68-B0E2-37F4CB2BBA4A}.DebugTraining|Win32.ActiveCfg = Debug|Win32
		{1E440AE3-5AAC-4A68-B0E2-37F4CB2BBA4A}.DebugTraining|Win32.Build.0 = Debug|Win32
		{1E440AE3-5AAC-4A68-B0E2-37F4CB2BBA4A}.Release|Win32.ActiveCfg = Release|Win32
		{1E440AE3-5AAC-4A68-B0E2-37F4CB2BBA4A}.Release|Win32.Build.0 = Release|Win32
		{1E440AE3-5AAC-4A68-B0E2-37F4CB2BBA4A}.ReleaseBedrest|Win32.ActiveCfg = Release|Win32
		{1E440AE3-5AAC-4A68-B0E2-37F4CB2BBA4A}.ReleaseBedrest|Win32.Build.0 = Release|Win32
		{1E440AE3-5AAC-4A68-B0E2-37F4CB2BBA4A}.ReleaseDraft|Win32.ActiveCfg = Release|Win32
		{1E440AE3-5AAC-4A68-B0E2-37F4CB2BBA4A}.ReleaseDraft|Win32.Build.0 = Release|Win32
		{1E440AE3-5AAC-4A68-B0E2-37F4CB2BBA4A}.ReleaseTraining|Win32.ActiveCfg = Release|Win32
		{1E440AE3-5AAC-4A68-B0E2-37F4CB2BBA4A}.ReleaseTraining|Win32.Build.0 = Release|Win32
		{1E440AE3-5AAC-4A68-B0E2-37F4CB2BBA4A}.Test|Win32.ActiveCfg = Release|Win32
		{1E440AE3-5AAC-4A68-B0E2-37F4CB2BBA4A}.Test|Win32.Build.0 = Release|Win32
		{4D956433-930D-4331-A512-93C7BD865CE5}.Debug|Win32.ActiveCfg = Debug|Win32
		{4D956433-930D-4331-A512-93C7BD865CE5}.Debug|Win32.Build.0 = Debug|Win32
		{4D956433-930D-4331-A512-93C7BD865CE5}.DebugTraining|Win32.ActiveCfg = Debug|Win32
		{4D956433-930D-4331-A512-93C7BD865CE5}.DebugTraining|Win32.Build.0 = Debug|Win32
		{4D956433-930D-4331-A512-93C7BD865CE5}.Release|Win32.ActiveCfg = Release|Win32
		{4D956433-930D-4331-A512-93C7BD865CE5}.Release|Win32.Build.0 = Release|Win32
		{4D956433-930D-4331-A512-93C7BD865CE5}.ReleaseBedrest|Win32.ActiveCfg = Release|Win32
		{4D956433-930D-4331-A512-93C7BD865CE5}.ReleaseBedrest|Win32.Build.0 = Release|Win32
		{4D956433-930D-4331-A512-93C7BD865CE5}.ReleaseDraft|Win32.ActiveCfg = Release|Win32
		{4D956433-930D-4331-A512-93C7BD865CE5}.ReleaseDraft|Win32.Build.0 = Release|Win32
		{4D956433-930D-4331-A512-93C7BD865CE5}.ReleaseTraining|Win32.ActiveCfg = Release|Win32
		{4D956433-930D-4331-A512-93C7BD865CE5}.ReleaseTraining|Win32.Build.0 = Release|Win32
		{4D956433-930D-4331-A512-93C7BD865CE5}.Test|Win32.ActiveCfg = Release|Win32
		{4D956433-930D-4331-A512-93C7BD865CE5}.Test|Win32.Build.0 = Release|Win32
		{44EC28D5-22D2-414A-9F40-1BF29EF832D9}.Debug|Win32.ActiveCfg = Debug|Win32
		{44EC28D5-22D2-414A-9F40-1BF29EF832D9}.Debug|Win32.Build.0 = Debug|Win32
		{44EC28D5-22D2-414A-9F40-1BF29EF832D9}.DebugTraining|Win32.ActiveCfg = Debug|Win32
		{44EC28D5-22D2-414A-9F40-1BF29EF832D9}.DebugTraining|Win32.Build.0 = Debug|Win32
		{44EC28D5-22D2-414A-9F40-1BF29EF832D9}.Release|Win32.ActiveCfg = Release|Win32
		{44EC28D5-22D2-414A-9F40-1BF29EF832D9}.Release|Win32.Build.0 = Release|Win32
		{44EC28D5-22D2-414A-9F40-1BF29EF832D9}.ReleaseBedrest|Win32.ActiveCfg = Release|Win32
		{44EC28D5-22D2-414A-9F40-1BF29EF832D9}.ReleaseBedrest|Win32.Build.0 = Release|Win32
		{44EC28D5-22D2-414A-9F40-1BF29EF832D9}.ReleaseDraft|Win32.ActiveCfg = Release|Win32
		{44EC28D5-22D2-414A-9F40-1BF29EF832D9}.ReleaseDraft|Win32.Build.0 = Release|Win32
		{44EC28D5-22D2-414A-9F40-1BF29EF832D9}.ReleaseTraining|Win32.ActiveCfg = Release|Win32
		{44EC28D5-22D2-414A-9F40-1BF29EF832D9}.ReleaseTraining|Win32.Build.0 = Release|Win32
		{44EC28D5-22D2-414A-9F40-1BF29EF832D9}.Test|Win32.ActiveCfg = Release|Win32
		{44EC28D5-22D2-414A-9F40-1BF29EF832D9}.Test|Win32.Build.0 = Release|Win32
		{964BBD65-C198-4A02-8255-349803BDB59D}.Debug|Win32.ActiveCfg = Debug|Win32
		{964BBD65-C198-4A02-8255-349803BDB59D}.Debug|Win32.Build.0 = Debug|Win32
		{964BBD65-C198-4A02-8255-349803BDB59D}.DebugTraining|Win32.ActiveCfg = Debug|Win32
		{964BBD65-C198-4A02-8255-349803BDB59D}.DebugTraining|Win32.Build.0 = Debug|Win32
		{964BBD65-C198-4A02-8255-349803BDB59D}.Release|Win32.ActiveCfg = Release|Win32
		{964BBD65-C198-4A02-8255-349803BDB59D}.Release|Win32.Build.0 = Release|Win32
		{964BBD65-C198-4A02-8255-349803BDB59D}.ReleaseBedrest|Win32.ActiveCfg = Release|Win32
		{964BBD65-C198-4A02-8255-349803BDB59D}.ReleaseBedrest|Win32.Build.0 = Release|Win32
		{964BBD65-C198-4A02-8255-349803BDB59D}.ReleaseDraft|Win32.ActiveCfg = Release|Win32
		{964BBD65-C198-4A02-8255-349803BDB59D}.ReleaseDraft|Win32.Build.0 = Release|Win32
		{964BBD65-C198-4A02-8255-349803BDB59D}.ReleaseTraining|Win32.ActiveCfg = Release|Win32
		{964BBD65-C198-4A02-8255-349803BDB59D}.ReleaseTraining|Win32.Build.0 = Release|Win32
		{964BBD65-C198-4A02-8255-349803BDB59D}.Test|Win32.ActiveCfg = Release|Win32
		{964BBD65-C198-4A02-8255-349803BDB59D}.Test|Win32.Build.0 = Release|Win32
		{A80917F9-EF9D-4B0A-AA31-ACAEE6BD26E2}.Debug|Win32.ActiveCfg = Debug|Win32
		{A80917F9-EF9D-4B0A-AA31-ACAEE6BD26E2}.Debug|Win32.Build.0 = Debug|Win32
		{A80917F9-EF9D-4B0A-AA31-ACAEE6BD26E2}.DebugTraining|Win32.ActiveCfg = Debug|Win32
		{A80917F9-EF9D-4B0A-AA31-ACAEE6BD26E2}.DebugTraining|Win32.Build.0 = Debug|Win32
		{A80917F9-EF9D-4B0A-AA31-ACAEE6BD26E2}.Release|Win32.ActiveCfg = Release|Win32
		{A80917F9-EF9D-4B0A-AA31-ACAEE6BD26E2}.Release|Win32.Build.0 = Release|Win32
		{A80917F9-EF9D-4B0A-AA31-ACAEE6BD26E2}.ReleaseBedrest|Win32.ActiveCfg = Release|Win32
		{A80917F9-EF9D-4B0A-AA31-ACAEE6BD26E2}.ReleaseBedrest|Win32.Build.0 = Release|Win32
		{A80917F9-EF9D-4B0A-AA31-ACAEE6BD26E2}.ReleaseDraft|Win32.ActiveCfg = Release|Win32
		{A80917F9-EF9D-4B0A-AA31-ACAEE6BD26E2}.ReleaseDraft|Win32.Build.0 = Release|Win32
		{A80917F9-EF9D-4B0A-AA31-ACAEE6BD26E2}.ReleaseTraining|Win32.ActiveCfg = Release|Win32
		{A80917F9-EF9D-4B0A-AA31-ACAEE6BD26E2}.ReleaseTraining|Win32.Build.0 = Release|Win32
		{A80917F9-EF9D-4B0A-AA31-ACAEE6BD26E2}.Test|Win32.ActiveCfg = Release|Win32
		{A80917F9-EF9D-4B0A-AA31-ACAEE6BD26E2}.Test|Win32.Build.0 = Release|Win32
		{41BBF00C-DF99-4192-A876-D57C22ECFD53}.Debug|Win32.ActiveCfg = Debug|Win32
		{41BBF00C-DF99-4192-A876-D57C22ECFD53}.Debug|Win32.Build.0 = Debug|Win32
		{41BBF00C-DF99-4192-A876-D57C22ECFD53}.DebugTraining|Win32.ActiveCfg = Debug|Win32
		{41BBF00C-DF99-4192-A876-D57C22ECFD53}.DebugTraining|Win32.Build.0 = Debug|Win32
		{41BBF00C-DF99-4192-A876-D57C22ECFD53}.Release|Win32.ActiveCfg = Release|Win32
		{41BBF00C-DF99-4192-A876-D57C22ECFD53}.Release|Win32.Build.0 = Release|Win32
		{41BBF00C-DF99-4192-A876-D57C22ECFD53}.ReleaseBedrest|Win32.ActiveCfg = Release|Win32
		{41BBF00C-DF99-4192-A876-D57C22ECFD53}.ReleaseBedrest|Win32.Build.0 = Release|Win32
		{41BBF00C-DF99-4192-A876-D57C22ECFD53}.ReleaseDraft|Win32.ActiveCfg = Release|Win32
		{41BBF00C-DF99-4192-A876-D57C22ECFD53}.ReleaseDraft|Win32.Build.0 = Release|Win32
		{41BBF00C-DF99-4192-A876-D57C22ECFD53}.ReleaseTraining|Win32.ActiveCfg = Release|Win32
		{41BBF00C-DF99-4192-A876-D57C22ECFD53}.ReleaseTraining|Win32.Build.0 = Release|Win32
		{41BBF00C-DF99-4192-A876-D57C22ECFD53}.Test|Win32.ActiveCfg = Release|Win32
		{41BBF00C-DF99-4192-A876-D57C22ECFD53}.Test|Win32.Build.0 = Release|Win32
		{BA718EC0-44BD-4821-871B-0A35A77E3251}.Debug|Win32.ActiveCfg = Debug|Win32
		{BA718EC0-44BD-4821-871B-0A35A77E3251}.Debug|Win32.Build.0 = Debug|Win32
		{BA718EC0-44BD-4821-871B-0A35A77E3251}.DebugTraining|Win32.ActiveCfg = Debug|Win32
		{BA718EC0-44BD-4821-871B-0A35A77E3251}.DebugTraining|Win32.Build.0 = Debug|Win32
		{BA718EC0-44BD-4821-871B-0A35A77E3251}.Release|Win32.ActiveCfg = Release|Win32
		{BA718EC0-44BD-4821-871B-0A35A77E3251}.Release|Win32.Build.0 = Release|Win32
		{BA718EC0-44BD-4821-871B-0A35A77E3251}.ReleaseBedrest|Win32.ActiveCfg = Release|Win32
		{BA718EC0-44BD-4821-871B-0A35A77E3251}.ReleaseBedrest|Win32.Build.0 = Release|Win32
		{BA718EC0-44BD-4821-871B-0A35A77E3251}.ReleaseDraft|Win32.ActiveCfg = Release|Win32
		{BA718EC0-44BD-4821-871B-0A35A77E3251}.ReleaseDraft|Win32.Build.0 = Release|Win32
		{BA718EC0-44BD-4821-871B-0A35A77E3251}.ReleaseTraining|Win32.ActiveCfg = Release|Win32
		{BA718EC0-44BD-4821-871B-0A35A77E3251}.ReleaseTraining|Win32.Build.0 = Release|Win32
		{BA718EC0-44BD-4821-871B-0A35A77E3251}.Test|Win32.ActiveCfg = Release|Win32
		{BA718EC0-44BD-4821-871B-0A35A77E3251}.Test|Win32.Build.0 = Release|Win32
		{C5CC589F-3534-4691-8772-BB74742F58B5}.Debug|Win32.ActiveCfg = Debug|Win32
		{C5CC589F-3534-4691-8772-BB74742F58B5}.Debug|Win32.Build.0 = Debug|Win32
		{C5CC589F-3534-4691-8772-BB74742F58B5}.DebugTraining|Win32.ActiveCfg = Debug|Win32
		{C5CC589F-3534-4691-8772-BB74742F58B5}.DebugTraining|Win32.Build.0 = Debug|Win32
		{C5CC589F-3534-4691-8772-BB74742F58B5}.Release|Win32.ActiveCfg = Release|Win32
		{C5CC589F-3534-4691-8772-BB74742F58B5}.Release|Win32.Build.0 = Release|Win32
		{C5CC589F-3534-4691-8772-BB74742F58B5}.ReleaseBedrest|Win32.ActiveCfg = Release|Win32
		{C5CC589F-3534-4691-8772-BB74742F58B5}.ReleaseBedrest|Win32.Build.0 = Release|Win32
		{C5CC589F-3534-4691-8772-BB74742F58B5}.ReleaseDraft|Win32.ActiveCfg = Release|Win32
		{C5CC589F-3534-4691-8772-BB74742F58B5}.ReleaseDraft|Win32.Build.0 = Release|Win32
		{C5CC589F-3534-4691-8772-BB74742F58B5}.ReleaseTraining|Win32.ActiveCfg = Release|Win32
		{C5CC589F-3534-4691-8772-BB74742F58B5}.ReleaseTraining|Win32.Build.0 = Release|Win32
		{C5CC589F-3534-4691-8772-BB74742F58B5}.Test|Win32.ActiveCfg = Release|Win32
		{C5CC589F-3534-4691-8772-BB74742F58B5}.Test|Win32.Build.0 = Release|Win32
		{DF6858A7-4A03-440A-AB41-11CC74EFC396}.Debug|Win32.ActiveCfg = Debug|Win32
		{DF6858A7-4A03-440A-AB41-11CC74EFC396}.Debug|Win32.Build.0 = Debug|Win32
		{DF6858A7-4A03-440A-AB41-11CC74EFC396}.DebugTraining|Win32.ActiveCfg = Debug|Win32
		{DF6858A7-4A03-440A-AB41-11CC74EFC396}.DebugTraining|Win32.Build.0 = Debug|Win32
		{DF6858A7-4A03-440A-AB41-11CC74EFC396}.Release|Win32.ActiveCfg = Release|Win32
		{DF6858A7-4A03-440A-AB41-11CC74EFC396}.Release|Win32.Build.0 = Release|Win32
		{DF6858A7-4A03-440A-AB41-11CC74EFC396}.ReleaseBedrest|Win32.ActiveCfg = Release|Win32
		{DF6858A7-4A03-440A-AB41-11CC74EFC396}.ReleaseBedrest|Win32.Build.0 = Release|Win32
		{DF6858A7-4A03-440A-AB41-11CC74EFC396}.ReleaseDraft|Win32.ActiveCfg = Release|Win32
		{DF6858A7-4A03-440A-AB41-11CC74EFC396}.ReleaseDraft|Win32.Build.0 = Release|Win32
		{DF6858A7-4A03-440A-AB41-11CC74EFC396}.ReleaseTraining|Win32.ActiveCfg = Release|Win32
		{DF6858A7-4A03-440A-AB41-11CC74EFC396}.ReleaseTraining|Win32.Build.0 = Release|Win32
		{DF6858A7-4A03-440A-AB41-11CC74EFC396}.Test|Win32.ActiveCfg = Release|Win32
		{DF6858A7-4A03-440A-AB41-11CC74EFC396}.Test|Win32.Build.0 = Release|Win32
		{92626B0E-65F3-4CAA-927C-3246D766C7BE}.Debug|Win32.ActiveCfg = Debug|Win32
		{92626B0E-65F3-4CAA-927C-3246D766C7BE}.Debug|Win32.Build.0 = Debug|Win32
		{92626B0E-65F3-4CAA-927C-3246D766C7BE}.DebugTraining|Win32.ActiveCfg = Debug|Win32
		{92626B0E-65F3-4CAA-927C-3246D766C7BE}.DebugTraining|Win32.Build.0 = Debug|Win32
		{92626B0E-65F3-4CAA-927C-3246D766C7BE}.Release|Win32.ActiveCfg = Release|Win32
		{92626B0E-65F3-4CAA-927C-3246D766C7BE}.Release|Win32.Build.0 = Release|Win32
		{92626B0E-65F3-4CAA-927C-3246D766C7BE}.ReleaseBedrest|Win32.ActiveCfg = Release|Win32
		{92626B0E-65F3-4CAA-927C-3246D766C7BE}.ReleaseBedrest|Win32.Build.0 = Release|Win32
		{92626B0E-65F3-4CAA-927C-3246D766C7BE}.ReleaseDraft|Win32.ActiveCfg = Release|Win32
		{92626B0E-65F3-4CAA-927C-3246D766C7BE}.ReleaseDraft|Win32.Build.0 = Release|Win32
		{92626B0E-65F3-4CAA-927C-3246D766C7BE}.ReleaseTraining|Win32.ActiveCfg = Release|Win32
		{92626B0E-65F3-4CAA-927C-3246D766C7BE}.ReleaseTraining|Win32.Build.0 = Release|Win32
		{92626B0E-65F3-4CAA-927C-3246D766C7BE}.Test|Win32.ActiveCfg = Release|Win32
		{92626B0E-65F3-4CAA-927C-3246D766C7BE}.Test|Win32.Build.0 = Release|Win32
		{B568B9C8-5E8F-4A05-AB45-79CE7F8271D8}.Debug|Win32.ActiveCfg = Debug|Win32
		{B568B9C8-5E8F-4A05-AB45-79CE7F8271D8}.Debug|Win32.Build.0 = Debug|Win32
		{B568B9C8-5E8F-4A05-AB45-79CE7F8271D8}.DebugTraining|Win32.ActiveCfg = Debug|Win32
		{B568B9C8-5E8F-4A05-AB45-79CE7F8271D8}.DebugTraining|Win32.Build.0 = Debug|Win32
		{B568B9C8-5E8F-4A05-AB45-79CE7F8271D8}.Release|Win32.ActiveCfg = Release|Win32
		{B568B9C8-5E8F-4A05-AB45-79CE7F8271D8}.Release|Win32.Build.0 = Release|Win32
		{B568B9C8-5E8F-4A05-AB45-79CE7F8271D8}.ReleaseBedrest|Win32.ActiveCfg = Release|Win32
		{B568B9C8-5E8F-4A05-AB45-79CE7F8271D8}.ReleaseBedrest|Win32.Build.0 = Release|Win32
		{B568B9C8-5E8F-4A05-AB45-79CE7F8271D8}.ReleaseDraft|Win32.ActiveCfg = Release|Win32
		{B568B9C8-5E8F-4A05-AB45-79CE7F8271D8}.ReleaseDraft|Win32.Build.0 = Release|Win32
		{B568B9C8-5E8F-4A05-AB45-79CE7F8271D8}.ReleaseTraining|Win32.ActiveCfg = Release|Win32
		{B568B9C8-5E8F-4A05-AB45-79CE7F8271D8}.ReleaseTraining|Win32.Build.0 = Release|Win32
		{B568B9C8-5E8F-4A05-AB45-79CE7F8271D8}.Test|Win32.ActiveCfg = Release|Win32
		{B568B9C8-5E8F-4A05-AB45-79CE7F8271D8}.Test|Win32.Build.0 = Release|Win32
		{8B7A559E-2C00-4DE9-9B5D-975075883526}.Debug|Win32.ActiveCfg = Debug|Win32
		{8B7A559E-2C00-4DE9-9B5D-975075883526}.Debug|Win32.Build.0 = Debug|Win32
		{8B7A559E-2C00-4DE9-9B5D-975075883526}.DebugTraining|Win32.ActiveCfg = Debug|Win32
		{8B7A559E-2C00-4DE9-9B5D-975075883526}.DebugTraining|Win32.Build.0 = Debug|Win32
		{8B7A559E-2C00-4DE9-9B5D-975075883526}.Release|Win32.ActiveCfg = Release|Win32
		{8B7A559E-2C00-4DE9-9B5D-975075883526}.Release|Win32.Build.0 = Release|Win32
		{8B7A559E-2C00-4DE9-9B5D-975075883526}.ReleaseBedrest|Win32.ActiveCfg = Release|Win32
		{8B7A559E-2C00-4DE9-9B5D-975075883526}.ReleaseBedrest|Win32.Build.0 = Release|Win32
		{8B7A559E-2C00-4DE9-9B5D-975075883526}.ReleaseDraft|Win32.ActiveCfg = Release|Win32
		{8B7A559E-2C00-4DE9-9B5D-975075883526}.ReleaseDraft|Win32.Build.0 = Release|Win32
		{8B7A559E-2C00-4DE9-9B5D-975075883526}.ReleaseTraining|Win32.ActiveCfg = Release|Win32
		{8B7A559E-2C00-4DE9-9B5D-975075883526}.ReleaseTraining|Win32.Build.0 = Release|Win32
		{8B7A559E-2C00-4DE9-9B5D-975075883526}.Test|Win32.ActiveCfg = Release|Win32
		{8B7A559E-2C00-4DE9-9B5D-975075883526}.Test|Win32.Build.0 = Release|Win32
		{266170C2-0878-422F-A262-D1023C084B26}.Debug|Win32.ActiveCfg = Debug|Win32
		{266170C2-0878-422F-A262-D1023C084B26}.Debug|Win32.Build.0 = Debug|Win32
		{266170C2-0878-422F-A262-D1023C084B26}.DebugTraining|Win32.ActiveCfg = Debug|Win32
		{266170C2-0878-422F-A262-D1023C084B26}.DebugTraining|Win32.Build.0 = Debug|Win32
		{266170C2-0878-422F-A262-D1023C084B26}.Release|Win32.ActiveCfg = Release|Win32
		{266170C2-0878-422F-A262-D1023C084B26}.Release|Win32.Build.0 = Release|Win32
		{266170C2-0878-422F-A262-D1023C084B26}.ReleaseBedrest|Win32.ActiveCfg = Release|Win32
		{266170C2-0878-422F-A262-D1023C084B26}.ReleaseBedrest|Win32.Build.0 = Release|Win32
		{266170C2-0878-422F-A262-D1023C084B26}.ReleaseDraft|Win32.ActiveCfg = Release|Win32
		{266170C2-0878-422F-A262-D1023C084B26}.ReleaseDraft|Win32.Build.0 = Release|Win32
		{266170C2-0878-422F-A262-D1023C084B26}.ReleaseTraining|Win32.ActiveCfg = Release|Win32
		{266170C2-0878-422F-A262-D1023C084B26}.ReleaseTraining|Win32.Build.0 = Release|Win32
		{266170C2-0878-422F-A262-D1023C084B26}.Test|Win32.ActiveCfg = Release|Win32
		{266170C2-0878-422F-A262-D1023C084B26}.Test|Win32.Build.0 = Release|Win32
		{423DBCDB-EB88-4CFF-9B04-D863F2BDE835}.Debug|Win32.ActiveCfg = Debug|Win32
		{423DBCDB-EB88-4CFF-9B04-D863F2BDE835}.Debug|Win32.Build.0 = Debug|Win32
		{423DBCDB-EB88-4CFF-9B04-D863F2BDE835}.DebugTraining|Win32.ActiveCfg = Debug|Win32
		{423DBCDB-EB88-4CFF-9B04-D863F2BDE835}.DebugTraining|Win32.Build.0 = Debug|Win32
		{423DBCDB-EB88-4CFF-9B04-D863F2BDE835}.Release|Win32.ActiveCfg = Release|Win32
		{423DBCDB-EB88-4CFF-9B04-D863F2BDE835}.Release|Win32.Build.0 = Release|Win32
		{423DBCDB-EB88-4CFF-9B04-D863F2BDE835}.ReleaseBedrest|Win32.ActiveCfg = Release|Win32
		{423DBCDB-EB88-4CFF-9B04-D863F2BDE835}.ReleaseBedrest|Win32.Build.0 = Release|Win32
		{423DBCDB-EB88-4CFF-9B04-D863F2BDE835}.ReleaseDraft|Win32.ActiveCfg = Release|Win32
		{423DBCDB-EB88-4CFF-9B04-D863F2BDE835}.ReleaseDraft|Win32.Build.0 = Release|Win32
		{423DBCDB-EB88-4CFF-9B04-D863F2BDE835}.ReleaseTraining|Win32.ActiveCfg = Release|Win32
		{423DBCDB-EB88-4CFF-9B04-D863F2BDE835}.ReleaseTraining|Win32.Build.0 = Release|Win32
		{423DBCDB-EB88-4CFF-9B04-D863F2BDE835}.Test|Win32.ActiveCfg = Release|Win32
		{423DBCDB-EB88-4CFF-9B04-D863F2BDE835}.Test|Win32.Build.0 = Release|Win32
		{6F8E2FE1-CEC7-4DF5-A189-B0E812A4B399}.Debug|Win32.ActiveCfg = Debug|Win32
		{6F8E2FE1-CEC7-4DF5-A189-B0E812A4B399}.Debug|Win32.Build.0 = Debug|Win32
		{6F8E2FE1-CEC7-4DF5-A189-B0E812A4B399}.DebugTraining|Win32.ActiveCfg = Debug|Win32
		{6F8E2FE1-CEC7-4DF5-A189-B0E812A4B399}.DebugTraining|Win32.Build.0 = Debug|Win32
		{6F8E2FE1-CEC7-4DF5-A189-B0E812A4B399}.Release|Win32.ActiveCfg = Release|Win32
		{6F8E2FE1-CEC7-4DF5-A189-B0E812A4B399}.Release|Win32.Build.0 = Release|Win32
		{6F8E2FE1-CEC7-4DF5-A189-B0E812A4B399}.ReleaseBedrest|Win32.ActiveCfg = Release|Win32
		{6F8E2FE1-CEC7-4DF5-A189-B0E812A4B399}.ReleaseBedrest|Win32.Build.0 = Release|Win32
		{6F8E2FE1-CEC7-4DF5-A189-B0E812A4B399}.ReleaseDraft|Win32.ActiveCfg = Release|Win32
		{6F8E2FE1-CEC7-4DF5-A189-B0E812A4B399}.ReleaseDraft|Win32.Build.0 = Release|Win32
		{6F8E2FE1-CEC7-4DF5-A189-B0E812A4B399}.ReleaseTraining|Win32.ActiveCfg = Release|Win32
		{6F8E2FE1-CEC7-4DF5-A189-B0E812A4B399}.ReleaseTraining|Win32.Build.0 = Release|Win32
		{6F8E2FE1-CEC7-4DF5-A189-B0E812A4B399}.Test|Win32.ActiveCfg = Release|Win32
		{6F8E2FE1-CEC7-4DF5-A189-B0E812A4B399}.Test|Win32.Build.0 = Release|Win32
		{F238FC55-FF73-4094-8BDE-F14A39B1DB0A}.Debug|Win32.ActiveCfg = Debug|Win32
		{F238FC55-FF73-4094-8BDE-F14A39B1DB0A}.Debug|Win32.Build.0 = Debug|Win32
		{F238FC55-FF73-4094-8BDE-F14A39B1DB0A}.DebugTraining|Win32.ActiveCfg = Debug|Win32
		{F238FC55-FF73-4094-8BDE-F14A39B1DB0A}.DebugTraining|Win32.Build.0 = Debug|Win32
		{F238FC55-FF73-4094-8BDE-F14A39B1DB0A}.Release|Win32.ActiveCfg = Release|Win32
		{F238FC55-FF73-4094-8BDE-F14A39B1DB0A}.Release|Win32.Build.0 = Release|Win32
		{F238FC55-FF73-4094-8BDE-F14A39B1DB0A}.ReleaseBedrest|Win32.ActiveCfg = Release|Win32
		{F238FC55-FF73-4094-8BDE-F14A39B1DB0A}.ReleaseBedrest|Win32.Build.0 = Release|Win32
		{F238FC55-FF73-4094-8BDE-F14A39B1DB0A}.ReleaseDraft|Win32.ActiveCfg = Release|Win32
		{F238FC55-FF73-4094-8BDE-F14A39B1DB0A}.ReleaseDraft|Win32.Build.0 = Release|Win32
		{F238FC55-FF73-4094-8BDE-F14A39B1DB0A}.ReleaseTraining|Win32.ActiveCfg = Release|Win32
		{F238FC55-FF73-4094-8BDE-F14A39B1DB0A}.ReleaseTraining|Win32.Build.0 = Release|Win32
		{F238FC55-FF73-4094-8BDE-F14A39B1DB0A}.Test|Win32.ActiveCfg = Release|Win32
		{F238FC55-FF73-4094-8BDE-F14A39B1DB0A}.Test|Win32.Build.0 = Release|Win32
		{B487A9CA-0F57-426C-B2C5-A4FE3DC49C2C}.Debug|Win32.ActiveCfg = Debug|Win32
		{B487A9CA-0F57-426C-B2C5-A4FE3DC49C2C}.Debug|Win32.Build.0 = Debug|Win32
		{B487A9CA-0F57-426C-B2C5-A4FE3DC49C2C}.DebugTraining|Win32.ActiveCfg = Debug|Win32
		{B487A9CA-0F57-426C-B2C5-A4FE3DC49C2C}.DebugTraining|Win32.Build.0 = Debug|Win32
		{B487A9CA-0F57-426C-B2C5-A4FE3DC49C2C}.Release|Win32.ActiveCfg = Release|Win32
		{B487A9CA-0F57-426C-B2C5-A4FE3DC49C2C}.Release|Win32.Build.0 = Release|Win32
		{B487A9CA-0F57-426C-B2C5-A4FE3DC49C2C}.ReleaseBedrest|Win32.ActiveCfg = Release|Win32
		{B487A9CA-0F57-426C-B2C5-A4FE3DC49C2C}.ReleaseBedrest|Win32.Build.0 = Release|Win32
		{B487A9CA-0F57-426C-B2C5-A4FE3DC49C2C}.ReleaseDraft|Win32.ActiveCfg = Release|Win32
		{B487A9CA-0F57-426C-B2C5-A4FE3DC49C2C}.ReleaseDraft|Win32.Build.0 = Release|Win32
		{B487A9CA-0F57-426C-B2C5-A4FE3DC49C2C}.ReleaseTraining|Win32.ActiveCfg = Release|Win32
		{B487A9CA-0F57-426C-B2C5-A4FE3DC49C2C}.ReleaseTraining|Win32.Build.0 = Release|Win32
		{B487A9CA-0F57-426C-B2C5-A4FE3DC49C2C}.Test|Win32.ActiveCfg = Release|Win32
		{B487A9CA-0F57-426C-B2C5-A4FE3DC49C2C}.Test|Win32.Build.0 = Release|Win32
		{06FB1C1D-0FE6-4FB8-91B1-7DDDA4165782}.Debug|Win32.ActiveCfg = Debug|Win32
		{06FB1C1D-0FE6-4FB8-91B1-7DDDA4165782}.Debug|Win32.Build.0 = Debug|Win32
		{06FB1C1D-0FE6-4FB8-91B1-7DDDA4165782}.DebugTraining|Win32.ActiveCfg = Training|Win32
		{06FB1C1D-0FE6-4FB8-91B1-7DDDA4165782}.DebugTraining|Win32.Build.0 = Training|Win32
		{06FB1C1D-0FE6-4FB8-91B1-7DDDA4165782}.Release|Win32.ActiveCfg = Release|Win32
		{06FB1C1D-0FE6-4FB8-91B1-7DDDA4165782}.Release|Win32.Build.0 = Release|Win32
		{06FB1C1D-0FE6-4FB8-91B1-7DDDA4165782}.ReleaseBedrest|Win32.ActiveCfg = Bedrest|Win32
		{06FB1C1D-0FE6-4FB8-91B1-7DDDA4165782}.ReleaseBedrest|Win32.Build.0 = Bedrest|Win32
		{06FB1C1D-0FE6-4FB8-91B1-7DDDA4165782}.ReleaseDraft|Win32.ActiveCfg = Release|Win32
		{06FB1C1D-0FE6-4FB8-91B1-7DDDA4165782}.ReleaseDraft|Win32.Build.0 = Release|Win32
		{06FB1C1D-0FE6-4FB8-91B1-7DDDA4165782}.ReleaseTraining|Win32.ActiveCfg = Training|Win32
		{06FB1C1D-0FE6-4FB8-91B1-7DDDA4165782}.ReleaseTraining|Win32.Build.0 = Training|Win32
		{06FB1C1D-0FE6-4FB8-91B1-7DDDA4165782}.Test|Win32.ActiveCfg = Release|Win32
		{06FB1C1D-0FE6-4FB8-91B1-7DDDA4165782}.Test|Win32.Build.0 = Release|Win32
		{13F2B16B-AE29-4CB4-9D50-0B6B9CE94738}.Debug|Win32.ActiveCfg = Debug|Win32
		{13F2B16B-AE29-4CB4-9D50-0B6B9CE94738}.Debug|Win32.Build.0 = Debug|Win32
		{13F2B16B-AE29-4CB4-9D50-0B6B9CE94738}.DebugTraining|Win32.ActiveCfg = Debug|Win32
		{13F2B16B-AE29-4CB4-9D50-0B6B9CE94738}.DebugTraining|Win32.Build.0 = Debug|Win32
		{13F2B16B-AE29-4CB4-9D50-0B6B9CE94738}.Release|Win32.ActiveCfg = Release|Win32
		{13F2B16B-AE29-4CB4-9D50-0B6B9CE94738}.Release|Win32.Build.0 = Release|Win32
		{13F2B16B-AE29-4CB4-9D50-0B6B9CE94738}.ReleaseBedrest|Win32.ActiveCfg = Release|Win32
		{13F2B16B-AE29-4CB4-9D50-0B6B9CE94738}.ReleaseBedrest|Win32.Build.0 = Release|Win32
		{13F2B16B-AE29-4CB4-9D50-0B6B9CE94738}.ReleaseDraft|Win32.ActiveCfg = Release|Win32
		{13F2B16B-AE29-4CB4-9D50-0B6B9CE94738}.ReleaseDraft|Win32.Build.0 = Release|Win32
		{13F2B16B-AE29-4CB4-9D50-0B6B9CE94738}.ReleaseTraining|Win32.ActiveCfg = Release|Win32
		{13F2B16B-AE29-4CB4-9D50-0B6B9CE94738}.ReleaseTraining|Win32.Build.0 = Release|Win32
		{13F2B16B-AE29-4CB4-9D50-0B6B9CE94738}.Test|Win32.ActiveCfg = Release|Win32
		{13F2B16B-AE29-4CB4-9D50-0B6B9CE94738}.Test|Win32.Build.0 = Release|Win32
		{2229366E-D549-4CB7-B0CD-483FEB80276E}.Debug|Win32.ActiveCfg = Debug|Win32
		{2229366E-D549-4CB7-B0CD-483FEB80276E}.Debug|Win32.Build.0 = Debug|Win32
		{2229366E-D549-4CB7-B0CD-483FEB80276E}.DebugTraining|Win32.ActiveCfg = Debug|Win32
		{2229366E-D549-4CB7-B0CD-483FEB80276E}.DebugTraining|Win32.Build.0 = Debug|Win32
		{2229366E-D549-4CB7-B0CD-483FEB80276E}.Release|Win32.ActiveCfg = Release|Win32
		{2229366E-D549-4CB7-B0CD-483FEB80276E}.Release|Win32.Build.0 = Release|Win32
		{2229366E-D549-4CB7-B0CD-483FEB80276E}.ReleaseBedrest|Win32.ActiveCfg = Release|Win32
		{2229366E-D549-4CB7-B0CD-483FEB80276E}.ReleaseBedrest|Win32.Build.0 = Release|Win32
		{2229366E-D549-4CB7-B0CD-483FEB80276E}.ReleaseDraft|Win32.ActiveCfg = Release|Win32
		{2229366E-D549-4CB7-B0CD-483FEB80276E}.ReleaseDraft|Win32.Build.0 = Release|Win32
		{2229366E-D549-4CB7-B0CD-483FEB80276E}.ReleaseTraining|Win32.ActiveCfg = Release|Win32
		{2229366E-D549-4CB7-B0CD-483FEB80276E}.ReleaseTraining|Win32.Build.0 = Release|Win32
		{2229366E-D549-4CB7-B0CD-483FEB80276E}.Test|Win32.ActiveCfg = Release|Win32
		{2229366E-D549-4CB7-B0CD-483FEB80276E}.Test|Win32.Build.0 = Release|Win32
		{A924A357-A3F0-4A47-A8B7-CBCF3FE6E3B0}.Debug|Win32.ActiveCfg = Debug|Win32
		{A924A357-A3F0-4A47-A8B7-CBCF3FE6E3B0}.Debug|Win32.Build.0 = Debug|Win32
		{A924A357-A3F0-4A47-A8B7-CBCF3FE6E3B0}.DebugTraining|Win32.ActiveCfg = Debug|Win32
		{A924A357-A3F0-4A47-A8B7-CBCF3FE6E3B0}.DebugTraining|Win32.Build.0 = Debug|Win32
		{A924A357-A3F0-4A47-A8B7-CBCF3FE6E3B0}.Release|Win32.ActiveCfg = Release|Win32
		{A924A357-A3F0-4A47-A8B7-CBCF3FE6E3B0}.Release|Win32.Build.0 = Release|Win32
		{A924A357-A3F0-4A47-A8B7-CBCF3FE6E3B0}.ReleaseBedrest|Win32.ActiveCfg = Release|Win32
		{A924A357-A3F0-4A47-A8B7-CBCF3FE6E3B0}.ReleaseBedrest|Win32.Build.0 = Release|Win32
		{A924A357-A3F0-4A47-A8B7-CBCF3FE6E3B0}.ReleaseDraft|Win32.ActiveCfg = Release|Win32
		{A924A357-A3F0-4A47-A8B7-CBCF3FE6E3B0}.ReleaseDraft|Win32.Build.0 = Release|Win32
		{A924A357-A3F0-4A47-A8B7-CBCF3FE6E3B0}.ReleaseTraining|Win32.ActiveCfg = Release|Win32
		{A924A357-A3F0-4A47-A8B7-CBCF3FE6E3B0}.ReleaseTraining|Win32.Build.0 = Release|Win32
		{A924A357-A3F0-4A47-A8B7-CBCF3FE6E3B0}.Test|Win32.ActiveCfg = Release|Win32
		{A924A357-A3F0-4A47-A8B7-CBCF3FE6E3B0}.Test|Win32.Build.0 = Release|Win32
		{8EE947DF-D3D6-4548-88D1-2DD46EAB049B}.Debug|Win32.ActiveCfg = Debug|Win32
		{8EE947DF-D3D6-4548-88D1-2DD46EAB049B}.Debug|Win32.Build.0 = Debug|Win32
		{8EE947DF-D3D6-4548-88D1-2DD46EAB049B}.DebugTraining|Win32.ActiveCfg = Debug|Win32
		{8EE947DF-D3D6-4548-88D1-2DD46EAB049B}.DebugTraining|Win32.Build.0 = Debug|Win32
		{8EE947DF-D3D6-4548-88D1-2DD46EAB049B}.Release|Win32.ActiveCfg = Release|Win32
		{8EE947DF-D3D6-4548-88D1-2DD46EAB049B}.Release|Win32.Build.0 = Release|Win32
		{8EE947DF-D3D6-4548-88D1-2DD46EAB049B}.ReleaseBedrest|Win32.ActiveCfg = Release|Win32
		{8EE947DF-D3D6-4548-88D1-2DD46EAB049B}.ReleaseBedrest|Win32.Build.0 = Release|Win32
		{8EE947DF-D3D6-4548-88D1-2DD46EAB049B}.ReleaseDraft|Win32.ActiveCfg = Release|Win32
		{8EE947DF-D3D6-4548-88D1-2DD46EAB049B}.ReleaseDraft|Win32.Build.0 = Release|Win32
		{8EE947DF-D3D6-4548-88D1-2DD46EAB049B}.ReleaseTraining|Win32.ActiveCfg = Release|Win32
		{8EE947DF-D3D6-4548-88D1-2DD46EAB049B}.ReleaseTraining|Win32.Build.0 = Release|Win32
		{8EE947DF-D3D6-4548-88D1-2DD46EAB049B}.Test|Win32.ActiveCfg = Release|Win32
		{8EE947DF-D3D6-4548-88D1-2DD46EAB049B}.Test|Win32.Build.0 = Release|Win32
		{3CB4C789-1C1B-4673-88FD-C161257D4C9C}.Debug|Win32.ActiveCfg = Debug|Win32
		{3CB4C789-1C1B-4673-88FD-C161257D4C9C}.Debug|Win32.Build.0 = Debug|Win32
		{3CB4C789-1C1B-4673-88FD-C161257D4C9C}.DebugTraining|Win32.ActiveCfg = Debug|Win32
		{3CB4C789-1C1B-4673-88FD-C161257D4C9C}.DebugTraining|Win32.Build.0 = Debug|Win32
		{3CB4C789-1C1B-4673-88FD-C161257D4C9C}.Release|Win32.ActiveCfg = Release|Win32
		{3CB4C789-1C1B-4673-88FD-C161257D4C9C}.Release|Win32.Build.0 = Release|Win32
		{3CB4C789-1C1B-4673-88FD-C161257D4C9C}.ReleaseBedrest|Win32.ActiveCfg = Release|Win32
		{3CB4C789-1C1B-4673-88FD-C161257D4C9C}.ReleaseBedrest|Win32.Build.0 = Release|Win32
		{3CB4C789-1C1B-4673-88FD-C161257D4C9C}.ReleaseDraft|Win32.ActiveCfg = Release|Win32
		{3CB4C789-1C1B-4673-88FD-C161257D4C9C}.ReleaseDraft|Win32.Build.0 = Release|Win32
		{3CB4C789-1C1B-4673-88FD-C161257D4C9C}.ReleaseTraining|Win32.ActiveCfg = Release|Win32
		{3CB4C789-1C1B-4673-88FD-C161257D4C9C}.ReleaseTraining|Win32.Build.0 = Release|Win32
		{3CB4C789-1C1B-4673-88FD-C161257D4C9C}.Test|Win32.ActiveCfg = Release|Win32
		{3CB4C789-1C1B-4673-88FD-C161257D4C9C}.Test|Win32.Build.0 = Release|Win32
		{0ABFD2FF-F7BC-42FD-B70A-F16B90242941}.Debug|Win32.ActiveCfg = Debug|Win32
		{0ABFD2FF-F7BC-42FD-B70A-F16B90242941}.Debug|Win32.Build.0 = Debug|Win32
		{0ABFD2FF-F7BC-42FD-B70A-F16B90242941}.DebugTraining|Win32.ActiveCfg = Debug|Win32
		{0ABFD2FF-F7BC-42FD-B70A-F16B90242941}.DebugTraining|Win32.Build.0 = Debug|Win32
		{0ABFD2FF-F7BC-42FD-B70A-F16B90242941}.Release|Win32.ActiveCfg = Release|Win32
		{0ABFD2FF-F7BC-42FD-B70A-F16B90242941}.Release|Win32.Build.0 = Release|Win32
		{0ABFD2FF-F7BC-42FD-B70A-F16B90242941}.ReleaseBedrest|Win32.ActiveCfg = Release|Win32
		{0ABFD2FF-F7BC-42FD-B70A-F16B90242941}.ReleaseBedrest|Win32.Build.0 = Release|Win32
		{0ABFD2FF-F7BC-42FD-B70A-F16B90242941}.ReleaseDraft|Win32.ActiveCfg = Release|Win32
		{0ABFD2FF-F7BC-42FD-B70A-F16B90242941}.ReleaseDraft|Win32.Build.0 = Release|Win32
		{0ABFD2FF-F7BC-42FD-B70A-F16B90242941}.ReleaseTraining|Win32.ActiveCfg = Release|Win32
		{0ABFD2FF-F7BC-42FD-B70A-F16B90242941}.ReleaseTraining|Win32.Build.0 = Release|Win32
		{0ABFD2FF-F7BC-42FD-B70A-F16B90242941}.Test|Win32.ActiveCfg = Release|Win32
		{0ABFD2FF-F7BC-42FD-B70A-F16B90242941}.Test|Win32.Build.0 = Release|Win32
		{9B6BB1C8-C042-45CE-8155-5DE4A1003FF6}.Debug|Win32.ActiveCfg = Debug|Win32
		{9B6BB1C8-C042-45CE-8155-5DE4A1003FF6}.Debug|Win32.Build.0 = Debug|Win32
		{9B6BB1C8-C042-45CE-8155-5DE4A1003FF6}.DebugTraining|Win32.ActiveCfg = Debug|Win32
		{9B6BB1C8-C042-45CE-8155-5DE4A1003FF6}.DebugTraining|Win32.Build.0 = Debug|Win32
		{9B6BB1C8-C042-45CE-8155-5DE4A1003FF6}.Release|Win32.ActiveCfg = Release|Win32
		{9B6BB1C8-C042-45CE-8155-5DE4A1003FF6}.Release|Win32.Build.0 = Release|Win32
		{9B6BB1C8-C042-45CE-8155-5DE4A1003FF6}.ReleaseBedrest|Win32.ActiveCfg = Training|Win32
		{9B6BB1C8-C042-45CE-8155-5DE4A1003FF6}.ReleaseBedrest|Win32.Build.0 = Training|Win32
		{9B6BB1C8-C042-45CE-8155-5DE4A1003FF6}.ReleaseDraft|Win32.ActiveCfg = Draft|Win32
		{9B6BB1C8-C042-45CE-8155-5DE4A1003FF6}.ReleaseDraft|Win32.Build.0 = Draft|Win32
		{9B6BB1C8-C042-45CE-8155-5DE4A1003FF6}.ReleaseTraining|Win32.ActiveCfg = Training|Win32
		{9B6BB1C8-C042-45CE-8155-5DE4A1003FF6}.ReleaseTraining|Win32.Build.0 = Training|Win32
		{9B6BB1C8-C042-45CE-8155-5DE4A1003FF6}.Test|Win32.ActiveCfg = Test|Win32
		{9B6BB1C8-C042-45CE-8155-5DE4A1003FF6}.Test|Win32.Build.0 = Test|Win32
		{B36BAD29-9483-4CB8-A052-0ECFB8A13B3D}.Debug|Win32.ActiveCfg = Debug|Win32
		{B36BAD29-9483-4CB8-A052-0ECFB8A13B3D}.Debug|Win32.Build.0 = Debug|Win32
		{B36BAD29-9483-4CB8-A052-0ECFB8A13B3D}.DebugTraining|Win32.ActiveCfg = Debug|Win32
		{B36BAD29-9483-4CB8-A052-0ECFB8A13B3D}.DebugTraining|Win32.Build.0 = Debug|Win32
		{B36BAD29-9483-4CB8-A052-0ECFB8A13B3D}.Release|Win32.ActiveCfg = Release|Win32
		{B36BAD29-9483-4CB8-A052-0ECFB8A13B3D}.Release|Win32.Build.0 = Release|Win32
		{B36BAD29-9483-4CB8-A052-0ECFB8A13B3D}.ReleaseBedrest|Win32.ActiveCfg = Release|Win32
		{B36BAD29-9483-4CB8-A052-0ECFB8A13B3D}.ReleaseBedrest|Win32.Build.0 = Release|Win32
		{B36BAD29-9483-4CB8-A052-0ECFB8A13B3D}.ReleaseDraft|Win32.ActiveCfg = Debug|Win32
		{B36BAD29-9483-4CB8-A052-0ECFB8A13B3D}.ReleaseDraft|Win32.Build.0 = Debug|Win32
		{B36BAD29-9483-4CB8-A052-0ECFB8A13B3D}.ReleaseTraining|Win32.ActiveCfg = Release|Win32
		{B36BAD29-9483-4CB8-A052-0ECFB8A13B3D}.ReleaseTraining|Win32.Build.0 = Release|Win32
		{B36BAD29-9483-4CB8-A052-0ECFB8A13B3D}.Test|Win32.ActiveCfg = Release|Win32
		{B36BAD29-9483-4CB8-A052-0ECFB8A13B3D}.Test|Win32.Build.0 = Release|Win32
		{A063702B-6BE1-4939-96F1-19FB77921C29}.Debug|Win32.ActiveCfg = Debug|Win32
		{A063702B-6BE1-4939-96F1-19FB77921C29}.Debug|Win32.Build.0 = Debug|Win32
		{A063702B-6BE1-4939-96F1-19FB77921C29}.DebugTraining|Win32.ActiveCfg = Debug|Win32
		{A063702B-6BE1-4939-96F1-19FB77921C29}.DebugTraining|Win32.Build.0 = Debug|Win32
		{A063702B-6BE1-4939-96F1-19FB77921C29}.Release|Win32.ActiveCfg = Release|Win32
		{A063702B-6BE1-4939-96F1-19FB77921C29}.Release|Win32.Build.0 = Release|Win32
		{A063702B-6BE1-4939-96F1-19FB77921C29}.ReleaseBedrest|Win32.ActiveCfg = Release|Win32
		{A063702B-6BE1-4939-96F1-19FB77921C29}.ReleaseBedrest|Win32.Build.0 = Release|Win32
		{A063702B-6BE1-4939-96F1-19FB77921C29}.ReleaseDraft|Win32.ActiveCfg = Release|Win32
		{A063702B-6BE1-4939-96F1-19FB77921C29}.ReleaseDraft|Win32.Build.0 = Release|Win32
		{A063702B-6BE1-4939-96F1-19FB77921C29}.ReleaseTraining|Win32.ActiveCfg = Release|Win32
		{A063702B-6BE1-4939-96F1-19FB77921C29}.ReleaseTraining|Win32.Build.0 = Release|Win32
		{A063702B-6BE1-4939-96F1-19FB77921C29}.Test|Win32.ActiveCfg = Release|Win32
		{A063702B-6BE1-4939-96F1-19FB77921C29}.Test|Win32.Build.0 = Release|Win32
		{F9B96CFA-CA90-40FA-9248-F7F3B530CDEB}.Debug|Win32.ActiveCfg = Debug|Win32
		{F9B96CFA-CA90-40FA-9248-F7F3B530CDEB}.Debug|Win32.Build.0 = Debug|Win32
		{F9B96CFA-CA90-40FA-9248-F7F3B530CDEB}.DebugTraining|Win32.ActiveCfg = Debug|Win32
		{F9B96CFA-CA90-40FA-9248-F7F3B530CDEB}.DebugTraining|Win32.Build.0 = Debug|Win32
		{F9B96CFA-CA90-40FA-9248-F7F3B530CDEB}.Release|Win32.ActiveCfg = Release|Win32
		{F9B96CFA-CA90-40FA-9248-F7F3B530CDEB}.Release|Win32.Build.0 = Release|Win32
		{F9B96CFA-CA90-40FA-9248-F7F3B530CDEB}.ReleaseBedrest|Win32.ActiveCfg = Release|Win32
		{F9B96CFA-CA90-40FA-9248-F7F3B530CDEB}.ReleaseBedrest|Win32.Build.0 = Release|Win32
		{F9B96CFA-CA90-40FA-9248-F7F3B530CDEB}.ReleaseDraft|Win32.ActiveCfg = Release|Win32
		{F9B96CFA-CA90-40FA-9248-F7F3B530CDEB}.ReleaseDraft|Win32.Build.0 = Release|Win32
		{F9B96CFA-CA90-40FA-9248-F7F3B530CDEB}.ReleaseTraining|Win32.ActiveCfg = Release|Win32
		{F9B96CFA-CA90-40FA-9248-F7F3B530CDEB}.ReleaseTraining|Win32.Build.0 = Release|Win32
		{F9B96CFA-CA90-40FA-9248-F7F3B530CDEB}.Test|Win32.ActiveCfg = Release|Win32
		{F9B96CFA-CA90-40FA-9248-F7F3B530CDEB}.Test|Win32.Build.0 = Release|Win32
		{19E97A5A-DFCF-45D0-862E-48316001C0CB}.Debug|Win32.ActiveCfg = Debug|Win32
		{19E97A5A-DFCF-45D0-862E-48316001C0CB}.Debug|Win32.Build.0 = Debug|Win32
		{19E97A5A-DFCF-45D0-862E-48316001C0CB}.DebugTraining|Win32.ActiveCfg = Debug|Win32
		{19E97A5A-DFCF-45D0-862E-48316001C0CB}.DebugTraining|Win32.Build.0 = Debug|Win32
		{19E97A5A-DFCF-45D0-862E-48316001C0CB}.Release|Win32.ActiveCfg = Release|Win32
		{19E97A5A-DFCF-45D0-862E-48316001C0CB}.Release|Win32.Build.0 = Release|Win32
		{19E97A5A-DFCF-45D0-862E-48316001C0CB}.ReleaseBedrest|Win32.ActiveCfg = Release|Win32
		{19E97A5A-DFCF-45D0-862E-48316001C0CB}.ReleaseBedrest|Win32.Build.0 = Release|Win32
		{19E97A5A-DFCF-45D0-862E-48316001C0CB}.ReleaseDraft|Win32.ActiveCfg = Release|Win32
		{19E97A5A-DFCF-45D0-862E-48316001C0CB}.ReleaseDraft|Win32.Build.0 = Release|Win32
		{19E97A5A-DFCF-45D0-862E-48316001C0CB}.ReleaseTraining|Win32.ActiveCfg = Release|Win32
		{19E97A5A-DFCF-45D0-862E-48316001C0CB}.ReleaseTraining|Win32.Build.0 = Release|Win32
		{19E97A5A-DFCF-45D0-862E-48316001C0CB}.Test|Win32.ActiveCfg = Release|Win32
		{19E97A5A-DFCF-45D0-862E-48316001C0CB}.Test|Win32.Build.0 = Release|Win32
		{12D361B3-2783-473B-BB2E-B09461C084F7}.Debug|Win32.ActiveCfg = Debug|Win32
		{12D361B3-2783-473B-BB2E-B09461C084F7}.Debug|Win32.Build.0 = Debug|Win32
		{12D361B3-2783-473B-BB2E-B09461C084F7}.DebugTraining|Win32.ActiveCfg = Debug|Win32
		{12D361B3-2783-473B-BB2E-B09461C084F7}.DebugTraining|Win32.Build.0 = Debug|Win32
		{12D361B3-2783-473B-BB2E-B09461C084F7}.Release|Win32.ActiveCfg = Release|Win32
		{12D361B3-2783-473B-BB2E-B09461C084F7}.Release|Win32.Build.0 = Release|Win32
		{12D361B3-2783-473B-BB2E-B09461C084F7}.ReleaseBedrest|Win32.ActiveCfg = Release|Win32
		{12D361B3-2783-473B-BB2E-B09461C084F7}.ReleaseBedrest|Win32.Build.0 = Release|Win32
		{12D361B3-2783-473B-BB2E-B09461C084F7}.ReleaseDraft|Win32.ActiveCfg = Release|Win32
		{12D361B3-2783-473B-BB2E-B09461C084F7}.ReleaseDraft|Win32.Build.0 = Release|Win32
		{12D361B3-2783-473B-BB2E-B09461C084F7}.ReleaseTraining|Win32.ActiveCfg = Release|Win32
		{12D361B3-2783-473B-BB2E-B09461C084F7}.ReleaseTraining|Win32.Build.0 = Release|Win32
		{12D361B3-2783-473B-BB2E-B09461C084F7}.Test|Win32.ActiveCfg = Release|Win32
		{12D361B3-2783-473B-BB2E-B09461C084F7}.Test|Win32.Build.0 = Release|Win32
		{9E5D3F95-06BA-42A2-8956-F82F126CF7A6}.Debug|Win32.ActiveCfg = Debug|Win32
		{9E5D3F95-06BA-42A2-8956-F82F126CF7A6}.Debug|Win32.Build.0 = Debug|Win32
		{9E5D3F95-06BA-42A2-8956-F82F126CF7A6}.DebugTraining|Win32.ActiveCfg = Debug|Win32
		{9E5D3F95-06BA-42A2-8956-F82F126CF7A6}.DebugTraining|Win32.Build.0 = Debug|Win32
		{9E5D3F95-06BA-42A2-8956-F82F126CF7A6}.Release|Win32.ActiveCfg = Release|Win32
		{9E5D3F95-06BA-42A2-8956-F82F126CF7A6}.Release|Win32.Build.0 = Release|Win32
		{9E5D3F95-06BA-42A2-8956-F82F126CF7A6}.ReleaseBedrest|Win32.ActiveCfg = Release|Win32
		{9E5D3F95-06BA-42A2-8956-F82F126CF7A6}.ReleaseBedrest|Win32.Build.0 = Release|Win32
		{9E5D3F95-06BA-42A2-8956-F82F126CF7A6}.ReleaseDraft|Win32.ActiveCfg = Release|Win32
		{9E5D3F95-06BA-42A2-8956-F82F126CF7A6}.ReleaseDraft|Win32.Build.0 = Release|Win32
		{9E5D3F95-06BA-42A2-8956-F82F126CF7A6}.ReleaseTraining|Win32.ActiveCfg = Release|Win32
		{9E5D3F95-06BA-42A2-8956-F82F126CF7A6}.ReleaseTraining|Win32.Build.0 = Release|Win32
		{9E5D3F95-06BA-42A2-8956-F82F126CF7A6}.Test|Win32.ActiveCfg = Release|Win32
		{9E5D3F95-06BA-42A2-8956-F82F126CF7A6}.Test|Win32.Build.0 = Release|Win32
		{1E42DBB7-5076-4298-B9D4-DCBEC6ADE67B}.Debug|Win32.ActiveCfg = Debug|Win32
		{1E42DBB7-5076-4298-B9D4-DCBEC6ADE67B}.Debug|Win32.Build.0 = Debug|Win32
		{1E42DBB7-5076-4298-B9D4-DCBEC6ADE67B}.DebugTraining|Win32.ActiveCfg = Debug|Win32
		{1E42DBB7-5076-4298-B9D4-DCBEC6ADE67B}.DebugTraining|Win32.Build.0 = Debug|Win32
		{1E42DBB7-5076-4298-B9D4-DCBEC6ADE67B}.Release|Win32.ActiveCfg = Release|Win32
		{1E42DBB7-5076-4298-B9D4-DCBEC6ADE67B}.Release|Win32.Build.0 = Release|Win32
		{1E42DBB7-5076-4298-B9D4-DCBEC6ADE67B}.ReleaseBedrest|Win32.ActiveCfg = Release|Win32
		{1E42DBB7-5076-4298-B9D4-DCBEC6ADE67B}.ReleaseBedrest|Win32.Build.0 = Release|Win32
		{1E42DBB7-5076-4298-B9D4-DCBEC6ADE67B}.ReleaseDraft|Win32.ActiveCfg = Release|Win32
		{1E42DBB7-5076-4298-B9D4-DCBEC6ADE67B}.ReleaseDraft|Win32.Build.0 = Release|Win32
		{1E42DBB7-5076-4298-B9D4-DCBEC6ADE67B}.ReleaseTraining|Win32.ActiveCfg = Release|Win32
		{1E42DBB7-5076-4298-B9D4-DCBEC6ADE67B}.ReleaseTraining|Win32.Build.0 = Release|Win32
		{1E42DBB7-5076-4298-B9D4-DCBEC6ADE67B}.Test|Win32.ActiveCfg = Release|Win32
		{1E42DBB7-5076-4298-B9D4-DCBEC6ADE67B}.Test|Win32.Build.0 = Release|Win32
		{AA7B9489-69AF-4446-B824-2ED5B99C85DD}.Debug|Win32.ActiveCfg = Debug|Win32
		{AA7B9489-69AF-4446-B824-2ED5B99C85DD}.Debug|Win32.Build.0 = Debug|Win32
		{AA7B9489-69AF-4446-B824-2ED5B99C85DD}.DebugTraining|Win32.ActiveCfg = Debug|Win32
		{AA7B9489-69AF-4446-B824-2ED5B99C85DD}.DebugTraining|Win32.Build.0 = Debug|Win32
		{AA7B9489-69AF-4446-B824-2ED5B99C85DD}.Release|Win32.ActiveCfg = Release|Win32
		{AA7B9489-69AF-4446-B824-2ED5B99C85DD}.Release|Win32.Build.0 = Release|Win32
		{AA7B9489-69AF-4446-B824-2ED5B99C85DD}.ReleaseBedrest|Win32.ActiveCfg = Release|Win32
		{AA7B9489-69AF-4446-B824-2ED5B99C85DD}.ReleaseBedrest|Win32.Build.0 = Release|Win32
		{AA7B9489-69AF-4446-B824-2ED5B99C85DD}.ReleaseDraft|Win32.ActiveCfg = Release|Win32
		{AA7B9489-69AF-4446-B824-2ED5B99C85DD}.ReleaseDraft|Win32.Build.0 = Release|Win32
		{AA7B9489-69AF-4446-B824-2ED5B99C85DD}.ReleaseTraining|Win32.ActiveCfg = Release|Win32
		{AA7B9489-69AF-4446-B824-2ED5B99C85DD}.ReleaseTraining|Win32.Build.0 = Release|Win32
		{AA7B9489-69AF-4446-B824-2ED5B99C85DD}.Test|Win32.ActiveCfg = Release|Win32
		{AA7B9489-69AF-4446-B824-2ED5B99C85DD}.Test|Win32.Build.0 = Release|Win32
		{AC8C40BD-3E69-47FA-9857-F67024DFF9D5}.Debug|Win32.ActiveCfg = Debug|Win32
		{AC8C40BD-3E69-47FA-9857-F67024DFF9D5}.Debug|Win32.Build.0 = Debug|Win32
		{AC8C40BD-3E69-47FA-9857-F67024DFF9D5}.DebugTraining|Win32.ActiveCfg = Debug|Win32
		{AC8C40BD-3E69-47FA-9857-F67024DFF9D5}.DebugTraining|Win32.Build.0 = Debug|Win32
		{AC8C40BD-3E69-47FA-9857-F67024DFF9D5}.Release|Win32.ActiveCfg = Release|Win32
		{AC8C40BD-3E69-47FA-9857-F67024DFF9D5}.Release|Win32.Build.0 = Release|Win32
		{AC8C40BD-3E69-47FA-9857-F67024DFF9D5}.ReleaseBedrest|Win32.ActiveCfg = Release|Win32
		{AC8C40BD-3E69-47FA-9857-F67024DFF9D5}.ReleaseBedrest|Win32.Build.0 = Release|Win32
		{AC8C40BD-3E69-47FA-9857-F67024DFF9D5}.ReleaseDraft|Win32.ActiveCfg = Release|Win32
		{AC8C40BD-3E69-47FA-9857-F67024DFF9D5}.ReleaseDraft|Win32.Build.0 = Release|Win32
		{AC8C40BD-3E69-47FA-9857-F67024DFF9D5}.ReleaseTraining|Win32.ActiveCfg = Release|Win32
		{AC8C40BD-3E69-47FA-9857-F67024DFF9D5}.ReleaseTraining|Win32.Build.0 = Release|Win32
		{AC8C40BD-3E69-47FA-9857-F67024DFF9D5}.Test|Win32.ActiveCfg = Release|Win32
		{AC8C40BD-3E69-47FA-9857-F67024DFF9D5}.Test|Win32.Build.0 = Release|Win32
		{3B9EA91D-4B96-465C-94F7-D64D41B29155}.Debug|Win32.ActiveCfg = Debug|Win32
		{3B9EA91D-4B96-465C-94F7-D64D41B29155}.Debug|Win32.Build.0 = Debug|Win32
		{3B9EA91D-4B96-465C-94F7-D64D41B29155}.DebugTraining|Win32.ActiveCfg = Debug|Win32
		{3B9EA91D-4B96-465C-94F7-D64D41B29155}.DebugTraining|Win32.Build.0 = Debug|Win32
		{3B9EA91D-4B96-465C-94F7-D64D41B29155}.Release|Win32.ActiveCfg = Release|Win32
		{3B9EA91D-4B96-465C-94F7-D64D41B29155}.Release|Win32.Build.0 = Release|Win32
		{3B9EA91D-4B96-465C-94F7-D64D41B29155}.ReleaseBedrest|Win32.ActiveCfg = Release|Win32
		{3B9EA91D-4B96-465C-94F7-D64D41B29155}.ReleaseBedrest|Win32.Build.0 = Release|Win32
		{3B9EA91D-4B96-465C-94F7-D64D41B29155}.ReleaseDraft|Win32.ActiveCfg = Release|Win32
		{3B9EA91D-4B96-465C-94F7-D64D41B29155}.ReleaseDraft|Win32.Build.0 = Release|Win32
		{3B9EA91D-4B96-465C-94F7-D64D41B29155}.ReleaseTraining|Win32.ActiveCfg = Release|Win32
		{3B9EA91D-4B96-465C-94F7-D64D41B29155}.ReleaseTraining|Win32.Build.0 = Release|Win32
		{3B9EA91D-4B96-465C-94F7-D64D41B29155}.Test|Win32.ActiveCfg = Release|Win32
		{3B9EA91D-4B96-465C-94F7-D64D41B29155}.Test|Win32.Build.0 = Release|Win32
		{00C7BCF0-90BC-4E72-8EC6-5CC443585B2A}.Debug|Win32.ActiveCfg = Debug|Win32
		{00C7BCF0-90BC-4E72-8EC6-5CC443585B2A}.Debug|Win32.Build.0 = Debug|Win32
		{00C7BCF0-90BC-4E72-8EC6-5CC443585B2A}.DebugTraining|Win32.ActiveCfg = Debug|Win32
		{00C7BCF0-90BC-4E72-8EC6-5CC443585B2A}.DebugTraining|Win32.Build.0 = Debug|Win32
		{00C7BCF0-90BC-4E72-8EC6-5CC443585B2A}.Release|Win32.ActiveCfg = Release|Win32
		{00C7BCF0-90BC-4E72-8EC6-5CC443585B2A}.Release|Win32.Build.0 = Release|Win32
		{00C7BCF0-90BC-4E72-8EC6-5CC443585B2A}.ReleaseBedrest|Win32.ActiveCfg = Release|Win32
		{00C7BCF0-90BC-4E72-8EC6-5CC443585B2A}.ReleaseBedrest|Win32.Build.0 = Release|Win32
		{00C7BCF0-90BC-4E72-8EC6-5CC443585B2A}.ReleaseDraft|Win32.ActiveCfg = Release|Win32
		{00C7BCF0-90BC-4E72-8EC6-5CC443585B2A}.ReleaseDraft|Win32.Build.0 = Release|Win32
		{00C7BCF0-90BC-4E72-8EC6-5CC443585B2A}.ReleaseTraining|Win32.ActiveCfg = Release|Win32
		{00C7BCF0-90BC-4E72-8EC6-5CC443585B2A}.ReleaseTraining|Win32.Build.0 = Release|Win32
		{00C7BCF0-90BC-4E72-8EC6-5CC443585B2A}.Test|Win32.ActiveCfg = Release|Win32
		{00C7BCF0-90BC-4E72-8EC6-5CC443585B2A}.Test|Win32.Build.0 = Release|Win32
		{4A496E7B-5FFE-4A89-A8E1-2E57BC650C45}.Debug|Win32.ActiveCfg = Debug|Win32
		{4A496E7B-5FFE-4A89-A8E1-2E57BC650C45}.Debug|Win32.Build.0 = Debug|Win32
		{4A496E7B-5FFE-4A89-A8E1-2E57BC650C45}.DebugTraining|Win32.ActiveCfg = Debug|Win32
		{4A496E7B-5FFE-4A89-A8E1-2E57BC650C45}.DebugTraining|Win32.Build.0 = Debug|Win32
		{4A496E7B-5FFE-4A89-A8E1-2E57BC650C45}.Release|Win32.ActiveCfg = Release|Win32
		{4A496E7B-5FFE-4A89-A8E1-2E57BC650C45}.Release|Win32.Build.0 = Release|Win32
		{4A496E7B-5FFE-4A89-A8E1-2E57BC650C45}.ReleaseBedrest|Win32.ActiveCfg = Release|Win32
		{4A496E7B-5FFE-4A89-A8E1-2E57BC650C45}.ReleaseBedrest|Win32.Build.0 = Release|Win32
		{4A496E7B-5FFE-4A89-A8E1-2E57BC650C45}.ReleaseDraft|Win32.ActiveCfg = Release|Win32
		{4A496E7B-5FFE-4A89-A8E1-2E57BC650C45}.ReleaseDraft|Win32.Build.0 = Release|Win32
		{4A496E7B-5FFE-4A89-A8E1-2E57BC650C45}.ReleaseTraining|Win32.ActiveCfg = Release|Win32
		{4A496E7B-5FFE-4A89-A8E1-2E57BC650C45}.ReleaseTraining|Win32.Build.0 = Release|Win32
		{4A496E7B-5FFE-4A89-A8E1-2E57BC650C45}.Test|Win32.ActiveCfg = Release|Win32
		{4A496E7B-5FFE-4A89-A8E1-2E57BC650C45}.Test|Win32.Build.0 = Release|Win32
		{145A0F2C-591B-4C19-BF53-9C167967F496}.Debug|Win32.ActiveCfg = Debug|Win32
		{145A0F2C-591B-4C19-BF53-9C167967F496}.Debug|Win32.Build.0 = Debug|Win32
		{145A0F2C-591B-4C19-BF53-9C167967F496}.DebugTraining|Win32.ActiveCfg = Debug|Win32
		{145A0F2C-591B-4C19-BF53-9C167967F496}.DebugTraining|Win32.Build.0 = Debug|Win32
		{145A0F2C-591B-4C19-BF53-9C167967F496}.Release|Win32.ActiveCfg = Release|Win32
		{145A0F2C-591B-4C19-BF53-9C167967F496}.Release|Win32.Build.0 = Release|Win32
		{145A0F2C-591B-4C19-BF53-9C167967F496}.ReleaseBedrest|Win32.ActiveCfg = Release|Win32
		{145A0F2C-591B-4C19-BF53-9C167967F496}.ReleaseBedrest|Win32.Build.0 = Release|Win32
		{145A0F2C-591B-4C19-BF53-9C167967F496}.ReleaseDraft|Win32.ActiveCfg = Release|Win32
		{145A0F2C-591B-4C19-BF53-9C167967F496}.ReleaseDraft|Win32.Build.0 = Release|Win32
		{145A0F2C-591B-4C19-BF53-9C167967F496}.ReleaseTraining|Win32.ActiveCfg = Release|Win32
		{145A0F2C-591B-4C19-BF53-9C167967F496}.ReleaseTraining|Win32.Build.0 = Release|Win32
		{145A0F2C-591B-4C19-BF53-9C167967F496}.Test|Win32.ActiveCfg = Release|Win32
		{145A0F2C-591B-4C19-BF53-9C167967F496}.Test|Win32.Build.0 = Release|Win32
		{97261698-34B8-4510-9A32-74127F93906C}.Debug|Win32.ActiveCfg = Debug|Win32
		{97261698-34B8-4510-9A32-74127F93906C}.Debug|Win32.Build.0 = Debug|Win32
		{97261698-34B8-4510-9A32-74127F93906C}.DebugTraining|Win32.ActiveCfg = Debug|Win32
		{97261698-34B8-4510-9A32-74127F93906C}.DebugTraining|Win32.Build.0 = Debug|Win32
		{97261698-34B8-4510-9A32-74127F93906C}.Release|Win32.ActiveCfg = Release|Win32
		{97261698-34B8-4510-9A32-74127F93906C}.Release|Win32.Build.0 = Release|Win32
		{97261698-34B8-4510-9A32-74127F93906C}.ReleaseBedrest|Win32.ActiveCfg = Release|Win32
		{97261698-34B8-4510-9A32-74127F93906C}.ReleaseBedrest|Win32.Build.0 = Release|Win32
		{97261698-34B8-4510-9A32-74127F93906C}.ReleaseDraft|Win32.ActiveCfg = Release|Win32
		{97261698-34B8-4510-9A32-74127F93906C}.ReleaseDraft|Win32.Build.0 = Release|Win32
		{97261698-34B8-4510-9A32-74127F93906C}.ReleaseTraining|Win32.ActiveCfg = Release|Win32
		{97261698-34B8-4510-9A32-74127F93906C}.ReleaseTraining|Win32.Build.0 = Release|Win32
		{97261698-34B8-4510-9A32-74127F93906C}.Test|Win32.ActiveCfg = Release|Win32
		{97261698-34B8-4510-9A32-74127F93906C}.Test|Win32.Build.0 = Release|Win32
		{E987EBA3-C5E3-4B00-9BF0-08B0C7E2AE3B}.Debug|Win32.ActiveCfg = Debug|Win32
		{E987EBA3-C5E3-4B00-9BF0-08B0C7E2AE3B}.Debug|Win32.Build.0 = Debug|Win32
		{E987EBA3-C5E3-4B00-9BF0-08B0C7E2AE3B}.DebugTraining|Win32.ActiveCfg = Debug|Win32
		{E987EBA3-C5E3-4B00-9BF0-08B0C7E2AE3B}.DebugTraining|Win32.Build.0 = Debug|Win32
		{E987EBA3-C5E3-4B00-9BF0-08B0C7E2AE3B}.Release|Win32.ActiveCfg = Release|Win32
		{E987EBA3-C5E3-4B00-9BF0-08B0C7E2AE3B}.Release|Win32.Build.0 = Release|Win32
		{E987EBA3-C5E3-4B00-9BF0-08B0C7E2AE3B}.ReleaseBedrest|Win32.ActiveCfg = Release|Win32
		{E987EBA3-C5E3-4B00-9BF0-08B0C7E2AE3B}.ReleaseBedrest|Win32.Build.0 = Release|Win32
		{E987EBA3-C5E3-4B00-9BF0-08B0C7E2AE3B}.ReleaseDraft|Win32.ActiveCfg = Release|Win32
		{E987EBA3-C5E3-4B00-9BF0-08B0C7E2AE3B}.ReleaseDraft|Win32.Build.0 = Release|Win32
		{E987EBA3-C5E3-4B00-9BF0-08B0C7E2AE3B}.ReleaseTraining|Win32.ActiveCfg = Release|Win32
		{E987EBA3-C5E3-4B00-9BF0-08B0C7E2AE3B}.ReleaseTraining|Win32.Build.0 = Release|Win32
		{E987EBA3-C5E3-4B00-9BF0-08B0C7E2AE3B}.Test|Win32.ActiveCfg = Release|Win32
		{E987EBA3-C5E3-4B00-9BF0-08B0C7E2AE3B}.Test|Win32.Build.0 = Release|Win32
		{67F668AC-6C81-4E33-8236-9E14EFAAC6C3}.Debug|Win32.ActiveCfg = Debug|Win32
		{67F668AC-6C81-4E33-8236-9E14EFAAC6C3}.Debug|Win32.Build.0 = Debug|Win32
		{67F668AC-6C81-4E33-8236-9E14EFAAC6C3}.DebugTraining|Win32.ActiveCfg = Debug|Win32
		{67F668AC-6C81-4E33-8236-9E14EFAAC6C3}.DebugTraining|Win32.Build.0 = Debug|Win32
		{67F668AC-6C81-4E33-8236-9E14EFAAC6C3}.Release|Win32.ActiveCfg = Release|Win32
		{67F668AC-6C81-4E33-8236-9E14EFAAC6C3}.Release|Win32.Build.0 = Release|Win32
		{67F668AC-6C81-4E33-8236-9E14EFAAC6C3}.ReleaseBedrest|Win32.ActiveCfg = Release|Win32
		{67F668AC-6C81-4E33-8236-9E14EFAAC6C3}.ReleaseBedrest|Win32.Build.0 = Release|Win32
		{67F668AC-6C81-4E33-8236-9E14EFAAC6C3}.ReleaseDraft|Win32.ActiveCfg = Release|Win32
		{67F668AC-6C81-4E33-8236-9E14EFAAC6C3}.ReleaseDraft|Win32.Build.0 = Release|Win32
		{67F668AC-6C81-4E33-8236-9E14EFAAC6C3}.ReleaseTraining|Win32.ActiveCfg = Release|Win32
		{67F668AC-6C81-4E33-8236-9E14EFAAC6C3}.ReleaseTraining|Win32.Build.0 = Release|Win32
		{67F668AC-6C81-4E33-8236-9E14EFAAC6C3}.Test|Win32.ActiveCfg = Release|Win32
		{67F668AC-6C81-4E33-8236-9E14EFAAC6C3}.Test|Win32.Build.0 = Release|Win32
		{D4C9F17A-ADE6-46FD-A42B-BA0FAC7743FF}.Debug|Win32.ActiveCfg = Debug|Win32
		{D4C9F17A-ADE6-46FD-A42B-BA0FAC7743FF}.Debug|Win32.Build.0 = Debug|Win32
		{D4C9F17A-ADE6-46FD-A42B-BA0FAC7743FF}.DebugTraining|Win32.ActiveCfg = Debug|Win32
		{D4C9F17A-ADE6-46FD-A42B-BA0FAC7743FF}.DebugTraining|Win32.Build.0 = Debug|Win32
		{D4C9F17A-ADE6-46FD-A42B-BA0FAC7743FF}.Release|Win32.ActiveCfg = Release|Win32
		{D4C9F17A-ADE6-46FD-A42B-BA0FAC7743FF}.Release|Win32.Build.0 = Release|Win32
		{D4C9F17A-ADE6-46FD-A42B-BA0FAC7743FF}.ReleaseBedrest|Win32.ActiveCfg = Release|Win32
		{D4C9F17A-ADE6-46FD-A42B-BA0FAC7743FF}.ReleaseBedrest|Win32.Build.0 = Release|Win32
		{D4C9F17A-ADE6-46FD-A42B-BA0FAC7743FF}.ReleaseDraft|Win32.ActiveCfg = Release|Win32
		{D4C9F17A-ADE6-46FD-A42B-BA0FAC7743FF}.ReleaseDraft|Win32.Build.0 = Release|Win32
		{D4C9F17A-ADE6-46FD-A42B-BA0FAC7743FF}.ReleaseTraining|Win32.ActiveCfg = Release|Win32
		{D4C9F17A-ADE6-46FD-A42B-BA0FAC7743FF}.ReleaseTraining|Win32.Build.0 = Release|Win32
		{D4C9F17A-ADE6-46FD-A42B-BA0FAC7743FF}.Test|Win32.ActiveCfg = Release|Win32
		{D4C9F17A-ADE6-46FD-A42B-BA0FAC7743FF}.Test|Win32.Build.0 = Release|Win32
		{4EDD9ACE-948C-4FE7-94B2-3FC787F2BBDA}.Debug|Win32.ActiveCfg = Debug|Win32
		{4EDD9ACE-948C-4FE7-94B2-3FC787F2BBDA}.Debug|Win32.Build.0 = Debug|Win32
		{4EDD9ACE-948C-4FE7-94B2-3FC787F2BBDA}.DebugTraining|Win32.ActiveCfg = Debug|Win32
		{4EDD9ACE-948C-4FE7-94B2-3FC787F2BBDA}.DebugTraining|Win32.Build.0 = Debug|Win32
		{4EDD9ACE-948C-4FE7-94B2-3FC787F2BBDA}.Release|Win32.ActiveCfg = Release|Win32
		{4EDD9ACE-948C-4FE7-94B2-3FC787F2BBDA}.Release|Win32.Build.0 = Release|Win32
		{4EDD9ACE-948C-4FE7-94B2-3FC787F2BBDA}.ReleaseBedrest|Win32.ActiveCfg = Release|Win32
		{4EDD9ACE-948C-4FE7-94B2-3FC787F2BBDA}.ReleaseBedrest|Win32.Build.0 = Release|Win32
		{4EDD9ACE-948C-4FE7-94B2-3FC787F2BBDA}.ReleaseDraft|Win32.ActiveCfg = Release|Win32
		{4EDD9ACE-948C-4FE7-94B2-3FC787F2BBDA}.ReleaseDraft|Win32.Build.0 = Release|Win32
		{4EDD9ACE-948C-4FE7-94B2-3FC787F2BBDA}.ReleaseTraining|Win32.ActiveCfg = Release|Win32
		{4EDD9ACE-948C-4FE7-94B2-3FC787F2BBDA}.ReleaseTraining|Win32.Build.0 = Release|Win32
		{4EDD9ACE-948C-4FE7-94B2-3FC787F2BBDA}.Test|Win32.ActiveCfg = Release|Win32
		{4EDD9ACE-948C-4FE7-94B2-3FC787F2BBDA}.Test|Win32.Build.0 = Release|Win32
		{B9598F12-DE85-4177-AEC3-D5AE2400DB33}.Debug|Win32.ActiveCfg = Debug|Win32
		{B9598F12-DE85-4177-AEC3-D5AE2400DB33}.Debug|Win32.Build.0 = Debug|Win32
		{B9598F12-DE85-4177-AEC3-D5AE2400DB33}.DebugTraining|Win32.ActiveCfg = Debug|Win32
		{B9598F12-DE85-4177-AEC3-D5AE2400DB33}.DebugTraining|Win32.Build.0 = Debug|Win32
		{B9598F12-DE85-4177-AEC3-D5AE2400DB33}.Release|Win32.ActiveCfg = Release|Win32
		{B9598F12-DE85-4177-AEC3-D5AE2400DB33}.Release|Win32.Build.0 = Release|Win32
		{B9598F12-DE85-4177-AEC3-D5AE2400DB33}.ReleaseBedrest|Win32.ActiveCfg = Release|Win32
		{B9598F12-DE85-4177-AEC3-D5AE2400DB33}.ReleaseBedrest|Win32.Build.0 = Release|Win32
		{B9598F12-DE85-4177-AEC3-D5AE2400DB33}.ReleaseDraft|Win32.ActiveCfg = Release|Win32
		{B9598F12-DE85-4177-AEC3-D5AE2400DB33}.ReleaseDraft|Win32.Build.0 = Release|Win32
		{B9598F12-DE85-4177-AEC3-D5AE2400DB33}.ReleaseTraining|Win32.ActiveCfg = Release|Win32
		{B9598F12-DE85-4177-AEC3-D5AE2400DB33}.ReleaseTraining|Win32.Build.0 = Release|Win32
		{B9598F12-DE85-4177-AEC3-D5AE2400DB33}.Test|Win32.ActiveCfg = Release|Win32
		{B9598F12-DE85-4177-AEC3-D5AE2400DB33}.Test|Win32.Build.0 = Release|Win32
		{C8FB03D6-66AF-46CD-A8FA-0D70B32A68C0}.Debug|Win32.ActiveCfg = Debug|Win32
		{C8FB03D6-66AF-46CD-A8FA-0D70B32A68C0}.Debug|Win32.Build.0 = Debug|Win32
		{C8FB03D6-66AF-46CD-A8FA-0D70B32A68C0}.DebugTraining|Win32.ActiveCfg = Debug|Win32
		{C8FB03D6-66AF-46CD-A8FA-0D70B32A68C0}.DebugTraining|Win32.Build.0 = Debug|Win32
		{C8FB03D6-66AF-46CD-A8FA-0D70B32A68C0}.Release|Win32.ActiveCfg = Release|Win32
		{C8FB03D6-66AF-46CD-A8FA-0D70B32A68C0}.Release|Win32.Build.0 = Release|Win32
		{C8FB03D6-66AF-46CD-A8FA-0D70B32A68C0}.ReleaseBedrest|Win32.ActiveCfg = Release|Win32
		{C8FB03D6-66AF-46CD-A8FA-0D70B32A68C0}.ReleaseBedrest|Win32.Build.0 = Release|Win32
		{C8FB03D6-66AF-46CD-A8FA-0D70B32A68C0}.ReleaseDraft|Win32.ActiveCfg = Release|Win32
		{C8FB03D6-66AF-46CD-A8FA-0D70B32A68C0}.ReleaseDraft|Win32.Build.0 = Release|Win32
		{C8FB03D6-66AF-46CD-A8FA-0D70B32A68C0}.ReleaseTraining|Win32.ActiveCfg = Release|Win32
		{C8FB03D6-66AF-46CD-A8FA-0D70B32A68C0}.ReleaseTraining|Win32.Build.0 = Release|Win32
		{C8FB03D6-66AF-46CD-A8FA-0D70B32A68C0}.Test|Win32.ActiveCfg = Release|Win32
		{C8FB03D6-66AF-46CD-A8FA-0D70B32A68C0}.Test|Win32.Build.0 = Release|Win32
		{EA50E705-5113-49E5-B105-2512EDC8DDC6}.Debug|Win32.ActiveCfg = Debug|Win32
		{EA50E705-5113-49E5-B105-2512EDC8DDC6}.Debug|Win32.Build.0 = Debug|Win32
		{EA50E705-5113-49E5-B105-2512EDC8DDC6}.DebugTraining|Win32.ActiveCfg = Debug|Win32
		{EA50E705-5113-49E5-B105-2512EDC8DDC6}.DebugTraining|Win32.Build.0 = Debug|Win32
		{EA50E705-5113-49E5-B105-2512EDC8DDC6}.Release|Win32.ActiveCfg = Release|Win32
		{EA50E705-5113-49E5-B105-2512EDC8DDC6}.Release|Win32.Build.0 = Release|Win32
		{EA50E705-5113-49E5-B105-2512EDC8DDC6}.ReleaseBedrest|Win32.ActiveCfg = Release|Win32
		{EA50E705-5113-49E5-B105-2512EDC8DDC6}.ReleaseBedrest|Win32.Build.0 = Release|Win32
		{EA50E705-5113-49E5-B105-2512EDC8DDC6}.ReleaseDraft|Win32.ActiveCfg = Release|Win32
		{EA50E705-5113-49E5-B105-2512EDC8DDC6}.ReleaseDraft|Win32.Build.0 = Release|Win32
		{EA50E705-5113-49E5-B105-2512EDC8DDC6}.ReleaseTraining|Win32.ActiveCfg = Release|Win32
		{EA50E705-5113-49E5-B105-2512EDC8DDC6}.ReleaseTraining|Win32.Build.0 = Release|Win32
		{EA50E705-5113-49E5-B105-2512EDC8DDC6}.Test|Win32.ActiveCfg = Release|Win32
		{EA50E705-5113-49E5-B105-2512EDC8DDC6}.Test|Win32.Build.0 = Release|Win32
		{465AEFC2-B087-4FF6-B090-B60B01AF175F}.Debug|Win32.ActiveCfg = Debug|Win32
		{465AEFC2-B087-4FF6-B090-B60B01AF175F}.Debug|Win32.Build.0 = Debug|Win32
		{465AEFC2-B087-4FF6-B090-B60B01AF175F}.DebugTraining|Win32.ActiveCfg = Debug|Win32
		{465AEFC2-B087-4FF6-B090-B60B01AF175F}.DebugTraining|Win32.Build.0 = Debug|Win32
		{465AEFC2-B087-4FF6-B090-B60B01AF175F}.Release|Win32.ActiveCfg = Release|Win32
		{465AEFC2-B087-4FF6-B090-B60B01AF175F}.Release|Win32.Build.0 = Release|Win32
		{465AEFC2-B087-4FF6-B090-B60B01AF175F}.ReleaseBedrest|Win32.ActiveCfg = Release|Win32
		{465AEFC2-B087-4FF6-B090-B60B01AF175F}.ReleaseBedrest|Win32.Build.0 = Release|Win32
		{465AEFC2-B087-4FF6-B090-B60B01AF175F}.ReleaseDraft|Win32.ActiveCfg = Release|Win32
		{465AEFC2-B087-4FF6-B090-B60B01AF175F}.ReleaseDraft|Win32.Build.0 = Release|Win32
		{465AEFC2-B087-4FF6-B090-B60B01AF175F}.ReleaseTraining|Win32.ActiveCfg = Release|Win32
		{465AEFC2-B087-4FF6-B090-B60B01AF175F}.ReleaseTraining|Win32.Build.0 = Release|Win32
		{465AEFC2-B087-4FF6-B090-B60B01AF175F}.Test|Win32.ActiveCfg = Release|Win32
		{465AEFC2-B087-4FF6-B090-B60B01AF175F}.Test|Win32.Build.0 = Release|Win32
		{FC7A2632-0A84-4E2E-B852-1AC3A2908325}.Debug|Win32.ActiveCfg = Debug|Win32
		{FC7A2632-0A84-4E2E-B852-1AC3A2908325}.Debug|Win32.Build.0 = Debug|Win32
		{FC7A2632-0A84-4E2E-B852-1AC3A2908325}.DebugTraining|Win32.ActiveCfg = Debug|Win32
		{FC7A2632-0A84-4E2E-B852-1AC3A2908325}.DebugTraining|Win32.Build.0 = Debug|Win32
		{FC7A2632-0A84-4E2E-B852-1AC3A2908325}.Release|Win32.ActiveCfg = Release|Win32
		{FC7A2632-0A84-4E2E-B852-1AC3A2908325}.Release|Win32.Build.0 = Release|Win32
		{FC7A2632-0A84-4E2E-B852-1AC3A2908325}.ReleaseBedrest|Win32.ActiveCfg = Release|Win32
		{FC7A2632-0A84-4E2E-B852-1AC3A2908325}.ReleaseBedrest|Win32.Build.0 = Release|Win32
		{FC7A2632-0A84-4E2E-B852-1AC3A2908325}.ReleaseDraft|Win32.ActiveCfg = Release|Win32
		{FC7A2632-0A84-4E2E-B852-1AC3A2908325}.ReleaseDraft|Win32.Build.0 = Release|Win32
		{FC7A2632-0A84-4E2E-B852-1AC3A2908325}.ReleaseTraining|Win32.ActiveCfg = Release|Win32
		{FC7A2632-0A84-4E2E-B852-1AC3A2908325}.ReleaseTraining|Win32.Build.0 = Release|Win32
		{FC7A2632-0A84-4E2E-B852-1AC3A2908325}.Test|Win32.ActiveCfg = Release|Win32
		{FC7A2632-0A84-4E2E-B852-1AC3A2908325}.Test|Win32.Build.0 = Release|Win32
		{4086841F-2D5B-431A-A584-F59D34D3A8F3}.Debug|Win32.ActiveCfg = Debug|Win32
		{4086841F-2D5B-431A-A584-F59D34D3A8F3}.Debug|Win32.Build.0 = Debug|Win32
		{4086841F-2D5B-431A-A584-F59D34D3A8F3}.DebugTraining|Win32.ActiveCfg = Debug|Win32
		{4086841F-2D5B-431A-A584-F59D34D3A8F3}.DebugTraining|Win32.Build.0 = Debug|Win32
		{4086841F-2D5B-431A-A584-F59D34D3A8F3}.Release|Win32.ActiveCfg = Release|Win32
		{4086841F-2D5B-431A-A584-F59D34D3A8F3}.Release|Win32.Build.0 = Release|Win32
		{4086841F-2D5B-431A-A584-F59D34D3A8F3}.ReleaseBedrest|Win32.ActiveCfg = Release|Win32
		{4086841F-2D5B-431A-A584-F59D34D3A8F3}.ReleaseBedrest|Win32.Build.0 = Release|Win32
		{4086841F-2D5B-431A-A584-F59D34D3A8F3}.ReleaseDraft|Win32.ActiveCfg = Draft|Win32
		{4086841F-2D5B-431A-A584-F59D34D3A8F3}.ReleaseDraft|Win32.Build.0 = Draft|Win32
		{4086841F-2D5B-431A-A584-F59D34D3A8F3}.ReleaseTraining|Win32.ActiveCfg = Release|Win32
		{4086841F-2D5B-431A-A584-F59D34D3A8F3}.ReleaseTraining|Win32.Build.0 = Release|Win32
		{4086841F-2D5B-431A-A584-F59D34D3A8F3}.Test|Win32.ActiveCfg = Test|Win32
		{4086841F-2D5B-431A-A584-F59D34D3A8F3}.Test|Win32.Build.0 = Test|Win32
		{AA3FEBD9-541F-4F80-9654-2DD3881826E7}.Debug|Win32.ActiveCfg = Debug|Win32
		{AA3FEBD9-541F-4F80-9654-2DD3881826E7}.Debug|Win32.Build.0 = Debug|Win32
		{AA3FEBD9-541F-4F80-9654-2DD3881826E7}.DebugTraining|Win32.ActiveCfg = Debug|Win32
		{AA3FEBD9-541F-4F80-9654-2DD3881826E7}.DebugTraining|Win32.Build.0 = Debug|Win32
		{AA3FEBD9-541F-4F80-9654-2DD3881826E7}.Release|Win32.ActiveCfg = Release|Win32
		{AA3FEBD9-541F-4F80-9654-2DD3881826E7}.Release|Win32.Build.0 = Release|Win32
		{AA3FEBD9-541F-4F80-9654-2DD3881826E7}.ReleaseBedrest|Win32.ActiveCfg = Release|Win32
		{AA3FEBD9-541F-4F80-9654-2DD3881826E7}.ReleaseBedrest|Win32.Build.0 = Release|Win32
		{AA3FEBD9-541F-4F80-9654-2DD3881826E7}.ReleaseDraft|Win32.ActiveCfg = Release|Win32
		{AA3FEBD9-541F-4F80-9654-2DD3881826E7}.ReleaseDraft|Win32.Build.0 = Release|Win32
		{AA3FEBD9-541F-4F80-9654-2DD3881826E7}.ReleaseTraining|Win32.ActiveCfg = Release|Win32
		{AA3FEBD9-541F-4F80-9654-2DD3881826E7}.ReleaseTraining|Win32.Build.0 = Release|Win32
		{AA3FEBD9-541F-4F80-9654-2DD3881826E7}.Test|Win32.ActiveCfg = Release|Win32
		{AA3FEBD9-541F-4F80-9654-2DD3881826E7}.Test|Win32.Build.0 = Release|Win32
		{5D0D4793-8F87-4A92-B6AA-1F48F18615E8}.Debug|Win32.ActiveCfg = Debug|Win32
		{5D0D4793-8F87-4A92-B6AA-1F48F18615E8}.Debug|Win32.Build.0 = Debug|Win32
		{5D0D4793-8F87-4A92-B6AA-1F48F18615E8}.DebugTraining|Win32.ActiveCfg = Debug|Win32
		{5D0D4793-8F87-4A92-B6AA-1F48F18615E8}.DebugTraining|Win32.Build.0 = Debug|Win32
		{5D0D4793-8F87-4A92-B6AA-1F48F18615E8}.Release|Win32.ActiveCfg = Release|Win32
		{5D0D4793-8F87-4A92-B6AA-1F48F18615E8}.Release|Win32.Build.0 = Release|Win32
		{5D0D4793-8F87-4A92-B6AA-1F48F18615E8}.ReleaseBedrest|Win32.ActiveCfg = Release|Win32
		{5D0D4793-8F87-4A92-B6AA-1F48F18615E8}.ReleaseBedrest|Win32.Build.0 = Release|Win32
		{5D0D4793-8F87-4A92-B6AA-1F48F18615E8}.ReleaseDraft|Win32.ActiveCfg = Release|Win32
		{5D0D4793-8F87-4A92-B6AA-1F48F18615E8}.ReleaseDraft|Win32.Build.0 = Release|Win32
		{5D0D4793-8F87-4A92-B6AA-1F48F18615E8}.ReleaseTraining|Win32.ActiveCfg = Release|Win32
		{5D0D4793-8F87-4A92-B6AA-1F48F18615E8}.ReleaseTraining|Win32.Build.0 = Release|Win32
		{5D0D4793-8F87-4A92-B6AA-1F48F18615E8}.Test|Win32.ActiveCfg = Release|Win32
		{5D0D4793-8F87-4A92-B6AA-1F48F18615E8}.Test|Win32.Build.0 = Release|Win32
		{9AA8F18B-FDE0-4B5B-8399-A5FE017305D7}.Debug|Win32.ActiveCfg = Debug|Win32
		{9AA8F18B-FDE0-4B5B-8399-A5FE017305D7}.Debug|Win32.Build.0 = Debug|Win32
		{9AA8F18B-FDE0-4B5B-8399-A5FE017305D7}.DebugTraining|Win32.ActiveCfg = Debug|Win32
		{9AA8F18B-FDE0-4B5B-8399-A5FE017305D7}.DebugTraining|Win32.Build.0 = Debug|Win32
		{9AA8F18B-FDE0-4B5B-8399-A5FE017305D7}.Release|Win32.ActiveCfg = Release|Win32
		{9AA8F18B-FDE0-4B5B-8399-A5FE017305D7}.Release|Win32.Build.0 = Release|Win32
		{9AA8F18B-FDE0-4B5B-8399-A5FE017305D7}.ReleaseBedrest|Win32.ActiveCfg = Release|Win32
		{9AA8F18B-FDE0-4B5B-8399-A5FE017305D7}.ReleaseBedrest|Win32.Build.0 = Release|Win32
		{9AA8F18B-FDE0-4B5B-8399-A5FE017305D7}.ReleaseDraft|Win32.ActiveCfg = Release|Win32
		{9AA8F18B-FDE0-4B5B-8399-A5FE017305D7}.ReleaseDraft|Win32.Build.0 = Release|Win32
		{9AA8F18B-FDE0-4B5B-8399-A5FE017305D7}.ReleaseTraining|Win32.ActiveCfg = Release|Win32
		{9AA8F18B-FDE0-4B5B-8399-A5FE017305D7}.ReleaseTraining|Win32.Build.0 = Release|Win32
		{9AA8F18B-FDE0-4B5B-8399-A5FE017305D7}.Test|Win32.ActiveCfg = Release|Win32
		{9AA8F18B-FDE0-4B5B-8399-A5FE017305D7}.Test|Win32.Build.0 = Release|Win32
		{02A2555C-7310-461E-856D-6B1A75A56C57}.Debug|Win32.ActiveCfg = Debug|Win32
		{02A2555C-7310-461E-856D-6B1A75A56C57}.Debug|Win32.Build.0 = Debug|Win32
		{02A2555C-7310-461E-856D-6B1A75A56C57}.DebugTraining|Win32.ActiveCfg = Debug|Win32
		{02A2555C-7310-461E-856D-6B1A75A56C57}.DebugTraining|Win32.Build.0 = Debug|Win32
		{02A2555C-7310-461E-856D-6B1A75A56C57}.Release|Win32.ActiveCfg = Release|Win32
		{02A2555C-7310-461E-856D-6B1A75A56C57}.Release|Win32.Build.0 = Release|Win32
		{02A2555C-7310-461E-856D-6B1A75A56C57}.ReleaseBedrest|Win32.ActiveCfg = Release|Win32
		{02A2555C-7310-461E-856D-6B1A75A56C57}.ReleaseBedrest|Win32.Build.0 = Release|Win32
		{02A2555C-7310-461E-856D-6B1A75A56C57}.ReleaseDraft|Win32.ActiveCfg = Release|Win32
		{02A2555C-7310-461E-856D-6B1A75A56C57}.ReleaseDraft|Win32.Build.0 = Release|Win32
		{02A2555C-7310-461E-856D-6B1A75A56C57}.ReleaseTraining|Win32.ActiveCfg = Release|Win32
		{02A2555C-7310-461E-856D-6B1A75A56C57}.ReleaseTraining|Win32.Build.0 = Release|Win32
		{02A2555C-7310-461E-856D-6B1A75A56C57}.Test|Win32.ActiveCfg = Release|Win32
		{02A2555C-7310-461E-856D-6B1A75A56C57}.Test|Win32.Build.0 = Release|Win32
		{44066FC7-1873-48A2-8151-C6867A15D0DF}.Debug|Win32.ActiveCfg = Debug|Win32
		{44066FC7-1873-48A2-8151-C6867A15D0DF}.Debug|Win32.Build.0 = Debug|Win32
		{44066FC7-1873-48A2-8151-C6867A15D0DF}.DebugTraining|Win32.ActiveCfg = Debug|Win32
		{44066FC7-1873-48A2-8151-C6867A15D0DF}.DebugTraining|Win32.Build.0 = Debug|Win32
		{44066FC7-1873-48A2-8151-C6867A15D0DF}.Release|Win32.ActiveCfg = Release|Win32
		{44066FC7-1873-48A2-8151-C6867A15D0DF}.Release|Win32.Build.0 = Release|Win32
		{44066FC7-1873-48A2-8151-C6867A15D0DF}.ReleaseBedrest|Win32.ActiveCfg = Release|Win32
		{44066FC7-1873-48A2-8151-C6867A15D0DF}.ReleaseBedrest|Win32.Build.0 = Release|Win32
		{44066FC7-1873-48A2-8151-C6867A15D0DF}.ReleaseDraft|Win32.ActiveCfg = Release|Win32
		{44066FC7-1873-48A2-8151-C6867A15D0DF}.ReleaseDraft|Win32.Build.0 = Release|Win32
		{44066FC7-1873-48A2-8151-C6867A15D0DF}.ReleaseTraining|Win32.ActiveCfg = Release|Win32
		{44066FC7-1873-48A2-8151-C6867A15D0DF}.ReleaseTraining|Win32.Build.0 = Release|Win32
		{44066FC7-1873-48A2-8151-C6867A15D0DF}.Test|Win32.ActiveCfg = Release|Win32
		{44066FC7-1873-48A2-8151-C6867A15D0DF}.Test|Win32.Build.0 = Release|Win32
		{AAA54E0C-8DD1-428E-BF0D-562A7E305A04}.Debug|Win32.ActiveCfg = Debug|Win32
		{AAA54E0C-8DD1-428E-BF0D-562A7E305A04}.Debug|Win32.Build.0 = Debug|Win32
		{AAA54E0C-8DD1-428E-BF0D-562A7E305A04}.DebugTraining|Win32.ActiveCfg = Debug|Win32
		{AAA54E0C-8DD1-428E-BF0D-562A7E305A04}.DebugTraining|Win32.Build.0 = Debug|Win32
		{AAA54E0C-8DD1-428E-BF0D-562A7E305A04}.Release|Win32.ActiveCfg = Release|Win32
		{AAA54E0C-8DD1-428E-BF0D-562A7E305A04}.Release|Win32.Build.0 = Release|Win32
		{AAA54E0C-8DD1-428E-BF0D-562A7E305A04}.ReleaseBedrest|Win32.ActiveCfg = Release|Win32
		{AAA54E0C-8DD1-428E-BF0D-562A7E305A04}.ReleaseBedrest|Win32.Build.0 = Release|Win32
		{AAA54E0C-8DD1-428E-BF0D-562A7E305A04}.ReleaseDraft|Win32.ActiveCfg = Release|Win32
		{AAA54E0C-8DD1-428E-BF0D-562A7E305A04}.ReleaseDraft|Win32.Build.0 = Release|Win32
		{AAA54E0C-8DD1-428E-BF0D-562A7E305A04}.ReleaseTraining|Win32.ActiveCfg = Release|Win32
		{AAA54E0C-8DD1-428E-BF0D-562A7E305A04}.ReleaseTraining|Win32.Build.0 = Release|Win32
		{AAA54E0C-8DD1-428E-BF0D-562A7E305A04}.Test|Win32.ActiveCfg = Release|Win32
		{AAA54E0C-8DD1-428E-BF0D-562A7E305A04}.Test|Win32.Build.0 = Release|Win32
		{EC91DA99-703D-46A9-BC18-74D21ACE5B66}.Debug|Win32.ActiveCfg = Debug|Win32
		{EC91DA99-703D-46A9-BC18-74D21ACE5B66}.Debug|Win32.Build.0 = Debug|Win32
		{EC91DA99-703D-46A9-BC18-74D21ACE5B66}.DebugTraining|Win32.ActiveCfg = Debug|Win32
		{EC91DA99-703D-46A9-BC18-74D21ACE5B66}.DebugTraining|Win32.Build.0 = Debug|Win32
		{EC91DA99-703D-46A9-BC18-74D21ACE5B66}.Release|Win32.ActiveCfg = Release|Win32
		{EC91DA99-703D-46A9-BC18-74D21ACE5B66}.Release|Win32.Build.0 = Release|Win32
		{EC91DA99-703D-46A9-BC18-74D21ACE5B66}.ReleaseBedrest|Win32.ActiveCfg = Release|Win32
		{EC91DA99-703D-46A9-BC18-74D21ACE5B66}.ReleaseBedrest|Win32.Build.0 = Release|Win32
		{EC91DA99-703D-46A9-BC18-74D21ACE5B66}.ReleaseDraft|Win32.ActiveCfg = Release|Win32
		{EC91DA99-703D-46A9-BC18-74D21ACE5B66}.ReleaseDraft|Win32.Build.0 = Release|Win32
		{EC91DA99-703D-46A9-BC18-74D21ACE5B66}.ReleaseTraining|Win32.ActiveCfg = Release|Win32
		{EC91DA99-703D-46A9-BC18-74D21ACE5B66}.ReleaseTraining|Win32.Build.0 = Release|Win32
		{EC91DA99-703D-46A9-BC18-74D21ACE5B66}.Test|Win32.ActiveCfg = Release|Win32
		{EC91DA99-703D-46A9-BC18-74D21ACE5B66}.Test|Win32.Build.0 = Release|Win32
		{6DA9ED6E-C775-49C7-9526-38EBD30CD8CC}.Debug|Win32.ActiveCfg = Debug|Win32
		{6DA9ED6E-C775-49C7-9526-38EBD30CD8CC}.Debug|Win32.Build.0 = Debug|Win32
		{6DA9ED6E-C775-49C7-9526-38EBD30CD8CC}.DebugTraining|Win32.ActiveCfg = Debug|Win32
		{6DA9ED6E-C775-49C7-9526-38EBD30CD8CC}.DebugTraining|Win32.Build.0 = Debug|Win32
		{6DA9ED6E-C775-49C7-9526-38EBD30CD8CC}.Release|Win32.ActiveCfg = Release|Win32
		{6DA9ED6E-C775-49C7-9526-38EBD30CD8CC}.Release|Win32.Build.0 = Release|Win32
		{6DA9ED6E-C775-49C7-9526-38EBD30CD8CC}.ReleaseBedrest|Win32.ActiveCfg = Release|Win32
		{6DA9ED6E-C775-49C7-9526-38EBD30CD8CC}.ReleaseBedrest|Win32.Build.0 = Release|Win32
		{6DA9ED6E-C775-49C7-9526-38EBD30CD8CC}.ReleaseDraft|Win32.ActiveCfg = Release|Win32
		{6DA9ED6E-C775-49C7-9526-38EBD30CD8CC}.ReleaseDraft|Win32.Build.0 = Release|Win32
		{6DA9ED6E-C775-49C7-9526-38EBD30CD8CC}.ReleaseTraining|Win32.ActiveCfg = Release|Win32
		{6DA9ED6E-C775-49C7-9526-38EBD30CD8CC}.ReleaseTraining|Win32.Build.0 = Release|Win32
		{6DA9ED6E-C775-49C7-9526-38EBD30CD8CC}.Test|Win32.ActiveCfg = Release|Win32
		{6DA9ED6E-C775-49C7-9526-38EBD30CD8CC}.Test|Win32.Build.0 = Release|Win32
		{2B114BED-A19B-4BD5-9CA2-24C6418284F9}.Debug|Win32.ActiveCfg = Debug|Win32
		{2B114BED-A19B-4BD5-9CA2-24C6418284F9}.Debug|Win32.Build.0 = Debug|Win32
		{2B114BED-A19B-4BD5-9CA2-24C6418284F9}.DebugTraining|Win32.ActiveCfg = Debug|Win32
		{2B114BED-A19B-4BD5-9CA2-24C6418284F9}.DebugTraining|Win32.Build.0 = Debug|Win32
		{2B114BED-A19B-4BD5-9CA2-24C6418284F9}.Release|Win32.ActiveCfg = Release|Win32
		{2B114BED-A19B-4BD5-9CA2-24C6418284F9}.Release|Win32.Build.0 = Release|Win32
		{2B114BED-A19B-4BD5-9CA2-24C6418284F9}.ReleaseBedrest|Win32.ActiveCfg = Release|Win32
		{2B114BED-A19B-4BD5-9CA2-24C6418284F9}.ReleaseBedrest|Win32.Build.0 = Release|Win32
		{2B114BED-A19B-4BD5-9CA2-24C6418284F9}.ReleaseDraft|Win32.ActiveCfg = Release|Win32
		{2B114BED-A19B-4BD5-9CA2-24C6418284F9}.ReleaseDraft|Win32.Build.0 = Release|Win32
		{2B114BED-A19B-4BD5-9CA2-24C6418284F9}.ReleaseTraining|Win32.ActiveCfg = Release|Win32
		{2B114BED-A19B-4BD5-9CA2-24C6418284F9}.ReleaseTraining|Win32.Build.0 = Release|Win32
		{2B114BED-A19B-4BD5-9CA2-24C6418284F9}.Test|Win32.ActiveCfg = Release|Win32
		{2B114BED-A19B-4BD5-9CA2-24C6418284F9}.Test|Win32.Build.0 = Release|Win32
		{26C677E6-BBA3-4406-9E10-CE856AAC42F2}.Debug|Win32.ActiveCfg = Debug|Win32
		{26C677E6-BBA3-4406-9E10-CE856AAC42F2}.Debug|Win32.Build.0 = Debug|Win32
		{26C677E6-BBA3-4406-9E10-CE856AAC42F2}.DebugTraining|Win32.ActiveCfg = Debug|Win32
		{26C677E6-BBA3-4406-9E10-CE856AAC42F2}.DebugTraining|Win32.Build.0 = Debug|Win32
		{26C677E6-BBA3-4406-9E10-CE856AAC42F2}.Release|Win32.ActiveCfg = Release|Win32
		{26C677E6-BBA3-4406-9E10-CE856AAC42F2}.Release|Win32.Build.0 = Release|Win32
		{26C677E6-BBA3-4406-9E10-CE856AAC42F2}.ReleaseBedrest|Win32.ActiveCfg = Release|Win32
		{26C677E6-BBA3-4406-9E10-CE856AAC42F2}.ReleaseBedrest|Win32.Build.0 = Release|Win32
		{26C677E6-BBA3-4406-9E10-CE856AAC42F2}.ReleaseDraft|Win32.ActiveCfg = Release|Win32
		{26C677E6-BBA3-4406-9E10-CE856AAC42F2}.ReleaseDraft|Win32.Build.0 = Release|Win32
		{26C677E6-BBA3-4406-9E10-CE856AAC42F2}.ReleaseTraining|Win32.ActiveCfg = Release|Win32
		{26C677E6-BBA3-4406-9E10-CE856AAC42F2}.ReleaseTraining|Win32.Build.0 = Release|Win32
		{26C677E6-BBA3-4406-9E10-CE856AAC42F2}.Test|Win32.ActiveCfg = Release|Win32
		{26C677E6-BBA3-4406-9E10-CE856AAC42F2}.Test|Win32.Build.0 = Release|Win32
		{415BAC9D-F0EF-42C3-88F7-7B1386DF49DE}.Debug|Win32.ActiveCfg = Debug|Win32
		{415BAC9D-F0EF-42C3-88F7-7B1386DF49DE}.Debug|Win32.Build.0 = Debug|Win32
		{415BAC9D-F0EF-42C3-88F7-7B1386DF49DE}.DebugTraining|Win32.ActiveCfg = Debug|Win32
		{415BAC9D-F0EF-42C3-88F7-7B1386DF49DE}.DebugTraining|Win32.Build.0 = Debug|Win32
		{415BAC9D-F0EF-42C3-88F7-7B1386DF49DE}.Release|Win32.ActiveCfg = Release|Win32
		{415BAC9D-F0EF-42C3-88F7-7B1386DF49DE}.Release|Win32.Build.0 = Release|Win32
		{415BAC9D-F0EF-42C3-88F7-7B1386DF49DE}.ReleaseBedrest|Win32.ActiveCfg = Release|Win32
		{415BAC9D-F0EF-42C3-88F7-7B1386DF49DE}.ReleaseBedrest|Win32.Build.0 = Release|Win32
		{415BAC9D-F0EF-42C3-88F7-7B1386DF49DE}.ReleaseDraft|Win32.ActiveCfg = Release|Win32
		{415BAC9D-F0EF-42C3-88F7-7B1386DF49DE}.ReleaseDraft|Win32.Build.0 = Release|Win32
		{415BAC9D-F0EF-42C3-88F7-7B1386DF49DE}.ReleaseTraining|Win32.ActiveCfg = Release|Win32
		{415BAC9D-F0EF-42C3-88F7-7B1386DF49DE}.ReleaseTraining|Win32.Build.0 = Release|Win32
		{415BAC9D-F0EF-42C3-88F7-7B1386DF49DE}.Test|Win32.ActiveCfg = Release|Win32
		{415BAC9D-F0EF-42C3-88F7-7B1386DF49DE}.Test|Win32.Build.0 = Release|Win32
		{4E1D5D41-A4BC-457C-BF2E-0A65272ABBA7}.Debug|Win32.ActiveCfg = Debug|Win32
		{4E1D5D41-A4BC-457C-BF2E-0A65272ABBA7}.Debug|Win32.Build.0 = Debug|Win32
		{4E1D5D41-A4BC-457C-BF2E-0A65272ABBA7}.DebugTraining|Win32.ActiveCfg = Debug|Win32
		{4E1D5D41-A4BC-457C-BF2E-0A65272ABBA7}.DebugTraining|Win32.Build.0 = Debug|Win32
		{4E1D5D41-A4BC-457C-BF2E-0A65272ABBA7}.Release|Win32.ActiveCfg = Release|Win32
		{4E1D5D41-A4BC-457C-BF2E-0A65272ABBA7}.Release|Win32.Build.0 = Release|Win32
		{4E1D5D41-A4BC-457C-BF2E-0A65272ABBA7}.ReleaseBedrest|Win32.ActiveCfg = Release|Win32
		{4E1D5D41-A4BC-457C-BF2E-0A65272ABBA7}.ReleaseBedrest|Win32.Build.0 = Release|Win32
		{4E1D5D41-A4BC-457C-BF2E-0A65272ABBA7}.ReleaseDraft|Win32.ActiveCfg = Release|Win32
		{4E1D5D41-A4BC-457C-BF2E-0A65272ABBA7}.ReleaseDraft|Win32.Build.0 = Release|Win32
		{4E1D5D41-A4BC-457C-BF2E-0A65272ABBA7}.ReleaseTraining|Win32.ActiveCfg = Release|Win32
		{4E1D5D41-A4BC-457C-BF2E-0A65272ABBA7}.ReleaseTraining|Win32.Build.0 = Release|Win32
		{4E1D5D41-A4BC-457C-BF2E-0A65272ABBA7}.Test|Win32.ActiveCfg = Release|Win32
		{4E1D5D41-A4BC-457C-BF2E-0A65272ABBA7}.Test|Win32.Build.0 = Release|Win32
		{C7F47A3E-3545-4460-9CB3-1E6A0B434BE0}.Debug|Win32.ActiveCfg = Debug|Win32
		{C7F47A3E-3545-4460-9CB3-1E6A0B434BE0}.Debug|Win32.Build.0 = Debug|Win32
		{C7F47A3E-3545-4460-9CB3-1E6A0B434BE0}.DebugTraining|Win32.ActiveCfg = Debug|Win32
		{C7F47A3E-3545-4460-9CB3-1E6A0B434BE0}.DebugTraining|Win32.Build.0 = Debug|Win32
		{C7F47A3E-3545-4460-9CB3-1E6A0B434BE0}.Release|Win32.ActiveCfg = Release|Win32
		{C7F47A3E-3545-4460-9CB3-1E6A0B434BE0}.Release|Win32.Build.0 = Release|Win32
		{C7F47A3E-3545-4460-9CB3-1E6A0B434BE0}.ReleaseBedrest|Win32.ActiveCfg = Release|Win32
		{C7F47A3E-3545-4460-9CB3-1E6A0B434BE0}.ReleaseBedrest|Win32.Build.0 = Release|Win32
		{C7F47A3E-3545-4460-9CB3-1E6A0B434BE0}.ReleaseDraft|Win32.ActiveCfg = Release|Win32
		{C7F47A3E-3545-4460-9CB3-1E6A0B434BE0}.ReleaseDraft|Win32.Build.0 = Release|Win32
		{C7F47A3E-3545-4460-9CB3-1E6A0B434BE0}.ReleaseTraining|Win32.ActiveCfg = Release|Win32
		{C7F47A3E-3545-4460-9CB3-1E6A0B434BE0}.ReleaseTraining|Win32.Build.0 = Release|Win32
		{C7F47A3E-3545-4460-9CB3-1E6A0B434BE0}.Test|Win32.ActiveCfg = Release|Win32
		{C7F47A3E-3545-4460-9CB3-1E6A0B434BE0}.Test|Win32.Build.0 = Release|Win32
		{F8AB8FA2-A247-457F-BA20-013A097A9BDF}.Debug|Win32.ActiveCfg = Debug|Win32
		{F8AB8FA2-A247-457F-BA20-013A097A9BDF}.Debug|Win32.Build.0 = Debug|Win32
		{F8AB8FA2-A247-457F-BA20-013A097A9BDF}.DebugTraining|Win32.ActiveCfg = Debug|Win32
		{F8AB8FA2-A247-457F-BA20-013A097A9BDF}.DebugTraining|Win32.Build.0 = Debug|Win32
		{F8AB8FA2-A247-457F-BA20-013A097A9BDF}.Release|Win32.ActiveCfg = Release|Win32
		{F8AB8FA2-A247-457F-BA20-013A097A9BDF}.Release|Win32.Build.0 = Release|Win32
		{F8AB8FA2-A247-457F-BA20-013A097A9BDF}.ReleaseBedrest|Win32.ActiveCfg = Release|Win32
		{F8AB8FA2-A247-457F-BA20-013A097A9BDF}.ReleaseBedrest|Win32.Build.0 = Release|Win32
		{F8AB8FA2-A247-457F-BA20-013A097A9BDF}.ReleaseDraft|Win32.ActiveCfg = Release|Win32
		{F8AB8FA2-A247-457F-BA20-013A097A9BDF}.ReleaseDraft|Win32.Build.0 = Release|Win32
		{F8AB8FA2-A247-457F-BA20-013A097A9BDF}.ReleaseTraining|Win32.ActiveCfg = Release|Win32
		{F8AB8FA2-A247-457F-BA20-013A097A9BDF}.ReleaseTraining|Win32.Build.0 = Release|Win32
		{F8AB8FA2-A247-457F-BA20-013A097A9BDF}.Test|Win32.ActiveCfg = Release|Win32
		{F8AB8FA2-A247-457F-BA20-013A097A9BDF}.Test|Win32.Build.0 = Release|Win32
		{8665AD10-4D79-40B8-B7A2-6109CF281573}.Debug|Win32.ActiveCfg = Debug|Win32
		{8665AD10-4D79-40B8-B7A2-6109CF281573}.Debug|Win32.Build.0 = Debug|Win32
		{8665AD10-4D79-40B8-B7A2-6109CF281573}.DebugTraining|Win32.ActiveCfg = Debug|Win32
		{8665AD10-4D79-40B8-B7A2-6109CF281573}.DebugTraining|Win32.Build.0 = Debug|Win32
		{8665AD10-4D79-40B8-B7A2-6109CF281573}.Release|Win32.ActiveCfg = Release|Win32
		{8665AD10-4D79-40B8-B7A2-6109CF281573}.Release|Win32.Build.0 = Release|Win32
		{8665AD10-4D79-40B8-B7A2-6109CF281573}.ReleaseBedrest|Win32.ActiveCfg = Release|Win32
		{8665AD10-4D79-40B8-B7A2-6109CF281573}.ReleaseBedrest|Win32.Build.0 = Release|Win32
		{8665AD10-4D79-40B8-B7A2-6109CF281573}.ReleaseDraft|Win32.ActiveCfg = Draft|Win32
		{8665AD10-4D79-40B8-B7A2-6109CF281573}.ReleaseDraft|Win32.Build.0 = Draft|Win32
		{8665AD10-4D79-40B8-B7A2-6109CF281573}.ReleaseTraining|Win32.ActiveCfg = Release|Win32
		{8665AD10-4D79-40B8-B7A2-6109CF281573}.ReleaseTraining|Win32.Build.0 = Release|Win32
		{8665AD10-4D79-40B8-B7A2-6109CF281573}.Test|Win32.ActiveCfg = Test|Win32
		{8665AD10-4D79-40B8-B7A2-6109CF281573}.Test|Win32.Build.0 = Test|Win32
		{D372AF87-B6C6-4007-B361-2DADA1A1C9D7}.Debug|Win32.ActiveCfg = Debug|Win32
		{D372AF87-B6C6-4007-B361-2DADA1A1C9D7}.Debug|Win32.Build.0 = Debug|Win32
		{D372AF87-B6C6-4007-B361-2DADA1A1C9D7}.DebugTraining|Win32.ActiveCfg = Debug|Win32
		{D372AF87-B6C6-4007-B361-2DADA1A1C9D7}.DebugTraining|Win32.Build.0 = Debug|Win32
		{D372AF87-B6C6-4007-B361-2DADA1A1C9D7}.Release|Win32.ActiveCfg = Release|Win32
		{D372AF87-B6C6-4007-B361-2DADA1A1C9D7}.Release|Win32.Build.0 = Release|Win32
		{D372AF87-B6C6-4007-B361-2DADA1A1C9D7}.ReleaseBedrest|Win32.ActiveCfg = Release|Win32
		{D372AF87-B6C6-4007-B361-2DADA1A1C9D7}.ReleaseBedrest|Win32.Build.0 = Release|Win32
		{D372AF87-B6C6-4007-B361-2DADA1A1C9D7}.ReleaseDraft|Win32.ActiveCfg = Release|Win32
		{D372AF87-B6C6-4007-B361-2DADA1A1C9D7}.ReleaseDraft|Win32.Build.0 = Release|Win32
		{D372AF87-B6C6-4007-B361-2DADA1A1C9D7}.ReleaseTraining|Win32.ActiveCfg = Release|Win32
		{D372AF87-B6C6-4007-B361-2DADA1A1C9D7}.ReleaseTraining|Win32.Build.0 = Release|Win32
		{D372AF87-B6C6-4007-B361-2DADA1A1C9D7}.Test|Win32.ActiveCfg = Release|Win32
		{D372AF87-B6C6-4007-B361-2DADA1A1C9D7}.Test|Win32.Build.0 = Release|Win32
		{240EE129-8610-4694-93D1-0A6FB2161E77}.Debug|Win32.ActiveCfg = Debug|Win32
		{240EE129-8610-4694-93D1-0A6FB2161E77}.Debug|Win32.Build.0 = Debug|Win32
		{240EE129-8610-4694-93D1-0A6FB2161E77}.DebugTraining|Win32.ActiveCfg = Debug|Win32
		{240EE129-8610-4694-93D1-0A6FB2161E77}.DebugTraining|Win32.Build.0 = Debug|Win32
		{240EE129-8610-4694-93D1-0A6FB2161E77}.Release|Win32.ActiveCfg = Release|Win32
		{240EE129-8610-4694-93D1-0A6FB2161E77}.Release|Win32.Build.0 = Release|Win32
		{240EE129-8610-4694-93D1-0A6FB2161E77}.ReleaseBedrest|Win32.ActiveCfg = Release|Win32
		{240EE129-8610-4694-93D1-0A6FB2161E77}.ReleaseBedrest|Win32.Build.0 = Release|Win32
		{240EE129-8610-4694-93D1-0A6FB2161E77}.ReleaseDraft|Win32.ActiveCfg = Release|Win32
		{240EE129-8610-4694-93D1-0A6FB2161E77}.ReleaseDraft|Win32.Build.0 = Release|Win32
		{240EE129-8610-4694-93D1-0A6FB2161E77}.ReleaseTraining|Win32.ActiveCfg = Release|Win32
		{240EE129-8610-4694-93D1-0A6FB2161E77}.ReleaseTraining|Win32.Build.0 = Release|Win32
		{240EE129-8610-4694-93D1-0A6FB2161E77}.Test|Win32.ActiveCfg = Release|Win32
		{240EE129-8610-4694-93D1-0A6FB2161E77}.Test|Win32.Build.0 = Release|Win32
		{6AD8B336-2D20-4E2A-9766-91B367578405}.Debug|Win32.ActiveCfg = Debug|Win32
		{6AD8B336-2D20-4E2A-9766-91B367578405}.Debug|Win32.Build.0 = Debug|Win32
		{6AD8B336-2D20-4E2A-9766-91B367578405}.DebugTraining|Win32.ActiveCfg = Debug|Win32
		{6AD8B336-2D20-4E2A-9766-91B367578405}.DebugTraining|Win32.Build.0 = Debug|Win32
		{6AD8B336-2D20-4E2A-9766-91B367578405}.Release|Win32.ActiveCfg = Release|Win32
		{6AD8B336-2D20-4E2A-9766-91B367578405}.Release|Win32.Build.0 = Release|Win32
		{6AD8B336-2D20-4E2A-9766-91B367578405}.ReleaseBedrest|Win32.ActiveCfg = Release|Win32
		{6AD8B336-2D20-4E2A-9766-91B367578405}.ReleaseBedrest|Win32.Build.0 = Release|Win32
		{6AD8B336-2D20-4E2A-9766-91B367578405}.ReleaseDraft|Win32.ActiveCfg = Release|Win32
		{6AD8B336-2D20-4E2A-9766-91B367578405}.ReleaseDraft|Win32.Build.0 = Release|Win32
		{6AD8B336-2D20-4E2A-9766-91B367578405}.ReleaseTraining|Win32.ActiveCfg = Release|Win32
		{6AD8B336-2D20-4E2A-9766-91B367578405}.ReleaseTraining|Win32.Build.0 = Release|Win32
		{6AD8B336-2D20-4E2A-9766-91B367578405}.Test|Win32.ActiveCfg = Release|Win32
		{6AD8B336-2D20-4E2A-9766-91B367578405}.Test|Win32.Build.0 = Release|Win32
		{4329F637-D4ED-43C3-B510-6E7CFC14BFA3}.Debug|Win32.ActiveCfg = Debug|Win32
		{4329F637-D4ED-43C3-B510-6E7CFC14BFA3}.Debug|Win32.Build.0 = Debug|Win32
		{4329F637-D4ED-43C3-B510-6E7CFC14BFA3}.DebugTraining|Win32.ActiveCfg = Debug|Win32
		{4329F637-D4ED-43C3-B510-6E7CFC14BFA3}.DebugTraining|Win32.Build.0 = Debug|Win32
		{4329F637-D4ED-43C3-B510-6E7CFC14BFA3}.Release|Win32.ActiveCfg = Release|Win32
		{4329F637-D4ED-43C3-B510-6E7CFC14BFA3}.Release|Win32.Build.0 = Release|Win32
		{4329F637-D4ED-43C3-B510-6E7CFC14BFA3}.ReleaseBedrest|Win32.ActiveCfg = Release|Win32
		{4329F637-D4ED-43C3-B510-6E7CFC14BFA3}.ReleaseBedrest|Win32.Build.0 = Release|Win32
		{4329F637-D4ED-43C3-B510-6E7CFC14BFA3}.ReleaseDraft|Win32.ActiveCfg = Release|Win32
		{4329F637-D4ED-43C3-B510-6E7CFC14BFA3}.ReleaseDraft|Win32.Build.0 = Release|Win32
		{4329F637-D4ED-43C3-B510-6E7CFC14BFA3}.ReleaseTraining|Win32.ActiveCfg = Release|Win32
		{4329F637-D4ED-43C3-B510-6E7CFC14BFA3}.ReleaseTraining|Win32.Build.0 = Release|Win32
		{4329F637-D4ED-43C3-B510-6E7CFC14BFA3}.Test|Win32.ActiveCfg = Release|Win32
		{4329F637-D4ED-43C3-B510-6E7CFC14BFA3}.Test|Win32.Build.0 = Release|Win32
		{22A5F628-DC55-43A9-A729-95BD524B7054}.Debug|Win32.ActiveCfg = Debug|Win32
		{22A5F628-DC55-43A9-A729-95BD524B7054}.Debug|Win32.Build.0 = Debug|Win32
		{22A5F628-DC55-43A9-A729-95BD524B7054}.DebugTraining|Win32.ActiveCfg = Debug|Win32
		{22A5F628-DC55-43A9-A729-95BD524B7054}.DebugTraining|Win32.Build.0 = Debug|Win32
		{22A5F628-DC55-43A9-A729-95BD524B7054}.Release|Win32.ActiveCfg = Release|Win32
		{22A5F628-DC55-43A9-A729-95BD524B7054}.Release|Win32.Build.0 = Release|Win32
		{22A5F628-DC55-43A9-A729-95BD524B7054}.ReleaseBedrest|Win32.ActiveCfg = Release|Win32
		{22A5F628-DC55-43A9-A729-95BD524B7054}.ReleaseBedrest|Win32.Build.0 = Release|Win32
		{22A5F628-DC55-43A9-A729-95BD524B7054}.ReleaseDraft|Win32.ActiveCfg = Release|Win32
		{22A5F628-DC55-43A9-A729-95BD524B7054}.ReleaseDraft|Win32.Build.0 = Release|Win32
		{22A5F628-DC55-43A9-A729-95BD524B7054}.ReleaseTraining|Win32.ActiveCfg = Release|Win32
		{22A5F628-DC55-43A9-A729-95BD524B7054}.ReleaseTraining|Win32.Build.0 = Release|Win32
		{22A5F628-DC55-43A9-A729-95BD524B7054}.Test|Win32.ActiveCfg = Release|Win32
		{22A5F628-DC55-43A9-A729-95BD524B7054}.Test|Win32.Build.0 = Release|Win32
		{EBCF095F-8685-4C8B-9778-502379D0DE58}.Debug|Win32.ActiveCfg = Debug|Win32
		{EBCF095F-8685-4C8B-9778-502379D0DE58}.Debug|Win32.Build.0 = Debug|Win32
		{EBCF095F-8685-4C8B-9778-502379D0DE58}.DebugTraining|Win32.ActiveCfg = Debug|Win32
		{EBCF095F-8685-4C8B-9778-502379D0DE58}.DebugTraining|Win32.Build.0 = Debug|Win32
		{EBCF095F-8685-4C8B-9778-502379D0DE58}.Release|Win32.ActiveCfg = Release|Win32
		{EBCF095F-8685-4C8B-9778-502379D0DE58}.Release|Win32.Build.0 = Release|Win32
		{EBCF095F-8685-4C8B-9778-502379D0DE58}.ReleaseBedrest|Win32.ActiveCfg = Release|Win32
		{EBCF095F-8685-4C8B-9778-502379D0DE58}.ReleaseBedrest|Win32.Build.0 = Release|Win32
		{EBCF095F-8685-4C8B-9778-502379D0DE58}.ReleaseDraft|Win32.ActiveCfg = Release|Win32
		{EBCF095F-8685-4C8B-9778-502379D0DE58}.ReleaseDraft|Win32.Build.0 = Release|Win32
		{EBCF095F-8685-4C8B-9778-502379D0DE58}.ReleaseTraining|Win32.ActiveCfg = Release|Win32
		{EBCF095F-8685-4C8B-9778-502379D0DE58}.ReleaseTraining|Win32.Build.0 = Release|Win32
		{EBCF095F-8685-4C8B-9778-502379D0DE58}.Test|Win32.ActiveCfg = Release|Win32
		{EBCF095F-8685-4C8B-9778-502379D0DE58}.Test|Win32.Build.0 = Release|Win32
		{00D4A7EE-D855-4F9A-98D5-F5081D3A444E}.Debug|Win32.ActiveCfg = Debug|Win32
		{00D4A7EE-D855-4F9A-98D5-F5081D3A444E}.Debug|Win32.Build.0 = Debug|Win32
		{00D4A7EE-D855-4F9A-98D5-F5081D3A444E}.DebugTraining|Win32.ActiveCfg = Debug|Win32
		{00D4A7EE-D855-4F9A-98D5-F5081D3A444E}.DebugTraining|Win32.Build.0 = Debug|Win32
		{00D4A7EE-D855-4F9A-98D5-F5081D3A444E}.Release|Win32.ActiveCfg = Release|Win32
		{00D4A7EE-D855-4F9A-98D5-F5081D3A444E}.Release|Win32.Build.0 = Release|Win32
		{00D4A7EE-D855-4F9A-98D5-F5081D3A444E}.ReleaseBedrest|Win32.ActiveCfg = Release|Win32
		{00D4A7EE-D855-4F9A-98D5-F5081D3A444E}.ReleaseBedrest|Win32.Build.0 = Release|Win32
		{00D4A7EE-D855-4F9A-98D5-F5081D3A444E}.ReleaseDraft|Win32.ActiveCfg = Release|Win32
		{00D4A7EE-D855-4F9A-98D5-F5081D3A444E}.ReleaseDraft|Win32.Build.0 = Release|Win32
		{00D4A7EE-D855-4F9A-98D5-F5081D3A444E}.ReleaseTraining|Win32.ActiveCfg = Release|Win32
		{00D4A7EE-D855-4F9A-98D5-F5081D3A444E}.ReleaseTraining|Win32.Build.0 = Release|Win32
		{00D4A7EE-D855-4F9A-98D5-F5081D3A444E}.Test|Win32.ActiveCfg = Release|Win32
		{00D4A7EE-D855-4F9A-98D5-F5081D3A444E}.Test|Win32.Build.0 = Release|Win32
	EndGlobalSection
	GlobalSection(SolutionProperties) = preSolution
		HideSolutionNode = FALSE
	EndGlobalSection
EndGlobal
