<?xml version="1.0" encoding="utf-8"?>
<Project ToolsVersion="4.0" xmlns="http://schemas.microsoft.com/developer/msbuild/2003">
  <ItemGroup>
    <None Include="..\..\GraspReleases.log" />
    <None Include="ReleaseGraspMMI.bat" />
    <None Include="ReleaseGraspMMIDebug.mak" />
    <None Include="ReleaseGraspMMIDraft.mak" />
    <None Include="ReleaseGraspMMIRelease.mak" />
    <None Include="GraspMMI_Installation_Instructions.txt" />
  </ItemGroup>
</Project>