<?xml version="1.0" encoding="utf-8"?>
<Project ToolsVersion="4.0" xmlns="http://schemas.microsoft.com/developer/msbuild/2003">
  <ItemGroup>
    <ClInclude Include="DexServices.h" />
    <ClInclude Include="TMdata.h" />
  </ItemGroup>
  <ItemGroup>
    <ClCompile Include="DexServices.cpp" />
    <ClCompile Include="TMdata.cpp" />
  </ItemGroup>
</Project>