<?xml version="1.0" encoding="utf-8"?>
<Project ToolsVersion="4.0" xmlns="http://schemas.microsoft.com/developer/msbuild/2003">
  <ItemGroup>
    <Filter Include="Library Files">
      <UniqueIdentifier>{ae84d780-0739-465b-820a-f85cfac30e1d}</UniqueIdentifier>
    </Filter>
  </ItemGroup>
  <ItemGroup>
    <ClInclude Include="GraspGLObjects.h" />
    <ClInclude Include="GraspVR.h" />
    <ClInclude Include="Stdafx.h" />
    <ClInclude Include="GraspTrackers.h" />
    <ClInclude Include="GraspDisplays.h" />
  </ItemGroup>
  <ItemGroup>
    <ClCompile Include="GraspGLObjects.cpp" />
    <ClCompile Include="GraspVR.cpp" />
    <ClCompile Include="Stdafx.cpp" />
    <ClCompile Include="GraspTrackers.cpp" />
    <ClCompile Include="GraspOculusDisplay.cpp" />
    <ClCompile Include="GraspWindowsDisplay.cpp" />
  </ItemGroup>
  <ItemGroup>
    <None Include="ReadMe.txt" />
  </ItemGroup>
  <ItemGroup>
    <Library Include="..\Lib\GLAUX.LIB">
      <Filter>Library Files</Filter>
    </Library>
    <Library Include="..\Lib\GLU32.LIB">
      <Filter>Library Files</Filter>
    </Library>
  </ItemGroup>
</Project>